
Microsoft Visual Studio Solution File, Format Version 11.00
# Visual Studio 2010
Project("{FAE04EC0-301F-11D3-BF4B-00C04F79EFBC}") = "Mono.WebServer.FastCgi", "Mono.WebServer.FastCgi\Mono.WebServer.FastCgi.csproj", "{EAA9511D-7086-4B7C-A9D2-6F76B6E58912}"
EndProject
Project("{FAE04EC0-301F-11D3-BF4B-00C04F79EFBC}") = "Wammer.Station", "Wammer.Station\Wammer.Station.csproj", "{8B7B8DB7-8465-42EE-A807-D55482D8502B}"
EndProject
Project("{54435603-DBB4-11D2-8724-00A0C9A8B90C}") = "Installation", "Installation\Installation.vdproj", "{BDEB2D57-74F0-4FF6-9C2E-FB0639E471A1}"
EndProject
Project("{FAE04EC0-301F-11D3-BF4B-00C04F79EFBC}") = "InstallHelper", "InstallHelper\InstallHelper.csproj", "{4038B794-20B1-49F4-A1E9-EA35CA32582C}"
EndProject
Project("{FAE04EC0-301F-11D3-BF4B-00C04F79EFBC}") = "UT_WammerStation", "UT_WammerStation\UT_WammerStation.csproj", "{B57BA18E-AFAF-4CCE-A71C-A2B2D0BD27AA}"
EndProject
Project("{2150E333-8FDC-42A3-9474-1A3956D46DE8}") = "Solution Items", "Solution Items", "{4981BF57-6935-45EE-9560-886C29987A0A}"
	ProjectSection(SolutionItems) = preProject
		Local.testsettings = Local.testsettings
		TraceAndTestImpact.testsettings = TraceAndTestImpact.testsettings
		Wammer-win-station.vsmdi = Wammer-win-station.vsmdi
	EndProjectSection
EndProject
Global
	GlobalSection(TestCaseManagementSettings) = postSolution
		CategoryFile = Wammer-win-station.vsmdi
	EndGlobalSection
	GlobalSection(SolutionConfigurationPlatforms) = preSolution
		CD_ROM|Any CPU = CD_ROM|Any CPU
		CD_ROM|Mixed Platforms = CD_ROM|Mixed Platforms
		CD_ROM|x86 = CD_ROM|x86
		Debug|Any CPU = Debug|Any CPU
		Debug|Mixed Platforms = Debug|Mixed Platforms
		Debug|x86 = Debug|x86
		DVD-5|Any CPU = DVD-5|Any CPU
		DVD-5|Mixed Platforms = DVD-5|Mixed Platforms
		DVD-5|x86 = DVD-5|x86
		Release|Any CPU = Release|Any CPU
		Release|Mixed Platforms = Release|Mixed Platforms
		Release|x86 = Release|x86
		SingleImage|Any CPU = SingleImage|Any CPU
		SingleImage|Mixed Platforms = SingleImage|Mixed Platforms
		SingleImage|x86 = SingleImage|x86
	EndGlobalSection
	GlobalSection(ProjectConfigurationPlatforms) = postSolution
		{EAA9511D-7086-4B7C-A9D2-6F76B6E58912}.CD_ROM|Any CPU.ActiveCfg = Release|Any CPU
		{EAA9511D-7086-4B7C-A9D2-6F76B6E58912}.CD_ROM|Any CPU.Build.0 = Release|Any CPU
		{EAA9511D-7086-4B7C-A9D2-6F76B6E58912}.CD_ROM|Mixed Platforms.ActiveCfg = Release|Any CPU
		{EAA9511D-7086-4B7C-A9D2-6F76B6E58912}.CD_ROM|Mixed Platforms.Build.0 = Release|Any CPU
		{EAA9511D-7086-4B7C-A9D2-6F76B6E58912}.CD_ROM|x86.ActiveCfg = Release|Any CPU
		{EAA9511D-7086-4B7C-A9D2-6F76B6E58912}.Debug|Any CPU.ActiveCfg = Debug|Any CPU
		{EAA9511D-7086-4B7C-A9D2-6F76B6E58912}.Debug|Any CPU.Build.0 = Debug|Any CPU
		{EAA9511D-7086-4B7C-A9D2-6F76B6E58912}.Debug|Mixed Platforms.ActiveCfg = Debug|Any CPU
		{EAA9511D-7086-4B7C-A9D2-6F76B6E58912}.Debug|Mixed Platforms.Build.0 = Debug|Any CPU
		{EAA9511D-7086-4B7C-A9D2-6F76B6E58912}.Debug|x86.ActiveCfg = Debug|Any CPU
		{EAA9511D-7086-4B7C-A9D2-6F76B6E58912}.DVD-5|Any CPU.ActiveCfg = Debug|Any CPU
		{EAA9511D-7086-4B7C-A9D2-6F76B6E58912}.DVD-5|Any CPU.Build.0 = Debug|Any CPU
		{EAA9511D-7086-4B7C-A9D2-6F76B6E58912}.DVD-5|Mixed Platforms.ActiveCfg = Debug|Any CPU
		{EAA9511D-7086-4B7C-A9D2-6F76B6E58912}.DVD-5|Mixed Platforms.Build.0 = Debug|Any CPU
		{EAA9511D-7086-4B7C-A9D2-6F76B6E58912}.DVD-5|x86.ActiveCfg = Debug|Any CPU
		{EAA9511D-7086-4B7C-A9D2-6F76B6E58912}.Release|Any CPU.ActiveCfg = Release|Any CPU
		{EAA9511D-7086-4B7C-A9D2-6F76B6E58912}.Release|Any CPU.Build.0 = Release|Any CPU
		{EAA9511D-7086-4B7C-A9D2-6F76B6E58912}.Release|Mixed Platforms.ActiveCfg = Release|Any CPU
		{EAA9511D-7086-4B7C-A9D2-6F76B6E58912}.Release|Mixed Platforms.Build.0 = Release|Any CPU
		{EAA9511D-7086-4B7C-A9D2-6F76B6E58912}.Release|x86.ActiveCfg = Release|Any CPU
		{EAA9511D-7086-4B7C-A9D2-6F76B6E58912}.SingleImage|Any CPU.ActiveCfg = Release|Any CPU
		{EAA9511D-7086-4B7C-A9D2-6F76B6E58912}.SingleImage|Any CPU.Build.0 = Release|Any CPU
		{EAA9511D-7086-4B7C-A9D2-6F76B6E58912}.SingleImage|Mixed Platforms.ActiveCfg = Release|Any CPU
		{EAA9511D-7086-4B7C-A9D2-6F76B6E58912}.SingleImage|Mixed Platforms.Build.0 = Release|Any CPU
		{EAA9511D-7086-4B7C-A9D2-6F76B6E58912}.SingleImage|x86.ActiveCfg = Release|Any CPU
		{8B7B8DB7-8465-42EE-A807-D55482D8502B}.CD_ROM|Any CPU.ActiveCfg = Release|x86
		{8B7B8DB7-8465-42EE-A807-D55482D8502B}.CD_ROM|Mixed Platforms.ActiveCfg = Release|x86
		{8B7B8DB7-8465-42EE-A807-D55482D8502B}.CD_ROM|Mixed Platforms.Build.0 = Release|x86
		{8B7B8DB7-8465-42EE-A807-D55482D8502B}.CD_ROM|x86.ActiveCfg = Release|x86
		{8B7B8DB7-8465-42EE-A807-D55482D8502B}.CD_ROM|x86.Build.0 = Release|x86
		{8B7B8DB7-8465-42EE-A807-D55482D8502B}.Debug|Any CPU.ActiveCfg = Debug|x86
		{8B7B8DB7-8465-42EE-A807-D55482D8502B}.Debug|Mixed Platforms.ActiveCfg = Debug|x86
		{8B7B8DB7-8465-42EE-A807-D55482D8502B}.Debug|Mixed Platforms.Build.0 = Debug|x86
		{8B7B8DB7-8465-42EE-A807-D55482D8502B}.Debug|x86.ActiveCfg = Debug|x86
		{8B7B8DB7-8465-42EE-A807-D55482D8502B}.Debug|x86.Build.0 = Debug|x86
		{8B7B8DB7-8465-42EE-A807-D55482D8502B}.DVD-5|Any CPU.ActiveCfg = Debug|x86
		{8B7B8DB7-8465-42EE-A807-D55482D8502B}.DVD-5|Mixed Platforms.ActiveCfg = Debug|x86
		{8B7B8DB7-8465-42EE-A807-D55482D8502B}.DVD-5|Mixed Platforms.Build.0 = Debug|x86
		{8B7B8DB7-8465-42EE-A807-D55482D8502B}.DVD-5|x86.ActiveCfg = Debug|x86
		{8B7B8DB7-8465-42EE-A807-D55482D8502B}.DVD-5|x86.Build.0 = Debug|x86
		{8B7B8DB7-8465-42EE-A807-D55482D8502B}.Release|Any CPU.ActiveCfg = Release|x86
		{8B7B8DB7-8465-42EE-A807-D55482D8502B}.Release|Mixed Platforms.ActiveCfg = Release|x86
		{8B7B8DB7-8465-42EE-A807-D55482D8502B}.Release|Mixed Platforms.Build.0 = Release|x86
		{8B7B8DB7-8465-42EE-A807-D55482D8502B}.Release|x86.ActiveCfg = Release|x86
		{8B7B8DB7-8465-42EE-A807-D55482D8502B}.Release|x86.Build.0 = Release|x86
		{8B7B8DB7-8465-42EE-A807-D55482D8502B}.SingleImage|Any CPU.ActiveCfg = Release|x86
		{8B7B8DB7-8465-42EE-A807-D55482D8502B}.SingleImage|Mixed Platforms.ActiveCfg = Release|x86
		{8B7B8DB7-8465-42EE-A807-D55482D8502B}.SingleImage|Mixed Platforms.Build.0 = Release|x86
		{8B7B8DB7-8465-42EE-A807-D55482D8502B}.SingleImage|x86.ActiveCfg = Release|x86
		{8B7B8DB7-8465-42EE-A807-D55482D8502B}.SingleImage|x86.Build.0 = Release|x86
		{BDEB2D57-74F0-4FF6-9C2E-FB0639E471A1}.CD_ROM|Any CPU.ActiveCfg = Release
		{BDEB2D57-74F0-4FF6-9C2E-FB0639E471A1}.CD_ROM|Any CPU.Build.0 = Release
		{BDEB2D57-74F0-4FF6-9C2E-FB0639E471A1}.CD_ROM|Mixed Platforms.ActiveCfg = Release
		{BDEB2D57-74F0-4FF6-9C2E-FB0639E471A1}.CD_ROM|Mixed Platforms.Build.0 = Release
		{BDEB2D57-74F0-4FF6-9C2E-FB0639E471A1}.CD_ROM|x86.ActiveCfg = Release
		{BDEB2D57-74F0-4FF6-9C2E-FB0639E471A1}.CD_ROM|x86.Build.0 = Release
		{BDEB2D57-74F0-4FF6-9C2E-FB0639E471A1}.Debug|Any CPU.ActiveCfg = Debug
		{BDEB2D57-74F0-4FF6-9C2E-FB0639E471A1}.Debug|Any CPU.Build.0 = Debug
		{BDEB2D57-74F0-4FF6-9C2E-FB0639E471A1}.Debug|Mixed Platforms.ActiveCfg = Debug
		{BDEB2D57-74F0-4FF6-9C2E-FB0639E471A1}.Debug|x86.ActiveCfg = Debug
		{BDEB2D57-74F0-4FF6-9C2E-FB0639E471A1}.Debug|x86.Build.0 = Debug
		{BDEB2D57-74F0-4FF6-9C2E-FB0639E471A1}.DVD-5|Any CPU.ActiveCfg = Debug
		{BDEB2D57-74F0-4FF6-9C2E-FB0639E471A1}.DVD-5|Any CPU.Build.0 = Debug
		{BDEB2D57-74F0-4FF6-9C2E-FB0639E471A1}.DVD-5|Mixed Platforms.ActiveCfg = Debug
		{BDEB2D57-74F0-4FF6-9C2E-FB0639E471A1}.DVD-5|Mixed Platforms.Build.0 = Debug
		{BDEB2D57-74F0-4FF6-9C2E-FB0639E471A1}.DVD-5|x86.ActiveCfg = Debug
		{BDEB2D57-74F0-4FF6-9C2E-FB0639E471A1}.DVD-5|x86.Build.0 = Debug
		{BDEB2D57-74F0-4FF6-9C2E-FB0639E471A1}.Release|Any CPU.ActiveCfg = Release
		{BDEB2D57-74F0-4FF6-9C2E-FB0639E471A1}.Release|Any CPU.Build.0 = Release
		{BDEB2D57-74F0-4FF6-9C2E-FB0639E471A1}.Release|Mixed Platforms.ActiveCfg = Release
		{BDEB2D57-74F0-4FF6-9C2E-FB0639E471A1}.Release|Mixed Platforms.Build.0 = Release
		{BDEB2D57-74F0-4FF6-9C2E-FB0639E471A1}.Release|x86.ActiveCfg = Release
		{BDEB2D57-74F0-4FF6-9C2E-FB0639E471A1}.Release|x86.Build.0 = Release
		{BDEB2D57-74F0-4FF6-9C2E-FB0639E471A1}.SingleImage|Any CPU.ActiveCfg = Release
		{BDEB2D57-74F0-4FF6-9C2E-FB0639E471A1}.SingleImage|Any CPU.Build.0 = Release
		{BDEB2D57-74F0-4FF6-9C2E-FB0639E471A1}.SingleImage|Mixed Platforms.ActiveCfg = Release
		{BDEB2D57-74F0-4FF6-9C2E-FB0639E471A1}.SingleImage|Mixed Platforms.Build.0 = Release
		{BDEB2D57-74F0-4FF6-9C2E-FB0639E471A1}.SingleImage|x86.ActiveCfg = Release
		{BDEB2D57-74F0-4FF6-9C2E-FB0639E471A1}.SingleImage|x86.Build.0 = Release
		{4038B794-20B1-49F4-A1E9-EA35CA32582C}.CD_ROM|Any CPU.ActiveCfg = Release|Any CPU
		{4038B794-20B1-49F4-A1E9-EA35CA32582C}.CD_ROM|Any CPU.Build.0 = Release|Any CPU
		{4038B794-20B1-49F4-A1E9-EA35CA32582C}.CD_ROM|Mixed Platforms.ActiveCfg = Release|Any CPU
		{4038B794-20B1-49F4-A1E9-EA35CA32582C}.CD_ROM|Mixed Platforms.Build.0 = Release|Any CPU
		{4038B794-20B1-49F4-A1E9-EA35CA32582C}.CD_ROM|x86.ActiveCfg = Release|Any CPU
		{4038B794-20B1-49F4-A1E9-EA35CA32582C}.Debug|Any CPU.ActiveCfg = Debug|Any CPU
		{4038B794-20B1-49F4-A1E9-EA35CA32582C}.Debug|Any CPU.Build.0 = Debug|Any CPU
		{4038B794-20B1-49F4-A1E9-EA35CA32582C}.Debug|Mixed Platforms.ActiveCfg = Debug|Any CPU
		{4038B794-20B1-49F4-A1E9-EA35CA32582C}.Debug|Mixed Platforms.Build.0 = Debug|Any CPU
		{4038B794-20B1-49F4-A1E9-EA35CA32582C}.Debug|x86.ActiveCfg = Debug|Any CPU
		{4038B794-20B1-49F4-A1E9-EA35CA32582C}.DVD-5|Any CPU.ActiveCfg = Debug|Any CPU
		{4038B794-20B1-49F4-A1E9-EA35CA32582C}.DVD-5|Any CPU.Build.0 = Debug|Any CPU
		{4038B794-20B1-49F4-A1E9-EA35CA32582C}.DVD-5|Mixed Platforms.ActiveCfg = Debug|Any CPU
		{4038B794-20B1-49F4-A1E9-EA35CA32582C}.DVD-5|Mixed Platforms.Build.0 = Debug|Any CPU
		{4038B794-20B1-49F4-A1E9-EA35CA32582C}.DVD-5|x86.ActiveCfg = Debug|Any CPU
		{4038B794-20B1-49F4-A1E9-EA35CA32582C}.Release|Any CPU.ActiveCfg = Release|Any CPU
		{4038B794-20B1-49F4-A1E9-EA35CA32582C}.Release|Any CPU.Build.0 = Release|Any CPU
		{4038B794-20B1-49F4-A1E9-EA35CA32582C}.Release|Mixed Platforms.ActiveCfg = Release|Any CPU
		{4038B794-20B1-49F4-A1E9-EA35CA32582C}.Release|Mixed Platforms.Build.0 = Release|Any CPU
		{4038B794-20B1-49F4-A1E9-EA35CA32582C}.Release|x86.ActiveCfg = Release|Any CPU
		{4038B794-20B1-49F4-A1E9-EA35CA32582C}.SingleImage|Any CPU.ActiveCfg = Release|Any CPU
		{4038B794-20B1-49F4-A1E9-EA35CA32582C}.SingleImage|Any CPU.Build.0 = Release|Any CPU
		{4038B794-20B1-49F4-A1E9-EA35CA32582C}.SingleImage|Mixed Platforms.ActiveCfg = Release|Any CPU
		{4038B794-20B1-49F4-A1E9-EA35CA32582C}.SingleImage|Mixed Platforms.Build.0 = Release|Any CPU
		{4038B794-20B1-49F4-A1E9-EA35CA32582C}.SingleImage|x86.ActiveCfg = Release|Any CPU
		{B57BA18E-AFAF-4CCE-A71C-A2B2D0BD27AA}.CD_ROM|Any CPU.ActiveCfg = Release|Any CPU
		{B57BA18E-AFAF-4CCE-A71C-A2B2D0BD27AA}.CD_ROM|Any CPU.Build.0 = Release|Any CPU
		{B57BA18E-AFAF-4CCE-A71C-A2B2D0BD27AA}.CD_ROM|Mixed Platforms.ActiveCfg = Release|Any CPU
		{B57BA18E-AFAF-4CCE-A71C-A2B2D0BD27AA}.CD_ROM|Mixed Platforms.Build.0 = Release|Any CPU
		{B57BA18E-AFAF-4CCE-A71C-A2B2D0BD27AA}.CD_ROM|x86.ActiveCfg = Release|Any CPU
		{B57BA18E-AFAF-4CCE-A71C-A2B2D0BD27AA}.Debug|Any CPU.ActiveCfg = Debug|Any CPU
		{B57BA18E-AFAF-4CCE-A71C-A2B2D0BD27AA}.Debug|Any CPU.Build.0 = Debug|Any CPU
		{B57BA18E-AFAF-4CCE-A71C-A2B2D0BD27AA}.Debug|Mixed Platforms.ActiveCfg = Debug|Any CPU
		{B57BA18E-AFAF-4CCE-A71C-A2B2D0BD27AA}.Debug|Mixed Platforms.Build.0 = Debug|Any CPU
		{B57BA18E-AFAF-4CCE-A71C-A2B2D0BD27AA}.Debug|x86.ActiveCfg = Debug|Any CPU
		{B57BA18E-AFAF-4CCE-A71C-A2B2D0BD27AA}.DVD-5|Any CPU.ActiveCfg = Debug|Any CPU
		{B57BA18E-AFAF-4CCE-A71C-A2B2D0BD27AA}.DVD-5|Any CPU.Build.0 = Debug|Any CPU
		{B57BA18E-AFAF-4CCE-A71C-A2B2D0BD27AA}.DVD-5|Mixed Platforms.ActiveCfg = Debug|Any CPU
		{B57BA18E-AFAF-4CCE-A71C-A2B2D0BD27AA}.DVD-5|Mixed Platforms.Build.0 = Debug|Any CPU
		{B57BA18E-AFAF-4CCE-A71C-A2B2D0BD27AA}.DVD-5|x86.ActiveCfg = Debug|Any CPU
		{B57BA18E-AFAF-4CCE-A71C-A2B2D0BD27AA}.Release|Any CPU.ActiveCfg = Release|Any CPU
		{B57BA18E-AFAF-4CCE-A71C-A2B2D0BD27AA}.Release|Any CPU.Build.0 = Release|Any CPU
		{B57BA18E-AFAF-4CCE-A71C-A2B2D0BD27AA}.Release|Mixed Platforms.ActiveCfg = Release|Any CPU
		{B57BA18E-AFAF-4CCE-A71C-A2B2D0BD27AA}.Release|Mixed Platforms.Build.0 = Release|Any CPU
		{B57BA18E-AFAF-4CCE-A71C-A2B2D0BD27AA}.Release|x86.ActiveCfg = Release|Any CPU
		{B57BA18E-AFAF-4CCE-A71C-A2B2D0BD27AA}.SingleImage|Any CPU.ActiveCfg = Release|Any CPU
		{B57BA18E-AFAF-4CCE-A71C-A2B2D0BD27AA}.SingleImage|Any CPU.Build.0 = Release|Any CPU
		{B57BA18E-AFAF-4CCE-A71C-A2B2D0BD27AA}.SingleImage|Mixed Platforms.ActiveCfg = Release|Any CPU
		{B57BA18E-AFAF-4CCE-A71C-A2B2D0BD27AA}.SingleImage|Mixed Platforms.Build.0 = Release|Any CPU
		{B57BA18E-AFAF-4CCE-A71C-A2B2D0BD27AA}.SingleImage|x86.ActiveCfg = Release|Any CPU
	EndGlobalSection
	GlobalSection(SolutionProperties) = preSolution
		HideSolutionNode = FALSE
	EndGlobalSection
EndGlobal
