
Microsoft Visual Studio Solution File, Format Version 11.00
# Visual Studio 2010
Project("{2150E333-8FDC-42A3-9474-1A3956D46DE8}") = "Solution Items", "Solution Items", "{4981BF57-6935-45EE-9560-886C29987A0A}"
	ProjectSection(SolutionItems) = preProject
		Local.testsettings = Local.testsettings
		TraceAndTestImpact.testsettings = TraceAndTestImpact.testsettings
		Wammer-win-station.vsmdi = Wammer-win-station.vsmdi
	EndProjectSection
EndProject
Project("{2150E333-8FDC-42A3-9474-1A3956D46DE8}") = "Station", "Station", "{B7B3F6C7-0019-4EAA-9A3A-00BC0997D6A6}"
EndProject
Project("{FAE04EC0-301F-11D3-BF4B-00C04F79EFBC}") = "Wammer.Station.Service", "Station\Wammer.Station.Service\Wammer.Station.Service.csproj", "{C7B8A613-B0D8-49B4-B232-54A222E0095C}"
EndProject
Project("{FAE04EC0-301F-11D3-BF4B-00C04F79EFBC}") = "UT_WammerStation", "Station\UT_WammerStation\UT_WammerStation.csproj", "{B57BA18E-AFAF-4CCE-A71C-A2B2D0BD27AA}"
EndProject
Project("{2150E333-8FDC-42A3-9474-1A3956D46DE8}") = "Client", "Client", "{ACCFEFD0-E8B2-42FC-8DA6-CADBCCB9B0F7}"
EndProject
Project("{FAE04EC0-301F-11D3-BF4B-00C04F79EFBC}") = "Wammer", "Client\Wammer\Wammer.csproj", "{2CFFCA13-B00A-4605-B6A4-D49A616CFCB4}"
EndProject
Project("{FAE04EC0-301F-11D3-BF4B-00C04F79EFBC}") = "Wammer Helper", "Client\Wammer Helper\Wammer Helper.csproj", "{DAE8EDAE-A615-4C45-BA67-6D32454938CD}"
EndProject
Project("{FAE04EC0-301F-11D3-BF4B-00C04F79EFBC}") = "HTMLEditorControl", "Client\Libs\HtmlEditorControl\HTMLEditorControl.csproj", "{5873DE0F-6853-4C8E-91A4-7A6861069A9A}"
EndProject
Project("{2150E333-8FDC-42A3-9474-1A3956D46DE8}") = "Setup", "Setup", "{D0C07C12-52E8-4171-83D5-66660A089341}"
EndProject
Project("{FAE04EC0-301F-11D3-BF4B-00C04F79EFBC}") = "Assembler", "Setup\Assembler\Assembler.csproj", "{973E45FC-0ABC-4438-8181-DF93FB683429}"
	ProjectSection(ProjectDependencies) = postProject
		{B41B2A00-165A-45B6-9DD2-CDB0F22A4782} = {B41B2A00-165A-45B6-9DD2-CDB0F22A4782}
		{59FA1002-03AE-4DDA-B625-267576FA629A} = {59FA1002-03AE-4DDA-B625-267576FA629A}
		{AE08C46E-B542-43D1-BBF5-2D555ED9C1B2} = {AE08C46E-B542-43D1-BBF5-2D555ED9C1B2}
		{881346D4-D910-4A6D-8B52-98B7D9759A85} = {881346D4-D910-4A6D-8B52-98B7D9759A85}
	EndProjectSection
EndProject
Project("{FAE04EC0-301F-11D3-BF4B-00C04F79EFBC}") = "Gui", "Setup\Gui\Gui.csproj", "{B41B2A00-165A-45B6-9DD2-CDB0F22A4782}"
	ProjectSection(ProjectDependencies) = postProject
		{881346D4-D910-4A6D-8B52-98B7D9759A85} = {881346D4-D910-4A6D-8B52-98B7D9759A85}
	EndProjectSection
EndProject
Project("{8BC9CEB8-8B4A-11D0-8D11-00A0C91BC942}") = "IntermediateBootstrapper", "Setup\IntermediateBootstrapper\IntermediateBootstrapper.vcxproj", "{AE08C46E-B542-43D1-BBF5-2D555ED9C1B2}"
EndProject
Project("{930C7802-8A8C-48F9-8165-68863BCCD9DD}") = "Package", "Setup\Package\Package.wixproj", "{59FA1002-03AE-4DDA-B625-267576FA629A}"
	ProjectSection(ProjectDependencies) = postProject
		{B41B2A00-165A-45B6-9DD2-CDB0F22A4782} = {B41B2A00-165A-45B6-9DD2-CDB0F22A4782}
		{881346D4-D910-4A6D-8B52-98B7D9759A85} = {881346D4-D910-4A6D-8B52-98B7D9759A85}
	EndProjectSection
EndProject
Project("{FAE04EC0-301F-11D3-BF4B-00C04F79EFBC}") = "Translation", "Setup\Translation\Translation.csproj", "{881346D4-D910-4A6D-8B52-98B7D9759A85}"
EndProject
Project("{FAE04EC0-301F-11D3-BF4B-00C04F79EFBC}") = "InstallHelper", "Setup\InstallHelper\InstallHelper.csproj", "{192BFACE-1568-4AEC-BFB9-1423D7783036}"
EndProject
Project("{FAE04EC0-301F-11D3-BF4B-00C04F79EFBC}") = "Wammer.Station.Management", "Station\Wammer.Station.Management\Wammer.Station.Management.csproj", "{87C11605-FDC7-444E-9C9D-4E1743182B6F}"
EndProject
Project("{FAE04EC0-301F-11D3-BF4B-00C04F79EFBC}") = "StationSetup", "Client\StationSetup\StationSetup.csproj", "{F28E6912-415E-4808-B973-F0E19B31EEB6}"
EndProject
Project("{FAE04EC0-301F-11D3-BF4B-00C04F79EFBC}") = "Localizer", "Client\Libs\Waveface.Localization.Editor\Localizer\Localizer.csproj", "{CD587988-F28E-45CE-8619-86804A6C79D7}"
EndProject
Project("{FAE04EC0-301F-11D3-BF4B-00C04F79EFBC}") = "TestUploadImage", "Station\TestUploadImage\TestUploadImage.csproj", "{16EBC016-5750-4D60-951C-FFB38E30C566}"
EndProject
Project("{FAE04EC0-301F-11D3-BF4B-00C04F79EFBC}") = "TestGetLatestPost", "Station\TestGetLatestPost\TestGetLatestPost.csproj", "{7A467A6A-7037-4C65-80FE-3462B820221B}"
EndProject
Project("{FAE04EC0-301F-11D3-BF4B-00C04F79EFBC}") = "TestAttachmentView", "Station\TestAttachmentView\TestAttachmentView.csproj", "{91022CC7-3D0A-43C1-A3E4-C660071FC588}"
EndProject
Project("{FAE04EC0-301F-11D3-BF4B-00C04F79EFBC}") = "StationSystemTray", "Station\StationSystemTray\StationSystemTray.csproj", "{38C6E1F7-C0F0-4513-AAF5-B075E5F420B9}"
EndProject
Global
	GlobalSection(TestCaseManagementSettings) = postSolution
		CategoryFile = Wammer-win-station.vsmdi
	EndGlobalSection
	GlobalSection(SolutionConfigurationPlatforms) = preSolution
		CD_ROM|Any CPU = CD_ROM|Any CPU
		CD_ROM|Mixed Platforms = CD_ROM|Mixed Platforms
		CD_ROM|Win32 = CD_ROM|Win32
		CD_ROM|x86 = CD_ROM|x86
		Debug|Any CPU = Debug|Any CPU
		Debug|Mixed Platforms = Debug|Mixed Platforms
		Debug|Win32 = Debug|Win32
		Debug|x86 = Debug|x86
		DVD-5|Any CPU = DVD-5|Any CPU
		DVD-5|Mixed Platforms = DVD-5|Mixed Platforms
		DVD-5|Win32 = DVD-5|Win32
		DVD-5|x86 = DVD-5|x86
		Release|Any CPU = Release|Any CPU
		Release|Mixed Platforms = Release|Mixed Platforms
		Release|Win32 = Release|Win32
		Release|x86 = Release|x86
		SingleImage|Any CPU = SingleImage|Any CPU
		SingleImage|Mixed Platforms = SingleImage|Mixed Platforms
		SingleImage|Win32 = SingleImage|Win32
		SingleImage|x86 = SingleImage|x86
	EndGlobalSection
	GlobalSection(ProjectConfigurationPlatforms) = postSolution
		{C7B8A613-B0D8-49B4-B232-54A222E0095C}.CD_ROM|Any CPU.ActiveCfg = Release|Any CPU
		{C7B8A613-B0D8-49B4-B232-54A222E0095C}.CD_ROM|Any CPU.Build.0 = Release|Any CPU
		{C7B8A613-B0D8-49B4-B232-54A222E0095C}.CD_ROM|Mixed Platforms.ActiveCfg = Release|Any CPU
		{C7B8A613-B0D8-49B4-B232-54A222E0095C}.CD_ROM|Mixed Platforms.Build.0 = Release|Any CPU
		{C7B8A613-B0D8-49B4-B232-54A222E0095C}.CD_ROM|Win32.ActiveCfg = Release|Any CPU
		{C7B8A613-B0D8-49B4-B232-54A222E0095C}.CD_ROM|x86.ActiveCfg = Release|Any CPU
		{C7B8A613-B0D8-49B4-B232-54A222E0095C}.Debug|Any CPU.ActiveCfg = Debug|Any CPU
		{C7B8A613-B0D8-49B4-B232-54A222E0095C}.Debug|Any CPU.Build.0 = Debug|Any CPU
		{C7B8A613-B0D8-49B4-B232-54A222E0095C}.Debug|Mixed Platforms.ActiveCfg = Debug|Any CPU
		{C7B8A613-B0D8-49B4-B232-54A222E0095C}.Debug|Mixed Platforms.Build.0 = Debug|Any CPU
		{C7B8A613-B0D8-49B4-B232-54A222E0095C}.Debug|Win32.ActiveCfg = Debug|Any CPU
		{C7B8A613-B0D8-49B4-B232-54A222E0095C}.Debug|x86.ActiveCfg = Debug|x86
		{C7B8A613-B0D8-49B4-B232-54A222E0095C}.Debug|x86.Build.0 = Debug|x86
		{C7B8A613-B0D8-49B4-B232-54A222E0095C}.DVD-5|Any CPU.ActiveCfg = Debug|Any CPU
		{C7B8A613-B0D8-49B4-B232-54A222E0095C}.DVD-5|Any CPU.Build.0 = Debug|Any CPU
		{C7B8A613-B0D8-49B4-B232-54A222E0095C}.DVD-5|Mixed Platforms.ActiveCfg = Debug|Any CPU
		{C7B8A613-B0D8-49B4-B232-54A222E0095C}.DVD-5|Mixed Platforms.Build.0 = Debug|Any CPU
		{C7B8A613-B0D8-49B4-B232-54A222E0095C}.DVD-5|Win32.ActiveCfg = Debug|Any CPU
		{C7B8A613-B0D8-49B4-B232-54A222E0095C}.DVD-5|x86.ActiveCfg = Debug|Any CPU
		{C7B8A613-B0D8-49B4-B232-54A222E0095C}.Release|Any CPU.ActiveCfg = Release|Any CPU
		{C7B8A613-B0D8-49B4-B232-54A222E0095C}.Release|Any CPU.Build.0 = Release|Any CPU
		{C7B8A613-B0D8-49B4-B232-54A222E0095C}.Release|Mixed Platforms.ActiveCfg = Release|Any CPU
		{C7B8A613-B0D8-49B4-B232-54A222E0095C}.Release|Mixed Platforms.Build.0 = Release|Any CPU
		{C7B8A613-B0D8-49B4-B232-54A222E0095C}.Release|Win32.ActiveCfg = Release|Any CPU
		{C7B8A613-B0D8-49B4-B232-54A222E0095C}.Release|x86.ActiveCfg = Release|x86
		{C7B8A613-B0D8-49B4-B232-54A222E0095C}.Release|x86.Build.0 = Release|x86
		{C7B8A613-B0D8-49B4-B232-54A222E0095C}.SingleImage|Any CPU.ActiveCfg = Release|Any CPU
		{C7B8A613-B0D8-49B4-B232-54A222E0095C}.SingleImage|Any CPU.Build.0 = Release|Any CPU
		{C7B8A613-B0D8-49B4-B232-54A222E0095C}.SingleImage|Mixed Platforms.ActiveCfg = Release|Any CPU
		{C7B8A613-B0D8-49B4-B232-54A222E0095C}.SingleImage|Mixed Platforms.Build.0 = Release|Any CPU
		{C7B8A613-B0D8-49B4-B232-54A222E0095C}.SingleImage|Win32.ActiveCfg = Release|Any CPU
		{C7B8A613-B0D8-49B4-B232-54A222E0095C}.SingleImage|x86.ActiveCfg = Release|Any CPU
		{B57BA18E-AFAF-4CCE-A71C-A2B2D0BD27AA}.CD_ROM|Any CPU.ActiveCfg = Release|Any CPU
		{B57BA18E-AFAF-4CCE-A71C-A2B2D0BD27AA}.CD_ROM|Any CPU.Build.0 = Release|Any CPU
		{B57BA18E-AFAF-4CCE-A71C-A2B2D0BD27AA}.CD_ROM|Mixed Platforms.ActiveCfg = Release|Any CPU
		{B57BA18E-AFAF-4CCE-A71C-A2B2D0BD27AA}.CD_ROM|Mixed Platforms.Build.0 = Release|Any CPU
		{B57BA18E-AFAF-4CCE-A71C-A2B2D0BD27AA}.CD_ROM|Win32.ActiveCfg = Release|Any CPU
		{B57BA18E-AFAF-4CCE-A71C-A2B2D0BD27AA}.CD_ROM|x86.ActiveCfg = Release|Any CPU
		{B57BA18E-AFAF-4CCE-A71C-A2B2D0BD27AA}.Debug|Any CPU.ActiveCfg = Debug|Any CPU
		{B57BA18E-AFAF-4CCE-A71C-A2B2D0BD27AA}.Debug|Any CPU.Build.0 = Debug|Any CPU
		{B57BA18E-AFAF-4CCE-A71C-A2B2D0BD27AA}.Debug|Mixed Platforms.ActiveCfg = Debug|Any CPU
		{B57BA18E-AFAF-4CCE-A71C-A2B2D0BD27AA}.Debug|Mixed Platforms.Build.0 = Debug|Any CPU
		{B57BA18E-AFAF-4CCE-A71C-A2B2D0BD27AA}.Debug|Win32.ActiveCfg = Debug|Any CPU
		{B57BA18E-AFAF-4CCE-A71C-A2B2D0BD27AA}.Debug|x86.ActiveCfg = Debug|Any CPU
		{B57BA18E-AFAF-4CCE-A71C-A2B2D0BD27AA}.DVD-5|Any CPU.ActiveCfg = Debug|Any CPU
		{B57BA18E-AFAF-4CCE-A71C-A2B2D0BD27AA}.DVD-5|Any CPU.Build.0 = Debug|Any CPU
		{B57BA18E-AFAF-4CCE-A71C-A2B2D0BD27AA}.DVD-5|Mixed Platforms.ActiveCfg = Debug|Any CPU
		{B57BA18E-AFAF-4CCE-A71C-A2B2D0BD27AA}.DVD-5|Mixed Platforms.Build.0 = Debug|Any CPU
		{B57BA18E-AFAF-4CCE-A71C-A2B2D0BD27AA}.DVD-5|Win32.ActiveCfg = Debug|Any CPU
		{B57BA18E-AFAF-4CCE-A71C-A2B2D0BD27AA}.DVD-5|x86.ActiveCfg = Debug|Any CPU
		{B57BA18E-AFAF-4CCE-A71C-A2B2D0BD27AA}.Release|Any CPU.ActiveCfg = Release|Any CPU
		{B57BA18E-AFAF-4CCE-A71C-A2B2D0BD27AA}.Release|Any CPU.Build.0 = Release|Any CPU
		{B57BA18E-AFAF-4CCE-A71C-A2B2D0BD27AA}.Release|Mixed Platforms.ActiveCfg = Release|Any CPU
		{B57BA18E-AFAF-4CCE-A71C-A2B2D0BD27AA}.Release|Mixed Platforms.Build.0 = Release|Any CPU
		{B57BA18E-AFAF-4CCE-A71C-A2B2D0BD27AA}.Release|Win32.ActiveCfg = Release|Any CPU
		{B57BA18E-AFAF-4CCE-A71C-A2B2D0BD27AA}.Release|x86.ActiveCfg = Release|Any CPU
		{B57BA18E-AFAF-4CCE-A71C-A2B2D0BD27AA}.SingleImage|Any CPU.ActiveCfg = Release|Any CPU
		{B57BA18E-AFAF-4CCE-A71C-A2B2D0BD27AA}.SingleImage|Any CPU.Build.0 = Release|Any CPU
		{B57BA18E-AFAF-4CCE-A71C-A2B2D0BD27AA}.SingleImage|Mixed Platforms.ActiveCfg = Release|Any CPU
		{B57BA18E-AFAF-4CCE-A71C-A2B2D0BD27AA}.SingleImage|Mixed Platforms.Build.0 = Release|Any CPU
		{B57BA18E-AFAF-4CCE-A71C-A2B2D0BD27AA}.SingleImage|Win32.ActiveCfg = Release|Any CPU
		{B57BA18E-AFAF-4CCE-A71C-A2B2D0BD27AA}.SingleImage|x86.ActiveCfg = Release|Any CPU
		{2CFFCA13-B00A-4605-B6A4-D49A616CFCB4}.CD_ROM|Any CPU.ActiveCfg = Release|Any CPU
		{2CFFCA13-B00A-4605-B6A4-D49A616CFCB4}.CD_ROM|Any CPU.Build.0 = Release|Any CPU
		{2CFFCA13-B00A-4605-B6A4-D49A616CFCB4}.CD_ROM|Mixed Platforms.ActiveCfg = Release|Any CPU
		{2CFFCA13-B00A-4605-B6A4-D49A616CFCB4}.CD_ROM|Mixed Platforms.Build.0 = Release|Any CPU
		{2CFFCA13-B00A-4605-B6A4-D49A616CFCB4}.CD_ROM|Win32.ActiveCfg = Release|Any CPU
		{2CFFCA13-B00A-4605-B6A4-D49A616CFCB4}.CD_ROM|x86.ActiveCfg = Release|Any CPU
		{2CFFCA13-B00A-4605-B6A4-D49A616CFCB4}.Debug|Any CPU.ActiveCfg = Debug|Any CPU
		{2CFFCA13-B00A-4605-B6A4-D49A616CFCB4}.Debug|Any CPU.Build.0 = Debug|Any CPU
		{2CFFCA13-B00A-4605-B6A4-D49A616CFCB4}.Debug|Mixed Platforms.ActiveCfg = Debug|Any CPU
		{2CFFCA13-B00A-4605-B6A4-D49A616CFCB4}.Debug|Mixed Platforms.Build.0 = Debug|Any CPU
		{2CFFCA13-B00A-4605-B6A4-D49A616CFCB4}.Debug|Win32.ActiveCfg = Debug|Any CPU
		{2CFFCA13-B00A-4605-B6A4-D49A616CFCB4}.Debug|x86.ActiveCfg = Debug|Any CPU
		{2CFFCA13-B00A-4605-B6A4-D49A616CFCB4}.DVD-5|Any CPU.ActiveCfg = Debug|Any CPU
		{2CFFCA13-B00A-4605-B6A4-D49A616CFCB4}.DVD-5|Any CPU.Build.0 = Debug|Any CPU
		{2CFFCA13-B00A-4605-B6A4-D49A616CFCB4}.DVD-5|Mixed Platforms.ActiveCfg = Debug|Any CPU
		{2CFFCA13-B00A-4605-B6A4-D49A616CFCB4}.DVD-5|Mixed Platforms.Build.0 = Debug|Any CPU
		{2CFFCA13-B00A-4605-B6A4-D49A616CFCB4}.DVD-5|Win32.ActiveCfg = Debug|Any CPU
		{2CFFCA13-B00A-4605-B6A4-D49A616CFCB4}.DVD-5|x86.ActiveCfg = Debug|Any CPU
		{2CFFCA13-B00A-4605-B6A4-D49A616CFCB4}.Release|Any CPU.ActiveCfg = Release|Any CPU
		{2CFFCA13-B00A-4605-B6A4-D49A616CFCB4}.Release|Any CPU.Build.0 = Release|Any CPU
		{2CFFCA13-B00A-4605-B6A4-D49A616CFCB4}.Release|Mixed Platforms.ActiveCfg = Release|Any CPU
		{2CFFCA13-B00A-4605-B6A4-D49A616CFCB4}.Release|Mixed Platforms.Build.0 = Release|Any CPU
		{2CFFCA13-B00A-4605-B6A4-D49A616CFCB4}.Release|Win32.ActiveCfg = Release|Any CPU
		{2CFFCA13-B00A-4605-B6A4-D49A616CFCB4}.Release|x86.ActiveCfg = Release|Any CPU
		{2CFFCA13-B00A-4605-B6A4-D49A616CFCB4}.SingleImage|Any CPU.ActiveCfg = Release|Any CPU
		{2CFFCA13-B00A-4605-B6A4-D49A616CFCB4}.SingleImage|Any CPU.Build.0 = Release|Any CPU
		{2CFFCA13-B00A-4605-B6A4-D49A616CFCB4}.SingleImage|Mixed Platforms.ActiveCfg = Release|Any CPU
		{2CFFCA13-B00A-4605-B6A4-D49A616CFCB4}.SingleImage|Mixed Platforms.Build.0 = Release|Any CPU
		{2CFFCA13-B00A-4605-B6A4-D49A616CFCB4}.SingleImage|Win32.ActiveCfg = Release|Any CPU
		{2CFFCA13-B00A-4605-B6A4-D49A616CFCB4}.SingleImage|x86.ActiveCfg = Release|Any CPU
		{DAE8EDAE-A615-4C45-BA67-6D32454938CD}.CD_ROM|Any CPU.ActiveCfg = Release|Any CPU
		{DAE8EDAE-A615-4C45-BA67-6D32454938CD}.CD_ROM|Any CPU.Build.0 = Release|Any CPU
		{DAE8EDAE-A615-4C45-BA67-6D32454938CD}.CD_ROM|Mixed Platforms.ActiveCfg = Release|Any CPU
		{DAE8EDAE-A615-4C45-BA67-6D32454938CD}.CD_ROM|Mixed Platforms.Build.0 = Release|Any CPU
		{DAE8EDAE-A615-4C45-BA67-6D32454938CD}.CD_ROM|Win32.ActiveCfg = Release|Any CPU
		{DAE8EDAE-A615-4C45-BA67-6D32454938CD}.CD_ROM|x86.ActiveCfg = Release|Any CPU
		{DAE8EDAE-A615-4C45-BA67-6D32454938CD}.Debug|Any CPU.ActiveCfg = Debug|Any CPU
		{DAE8EDAE-A615-4C45-BA67-6D32454938CD}.Debug|Any CPU.Build.0 = Debug|Any CPU
		{DAE8EDAE-A615-4C45-BA67-6D32454938CD}.Debug|Mixed Platforms.ActiveCfg = Debug|Any CPU
		{DAE8EDAE-A615-4C45-BA67-6D32454938CD}.Debug|Mixed Platforms.Build.0 = Debug|Any CPU
		{DAE8EDAE-A615-4C45-BA67-6D32454938CD}.Debug|Win32.ActiveCfg = Debug|Any CPU
		{DAE8EDAE-A615-4C45-BA67-6D32454938CD}.Debug|x86.ActiveCfg = Debug|Any CPU
		{DAE8EDAE-A615-4C45-BA67-6D32454938CD}.DVD-5|Any CPU.ActiveCfg = Debug|Any CPU
		{DAE8EDAE-A615-4C45-BA67-6D32454938CD}.DVD-5|Any CPU.Build.0 = Debug|Any CPU
		{DAE8EDAE-A615-4C45-BA67-6D32454938CD}.DVD-5|Mixed Platforms.ActiveCfg = Debug|Any CPU
		{DAE8EDAE-A615-4C45-BA67-6D32454938CD}.DVD-5|Mixed Platforms.Build.0 = Debug|Any CPU
		{DAE8EDAE-A615-4C45-BA67-6D32454938CD}.DVD-5|Win32.ActiveCfg = Debug|Any CPU
		{DAE8EDAE-A615-4C45-BA67-6D32454938CD}.DVD-5|x86.ActiveCfg = Debug|Any CPU
		{DAE8EDAE-A615-4C45-BA67-6D32454938CD}.Release|Any CPU.ActiveCfg = Release|Any CPU
		{DAE8EDAE-A615-4C45-BA67-6D32454938CD}.Release|Any CPU.Build.0 = Release|Any CPU
		{DAE8EDAE-A615-4C45-BA67-6D32454938CD}.Release|Mixed Platforms.ActiveCfg = Release|Any CPU
		{DAE8EDAE-A615-4C45-BA67-6D32454938CD}.Release|Mixed Platforms.Build.0 = Release|Any CPU
		{DAE8EDAE-A615-4C45-BA67-6D32454938CD}.Release|Win32.ActiveCfg = Release|Any CPU
		{DAE8EDAE-A615-4C45-BA67-6D32454938CD}.Release|x86.ActiveCfg = Release|Any CPU
		{DAE8EDAE-A615-4C45-BA67-6D32454938CD}.SingleImage|Any CPU.ActiveCfg = Release|Any CPU
		{DAE8EDAE-A615-4C45-BA67-6D32454938CD}.SingleImage|Any CPU.Build.0 = Release|Any CPU
		{DAE8EDAE-A615-4C45-BA67-6D32454938CD}.SingleImage|Mixed Platforms.ActiveCfg = Release|Any CPU
		{DAE8EDAE-A615-4C45-BA67-6D32454938CD}.SingleImage|Mixed Platforms.Build.0 = Release|Any CPU
		{DAE8EDAE-A615-4C45-BA67-6D32454938CD}.SingleImage|Win32.ActiveCfg = Release|Any CPU
		{DAE8EDAE-A615-4C45-BA67-6D32454938CD}.SingleImage|x86.ActiveCfg = Release|Any CPU
		{5873DE0F-6853-4C8E-91A4-7A6861069A9A}.CD_ROM|Any CPU.ActiveCfg = Release|Any CPU
		{5873DE0F-6853-4C8E-91A4-7A6861069A9A}.CD_ROM|Any CPU.Build.0 = Release|Any CPU
		{5873DE0F-6853-4C8E-91A4-7A6861069A9A}.CD_ROM|Mixed Platforms.ActiveCfg = Release|Any CPU
		{5873DE0F-6853-4C8E-91A4-7A6861069A9A}.CD_ROM|Mixed Platforms.Build.0 = Release|Any CPU
		{5873DE0F-6853-4C8E-91A4-7A6861069A9A}.CD_ROM|Win32.ActiveCfg = Release|Any CPU
		{5873DE0F-6853-4C8E-91A4-7A6861069A9A}.CD_ROM|x86.ActiveCfg = Release|Any CPU
		{5873DE0F-6853-4C8E-91A4-7A6861069A9A}.Debug|Any CPU.ActiveCfg = Debug|Any CPU
		{5873DE0F-6853-4C8E-91A4-7A6861069A9A}.Debug|Any CPU.Build.0 = Debug|Any CPU
		{5873DE0F-6853-4C8E-91A4-7A6861069A9A}.Debug|Mixed Platforms.ActiveCfg = Debug|Any CPU
		{5873DE0F-6853-4C8E-91A4-7A6861069A9A}.Debug|Mixed Platforms.Build.0 = Debug|Any CPU
		{5873DE0F-6853-4C8E-91A4-7A6861069A9A}.Debug|Win32.ActiveCfg = Debug|Any CPU
		{5873DE0F-6853-4C8E-91A4-7A6861069A9A}.Debug|x86.ActiveCfg = Debug|Any CPU
		{5873DE0F-6853-4C8E-91A4-7A6861069A9A}.DVD-5|Any CPU.ActiveCfg = Debug|Any CPU
		{5873DE0F-6853-4C8E-91A4-7A6861069A9A}.DVD-5|Any CPU.Build.0 = Debug|Any CPU
		{5873DE0F-6853-4C8E-91A4-7A6861069A9A}.DVD-5|Mixed Platforms.ActiveCfg = Debug|Any CPU
		{5873DE0F-6853-4C8E-91A4-7A6861069A9A}.DVD-5|Mixed Platforms.Build.0 = Debug|Any CPU
		{5873DE0F-6853-4C8E-91A4-7A6861069A9A}.DVD-5|Win32.ActiveCfg = Debug|Any CPU
		{5873DE0F-6853-4C8E-91A4-7A6861069A9A}.DVD-5|x86.ActiveCfg = Debug|Any CPU
		{5873DE0F-6853-4C8E-91A4-7A6861069A9A}.Release|Any CPU.ActiveCfg = Release|Any CPU
		{5873DE0F-6853-4C8E-91A4-7A6861069A9A}.Release|Any CPU.Build.0 = Release|Any CPU
		{5873DE0F-6853-4C8E-91A4-7A6861069A9A}.Release|Mixed Platforms.ActiveCfg = Release|Any CPU
		{5873DE0F-6853-4C8E-91A4-7A6861069A9A}.Release|Mixed Platforms.Build.0 = Release|Any CPU
		{5873DE0F-6853-4C8E-91A4-7A6861069A9A}.Release|Win32.ActiveCfg = Release|Any CPU
		{5873DE0F-6853-4C8E-91A4-7A6861069A9A}.Release|x86.ActiveCfg = Release|Any CPU
		{5873DE0F-6853-4C8E-91A4-7A6861069A9A}.SingleImage|Any CPU.ActiveCfg = Release|Any CPU
		{5873DE0F-6853-4C8E-91A4-7A6861069A9A}.SingleImage|Any CPU.Build.0 = Release|Any CPU
		{5873DE0F-6853-4C8E-91A4-7A6861069A9A}.SingleImage|Mixed Platforms.ActiveCfg = Release|Any CPU
		{5873DE0F-6853-4C8E-91A4-7A6861069A9A}.SingleImage|Mixed Platforms.Build.0 = Release|Any CPU
		{5873DE0F-6853-4C8E-91A4-7A6861069A9A}.SingleImage|Win32.ActiveCfg = Release|Any CPU
		{5873DE0F-6853-4C8E-91A4-7A6861069A9A}.SingleImage|x86.ActiveCfg = Release|Any CPU
		{973E45FC-0ABC-4438-8181-DF93FB683429}.CD_ROM|Any CPU.ActiveCfg = Debug|Any CPU
		{973E45FC-0ABC-4438-8181-DF93FB683429}.CD_ROM|Any CPU.Build.0 = Debug|Any CPU
		{973E45FC-0ABC-4438-8181-DF93FB683429}.CD_ROM|Mixed Platforms.ActiveCfg = Debug|Any CPU
		{973E45FC-0ABC-4438-8181-DF93FB683429}.CD_ROM|Mixed Platforms.Build.0 = Debug|Any CPU
		{973E45FC-0ABC-4438-8181-DF93FB683429}.CD_ROM|Win32.ActiveCfg = Debug|Any CPU
		{973E45FC-0ABC-4438-8181-DF93FB683429}.CD_ROM|x86.ActiveCfg = Debug|Any CPU
		{973E45FC-0ABC-4438-8181-DF93FB683429}.Debug|Any CPU.ActiveCfg = Debug|Any CPU
		{973E45FC-0ABC-4438-8181-DF93FB683429}.Debug|Any CPU.Build.0 = Debug|Any CPU
		{973E45FC-0ABC-4438-8181-DF93FB683429}.Debug|Mixed Platforms.ActiveCfg = Debug|Any CPU
		{973E45FC-0ABC-4438-8181-DF93FB683429}.Debug|Win32.ActiveCfg = Debug|Any CPU
		{973E45FC-0ABC-4438-8181-DF93FB683429}.Debug|x86.ActiveCfg = Debug|Any CPU
		{973E45FC-0ABC-4438-8181-DF93FB683429}.DVD-5|Any CPU.ActiveCfg = Debug|Any CPU
		{973E45FC-0ABC-4438-8181-DF93FB683429}.DVD-5|Any CPU.Build.0 = Debug|Any CPU
		{973E45FC-0ABC-4438-8181-DF93FB683429}.DVD-5|Mixed Platforms.ActiveCfg = Debug|Any CPU
		{973E45FC-0ABC-4438-8181-DF93FB683429}.DVD-5|Mixed Platforms.Build.0 = Debug|Any CPU
		{973E45FC-0ABC-4438-8181-DF93FB683429}.DVD-5|Win32.ActiveCfg = Debug|Any CPU
		{973E45FC-0ABC-4438-8181-DF93FB683429}.DVD-5|x86.ActiveCfg = Debug|Any CPU
		{973E45FC-0ABC-4438-8181-DF93FB683429}.Release|Any CPU.ActiveCfg = Release|Any CPU
		{973E45FC-0ABC-4438-8181-DF93FB683429}.Release|Any CPU.Build.0 = Release|Any CPU
		{973E45FC-0ABC-4438-8181-DF93FB683429}.Release|Mixed Platforms.ActiveCfg = Release|Any CPU
		{973E45FC-0ABC-4438-8181-DF93FB683429}.Release|Mixed Platforms.Build.0 = Release|Any CPU
		{973E45FC-0ABC-4438-8181-DF93FB683429}.Release|Win32.ActiveCfg = Release|Any CPU
		{973E45FC-0ABC-4438-8181-DF93FB683429}.Release|x86.ActiveCfg = Release|Any CPU
		{973E45FC-0ABC-4438-8181-DF93FB683429}.SingleImage|Any CPU.ActiveCfg = Debug|Any CPU
		{973E45FC-0ABC-4438-8181-DF93FB683429}.SingleImage|Any CPU.Build.0 = Debug|Any CPU
		{973E45FC-0ABC-4438-8181-DF93FB683429}.SingleImage|Mixed Platforms.ActiveCfg = Debug|Any CPU
		{973E45FC-0ABC-4438-8181-DF93FB683429}.SingleImage|Mixed Platforms.Build.0 = Debug|Any CPU
		{973E45FC-0ABC-4438-8181-DF93FB683429}.SingleImage|Win32.ActiveCfg = Debug|Any CPU
		{973E45FC-0ABC-4438-8181-DF93FB683429}.SingleImage|x86.ActiveCfg = Debug|Any CPU
		{B41B2A00-165A-45B6-9DD2-CDB0F22A4782}.CD_ROM|Any CPU.ActiveCfg = Release|x86
		{B41B2A00-165A-45B6-9DD2-CDB0F22A4782}.CD_ROM|Mixed Platforms.ActiveCfg = Release|x86
		{B41B2A00-165A-45B6-9DD2-CDB0F22A4782}.CD_ROM|Mixed Platforms.Build.0 = Release|x86
		{B41B2A00-165A-45B6-9DD2-CDB0F22A4782}.CD_ROM|Win32.ActiveCfg = Release|x86
		{B41B2A00-165A-45B6-9DD2-CDB0F22A4782}.CD_ROM|x86.ActiveCfg = Release|x86
		{B41B2A00-165A-45B6-9DD2-CDB0F22A4782}.CD_ROM|x86.Build.0 = Release|x86
		{B41B2A00-165A-45B6-9DD2-CDB0F22A4782}.Debug|Any CPU.ActiveCfg = Debug|x86
		{B41B2A00-165A-45B6-9DD2-CDB0F22A4782}.Debug|Mixed Platforms.ActiveCfg = Debug|x86
		{B41B2A00-165A-45B6-9DD2-CDB0F22A4782}.Debug|Mixed Platforms.Build.0 = Debug|x86
		{B41B2A00-165A-45B6-9DD2-CDB0F22A4782}.Debug|Win32.ActiveCfg = Debug|x86
		{B41B2A00-165A-45B6-9DD2-CDB0F22A4782}.Debug|x86.ActiveCfg = Debug|x86
		{B41B2A00-165A-45B6-9DD2-CDB0F22A4782}.Debug|x86.Build.0 = Debug|x86
		{B41B2A00-165A-45B6-9DD2-CDB0F22A4782}.DVD-5|Any CPU.ActiveCfg = Debug|x86
		{B41B2A00-165A-45B6-9DD2-CDB0F22A4782}.DVD-5|Mixed Platforms.ActiveCfg = Debug|x86
		{B41B2A00-165A-45B6-9DD2-CDB0F22A4782}.DVD-5|Mixed Platforms.Build.0 = Debug|x86
		{B41B2A00-165A-45B6-9DD2-CDB0F22A4782}.DVD-5|Win32.ActiveCfg = Debug|x86
		{B41B2A00-165A-45B6-9DD2-CDB0F22A4782}.DVD-5|x86.ActiveCfg = Debug|x86
		{B41B2A00-165A-45B6-9DD2-CDB0F22A4782}.DVD-5|x86.Build.0 = Debug|x86
		{B41B2A00-165A-45B6-9DD2-CDB0F22A4782}.Release|Any CPU.ActiveCfg = Release|x86
		{B41B2A00-165A-45B6-9DD2-CDB0F22A4782}.Release|Mixed Platforms.ActiveCfg = Release|x86
		{B41B2A00-165A-45B6-9DD2-CDB0F22A4782}.Release|Mixed Platforms.Build.0 = Release|x86
		{B41B2A00-165A-45B6-9DD2-CDB0F22A4782}.Release|Win32.ActiveCfg = Release|x86
		{B41B2A00-165A-45B6-9DD2-CDB0F22A4782}.Release|x86.ActiveCfg = Release|x86
		{B41B2A00-165A-45B6-9DD2-CDB0F22A4782}.Release|x86.Build.0 = Release|x86
		{B41B2A00-165A-45B6-9DD2-CDB0F22A4782}.SingleImage|Any CPU.ActiveCfg = Release|x86
		{B41B2A00-165A-45B6-9DD2-CDB0F22A4782}.SingleImage|Mixed Platforms.ActiveCfg = Release|x86
		{B41B2A00-165A-45B6-9DD2-CDB0F22A4782}.SingleImage|Mixed Platforms.Build.0 = Release|x86
		{B41B2A00-165A-45B6-9DD2-CDB0F22A4782}.SingleImage|Win32.ActiveCfg = Release|x86
		{B41B2A00-165A-45B6-9DD2-CDB0F22A4782}.SingleImage|x86.ActiveCfg = Release|x86
		{B41B2A00-165A-45B6-9DD2-CDB0F22A4782}.SingleImage|x86.Build.0 = Release|x86
		{AE08C46E-B542-43D1-BBF5-2D555ED9C1B2}.CD_ROM|Any CPU.ActiveCfg = Release|Win32
		{AE08C46E-B542-43D1-BBF5-2D555ED9C1B2}.CD_ROM|Mixed Platforms.ActiveCfg = Release|Win32
		{AE08C46E-B542-43D1-BBF5-2D555ED9C1B2}.CD_ROM|Mixed Platforms.Build.0 = Release|Win32
		{AE08C46E-B542-43D1-BBF5-2D555ED9C1B2}.CD_ROM|Win32.ActiveCfg = Release|Win32
		{AE08C46E-B542-43D1-BBF5-2D555ED9C1B2}.CD_ROM|Win32.Build.0 = Release|Win32
		{AE08C46E-B542-43D1-BBF5-2D555ED9C1B2}.CD_ROM|x86.ActiveCfg = Release|Win32
		{AE08C46E-B542-43D1-BBF5-2D555ED9C1B2}.Debug|Any CPU.ActiveCfg = Debug|Win32
		{AE08C46E-B542-43D1-BBF5-2D555ED9C1B2}.Debug|Mixed Platforms.ActiveCfg = Debug|Win32
		{AE08C46E-B542-43D1-BBF5-2D555ED9C1B2}.Debug|Mixed Platforms.Build.0 = Debug|Win32
		{AE08C46E-B542-43D1-BBF5-2D555ED9C1B2}.Debug|Win32.ActiveCfg = Debug|Win32
		{AE08C46E-B542-43D1-BBF5-2D555ED9C1B2}.Debug|Win32.Build.0 = Debug|Win32
		{AE08C46E-B542-43D1-BBF5-2D555ED9C1B2}.Debug|x86.ActiveCfg = Debug|Win32
		{AE08C46E-B542-43D1-BBF5-2D555ED9C1B2}.DVD-5|Any CPU.ActiveCfg = Debug|Win32
		{AE08C46E-B542-43D1-BBF5-2D555ED9C1B2}.DVD-5|Mixed Platforms.ActiveCfg = Debug|Win32
		{AE08C46E-B542-43D1-BBF5-2D555ED9C1B2}.DVD-5|Mixed Platforms.Build.0 = Debug|Win32
		{AE08C46E-B542-43D1-BBF5-2D555ED9C1B2}.DVD-5|Win32.ActiveCfg = Debug|Win32
		{AE08C46E-B542-43D1-BBF5-2D555ED9C1B2}.DVD-5|Win32.Build.0 = Debug|Win32
		{AE08C46E-B542-43D1-BBF5-2D555ED9C1B2}.DVD-5|x86.ActiveCfg = Debug|Win32
		{AE08C46E-B542-43D1-BBF5-2D555ED9C1B2}.Release|Any CPU.ActiveCfg = Release|Win32
		{AE08C46E-B542-43D1-BBF5-2D555ED9C1B2}.Release|Mixed Platforms.ActiveCfg = Release|Win32
		{AE08C46E-B542-43D1-BBF5-2D555ED9C1B2}.Release|Mixed Platforms.Build.0 = Release|Win32
		{AE08C46E-B542-43D1-BBF5-2D555ED9C1B2}.Release|Win32.ActiveCfg = Release|Win32
		{AE08C46E-B542-43D1-BBF5-2D555ED9C1B2}.Release|Win32.Build.0 = Release|Win32
		{AE08C46E-B542-43D1-BBF5-2D555ED9C1B2}.Release|x86.ActiveCfg = Release|Win32
		{AE08C46E-B542-43D1-BBF5-2D555ED9C1B2}.SingleImage|Any CPU.ActiveCfg = Release|Win32
		{AE08C46E-B542-43D1-BBF5-2D555ED9C1B2}.SingleImage|Mixed Platforms.ActiveCfg = Release|Win32
		{AE08C46E-B542-43D1-BBF5-2D555ED9C1B2}.SingleImage|Mixed Platforms.Build.0 = Release|Win32
		{AE08C46E-B542-43D1-BBF5-2D555ED9C1B2}.SingleImage|Win32.ActiveCfg = Release|Win32
		{AE08C46E-B542-43D1-BBF5-2D555ED9C1B2}.SingleImage|Win32.Build.0 = Release|Win32
		{AE08C46E-B542-43D1-BBF5-2D555ED9C1B2}.SingleImage|x86.ActiveCfg = Release|Win32
		{59FA1002-03AE-4DDA-B625-267576FA629A}.CD_ROM|Any CPU.ActiveCfg = Release|x86
		{59FA1002-03AE-4DDA-B625-267576FA629A}.CD_ROM|Mixed Platforms.ActiveCfg = Release|x86
		{59FA1002-03AE-4DDA-B625-267576FA629A}.CD_ROM|Mixed Platforms.Build.0 = Release|x86
		{59FA1002-03AE-4DDA-B625-267576FA629A}.CD_ROM|Win32.ActiveCfg = Release|x86
		{59FA1002-03AE-4DDA-B625-267576FA629A}.CD_ROM|x86.ActiveCfg = Release|x86
		{59FA1002-03AE-4DDA-B625-267576FA629A}.CD_ROM|x86.Build.0 = Release|x86
		{59FA1002-03AE-4DDA-B625-267576FA629A}.Debug|Any CPU.ActiveCfg = Debug|x86
		{59FA1002-03AE-4DDA-B625-267576FA629A}.Debug|Mixed Platforms.ActiveCfg = Debug|x86
		{59FA1002-03AE-4DDA-B625-267576FA629A}.Debug|Win32.ActiveCfg = Debug|x86
		{59FA1002-03AE-4DDA-B625-267576FA629A}.Debug|x86.ActiveCfg = Debug|x86
		{59FA1002-03AE-4DDA-B625-267576FA629A}.Debug|x86.Build.0 = Debug|x86
		{59FA1002-03AE-4DDA-B625-267576FA629A}.DVD-5|Any CPU.ActiveCfg = Debug|x86
		{59FA1002-03AE-4DDA-B625-267576FA629A}.DVD-5|Mixed Platforms.ActiveCfg = Debug|x86
		{59FA1002-03AE-4DDA-B625-267576FA629A}.DVD-5|Mixed Platforms.Build.0 = Debug|x86
		{59FA1002-03AE-4DDA-B625-267576FA629A}.DVD-5|Win32.ActiveCfg = Debug|x86
		{59FA1002-03AE-4DDA-B625-267576FA629A}.DVD-5|x86.ActiveCfg = Debug|x86
		{59FA1002-03AE-4DDA-B625-267576FA629A}.DVD-5|x86.Build.0 = Debug|x86
		{59FA1002-03AE-4DDA-B625-267576FA629A}.Release|Any CPU.ActiveCfg = Release|x86
		{59FA1002-03AE-4DDA-B625-267576FA629A}.Release|Mixed Platforms.ActiveCfg = Release|x86
		{59FA1002-03AE-4DDA-B625-267576FA629A}.Release|Mixed Platforms.Build.0 = Release|x86
		{59FA1002-03AE-4DDA-B625-267576FA629A}.Release|Win32.ActiveCfg = Release|x86
		{59FA1002-03AE-4DDA-B625-267576FA629A}.Release|x86.ActiveCfg = Release|x86
		{59FA1002-03AE-4DDA-B625-267576FA629A}.Release|x86.Build.0 = Release|x86
		{59FA1002-03AE-4DDA-B625-267576FA629A}.SingleImage|Any CPU.ActiveCfg = Release|x86
		{59FA1002-03AE-4DDA-B625-267576FA629A}.SingleImage|Mixed Platforms.ActiveCfg = Release|x86
		{59FA1002-03AE-4DDA-B625-267576FA629A}.SingleImage|Mixed Platforms.Build.0 = Release|x86
		{59FA1002-03AE-4DDA-B625-267576FA629A}.SingleImage|Win32.ActiveCfg = Release|x86
		{59FA1002-03AE-4DDA-B625-267576FA629A}.SingleImage|x86.ActiveCfg = Release|x86
		{59FA1002-03AE-4DDA-B625-267576FA629A}.SingleImage|x86.Build.0 = Release|x86
		{881346D4-D910-4A6D-8B52-98B7D9759A85}.CD_ROM|Any CPU.ActiveCfg = Debug|Any CPU
		{881346D4-D910-4A6D-8B52-98B7D9759A85}.CD_ROM|Any CPU.Build.0 = Debug|Any CPU
		{881346D4-D910-4A6D-8B52-98B7D9759A85}.CD_ROM|Mixed Platforms.ActiveCfg = Debug|Any CPU
		{881346D4-D910-4A6D-8B52-98B7D9759A85}.CD_ROM|Mixed Platforms.Build.0 = Debug|Any CPU
		{881346D4-D910-4A6D-8B52-98B7D9759A85}.CD_ROM|Win32.ActiveCfg = Debug|Any CPU
		{881346D4-D910-4A6D-8B52-98B7D9759A85}.CD_ROM|x86.ActiveCfg = Debug|Any CPU
		{881346D4-D910-4A6D-8B52-98B7D9759A85}.Debug|Any CPU.ActiveCfg = Debug|Any CPU
		{881346D4-D910-4A6D-8B52-98B7D9759A85}.Debug|Any CPU.Build.0 = Debug|Any CPU
		{881346D4-D910-4A6D-8B52-98B7D9759A85}.Debug|Mixed Platforms.ActiveCfg = Debug|Any CPU
		{881346D4-D910-4A6D-8B52-98B7D9759A85}.Debug|Mixed Platforms.Build.0 = Debug|Any CPU
		{881346D4-D910-4A6D-8B52-98B7D9759A85}.Debug|Win32.ActiveCfg = Debug|Any CPU
		{881346D4-D910-4A6D-8B52-98B7D9759A85}.Debug|x86.ActiveCfg = Debug|Any CPU
		{881346D4-D910-4A6D-8B52-98B7D9759A85}.DVD-5|Any CPU.ActiveCfg = Debug|Any CPU
		{881346D4-D910-4A6D-8B52-98B7D9759A85}.DVD-5|Any CPU.Build.0 = Debug|Any CPU
		{881346D4-D910-4A6D-8B52-98B7D9759A85}.DVD-5|Mixed Platforms.ActiveCfg = Debug|Any CPU
		{881346D4-D910-4A6D-8B52-98B7D9759A85}.DVD-5|Mixed Platforms.Build.0 = Debug|Any CPU
		{881346D4-D910-4A6D-8B52-98B7D9759A85}.DVD-5|Win32.ActiveCfg = Debug|Any CPU
		{881346D4-D910-4A6D-8B52-98B7D9759A85}.DVD-5|x86.ActiveCfg = Debug|Any CPU
		{881346D4-D910-4A6D-8B52-98B7D9759A85}.Release|Any CPU.ActiveCfg = Release|Any CPU
		{881346D4-D910-4A6D-8B52-98B7D9759A85}.Release|Any CPU.Build.0 = Release|Any CPU
		{881346D4-D910-4A6D-8B52-98B7D9759A85}.Release|Mixed Platforms.ActiveCfg = Release|Any CPU
		{881346D4-D910-4A6D-8B52-98B7D9759A85}.Release|Mixed Platforms.Build.0 = Release|Any CPU
		{881346D4-D910-4A6D-8B52-98B7D9759A85}.Release|Win32.ActiveCfg = Release|Any CPU
		{881346D4-D910-4A6D-8B52-98B7D9759A85}.Release|x86.ActiveCfg = Release|Any CPU
		{881346D4-D910-4A6D-8B52-98B7D9759A85}.SingleImage|Any CPU.ActiveCfg = Debug|Any CPU
		{881346D4-D910-4A6D-8B52-98B7D9759A85}.SingleImage|Any CPU.Build.0 = Debug|Any CPU
		{881346D4-D910-4A6D-8B52-98B7D9759A85}.SingleImage|Mixed Platforms.ActiveCfg = Debug|Any CPU
		{881346D4-D910-4A6D-8B52-98B7D9759A85}.SingleImage|Mixed Platforms.Build.0 = Debug|Any CPU
		{881346D4-D910-4A6D-8B52-98B7D9759A85}.SingleImage|Win32.ActiveCfg = Debug|Any CPU
		{881346D4-D910-4A6D-8B52-98B7D9759A85}.SingleImage|x86.ActiveCfg = Debug|Any CPU
		{192BFACE-1568-4AEC-BFB9-1423D7783036}.CD_ROM|Any CPU.ActiveCfg = Release|Any CPU
		{192BFACE-1568-4AEC-BFB9-1423D7783036}.CD_ROM|Any CPU.Build.0 = Release|Any CPU
		{192BFACE-1568-4AEC-BFB9-1423D7783036}.CD_ROM|Mixed Platforms.ActiveCfg = Release|Any CPU
		{192BFACE-1568-4AEC-BFB9-1423D7783036}.CD_ROM|Mixed Platforms.Build.0 = Release|Any CPU
		{192BFACE-1568-4AEC-BFB9-1423D7783036}.CD_ROM|Win32.ActiveCfg = Release|Any CPU
		{192BFACE-1568-4AEC-BFB9-1423D7783036}.CD_ROM|x86.ActiveCfg = Release|Any CPU
		{192BFACE-1568-4AEC-BFB9-1423D7783036}.Debug|Any CPU.ActiveCfg = Debug|Any CPU
		{192BFACE-1568-4AEC-BFB9-1423D7783036}.Debug|Any CPU.Build.0 = Debug|Any CPU
		{192BFACE-1568-4AEC-BFB9-1423D7783036}.Debug|Mixed Platforms.ActiveCfg = Debug|Any CPU
		{192BFACE-1568-4AEC-BFB9-1423D7783036}.Debug|Mixed Platforms.Build.0 = Debug|Any CPU
		{192BFACE-1568-4AEC-BFB9-1423D7783036}.Debug|Win32.ActiveCfg = Debug|Any CPU
		{192BFACE-1568-4AEC-BFB9-1423D7783036}.Debug|x86.ActiveCfg = Debug|Any CPU
		{192BFACE-1568-4AEC-BFB9-1423D7783036}.DVD-5|Any CPU.ActiveCfg = Debug|Any CPU
		{192BFACE-1568-4AEC-BFB9-1423D7783036}.DVD-5|Any CPU.Build.0 = Debug|Any CPU
		{192BFACE-1568-4AEC-BFB9-1423D7783036}.DVD-5|Mixed Platforms.ActiveCfg = Debug|Any CPU
		{192BFACE-1568-4AEC-BFB9-1423D7783036}.DVD-5|Mixed Platforms.Build.0 = Debug|Any CPU
		{192BFACE-1568-4AEC-BFB9-1423D7783036}.DVD-5|Win32.ActiveCfg = Debug|Any CPU
		{192BFACE-1568-4AEC-BFB9-1423D7783036}.DVD-5|x86.ActiveCfg = Debug|Any CPU
		{192BFACE-1568-4AEC-BFB9-1423D7783036}.Release|Any CPU.ActiveCfg = Release|Any CPU
		{192BFACE-1568-4AEC-BFB9-1423D7783036}.Release|Any CPU.Build.0 = Release|Any CPU
		{192BFACE-1568-4AEC-BFB9-1423D7783036}.Release|Mixed Platforms.ActiveCfg = Release|Any CPU
		{192BFACE-1568-4AEC-BFB9-1423D7783036}.Release|Mixed Platforms.Build.0 = Release|Any CPU
		{192BFACE-1568-4AEC-BFB9-1423D7783036}.Release|Win32.ActiveCfg = Release|Any CPU
		{192BFACE-1568-4AEC-BFB9-1423D7783036}.Release|x86.ActiveCfg = Release|Any CPU
		{192BFACE-1568-4AEC-BFB9-1423D7783036}.SingleImage|Any CPU.ActiveCfg = Release|Any CPU
		{192BFACE-1568-4AEC-BFB9-1423D7783036}.SingleImage|Any CPU.Build.0 = Release|Any CPU
		{192BFACE-1568-4AEC-BFB9-1423D7783036}.SingleImage|Mixed Platforms.ActiveCfg = Release|Any CPU
		{192BFACE-1568-4AEC-BFB9-1423D7783036}.SingleImage|Mixed Platforms.Build.0 = Release|Any CPU
		{192BFACE-1568-4AEC-BFB9-1423D7783036}.SingleImage|Win32.ActiveCfg = Release|Any CPU
		{192BFACE-1568-4AEC-BFB9-1423D7783036}.SingleImage|x86.ActiveCfg = Release|Any CPU
		{87C11605-FDC7-444E-9C9D-4E1743182B6F}.CD_ROM|Any CPU.ActiveCfg = Release|Any CPU
		{87C11605-FDC7-444E-9C9D-4E1743182B6F}.CD_ROM|Any CPU.Build.0 = Release|Any CPU
		{87C11605-FDC7-444E-9C9D-4E1743182B6F}.CD_ROM|Mixed Platforms.ActiveCfg = Release|Any CPU
		{87C11605-FDC7-444E-9C9D-4E1743182B6F}.CD_ROM|Mixed Platforms.Build.0 = Release|Any CPU
		{87C11605-FDC7-444E-9C9D-4E1743182B6F}.CD_ROM|Win32.ActiveCfg = Release|Any CPU
		{87C11605-FDC7-444E-9C9D-4E1743182B6F}.CD_ROM|x86.ActiveCfg = Release|Any CPU
		{87C11605-FDC7-444E-9C9D-4E1743182B6F}.Debug|Any CPU.ActiveCfg = Debug|Any CPU
		{87C11605-FDC7-444E-9C9D-4E1743182B6F}.Debug|Any CPU.Build.0 = Debug|Any CPU
		{87C11605-FDC7-444E-9C9D-4E1743182B6F}.Debug|Mixed Platforms.ActiveCfg = Debug|Any CPU
		{87C11605-FDC7-444E-9C9D-4E1743182B6F}.Debug|Mixed Platforms.Build.0 = Debug|Any CPU
		{87C11605-FDC7-444E-9C9D-4E1743182B6F}.Debug|Win32.ActiveCfg = Debug|Any CPU
		{87C11605-FDC7-444E-9C9D-4E1743182B6F}.Debug|x86.ActiveCfg = Debug|Any CPU
		{87C11605-FDC7-444E-9C9D-4E1743182B6F}.DVD-5|Any CPU.ActiveCfg = Debug|Any CPU
		{87C11605-FDC7-444E-9C9D-4E1743182B6F}.DVD-5|Any CPU.Build.0 = Debug|Any CPU
		{87C11605-FDC7-444E-9C9D-4E1743182B6F}.DVD-5|Mixed Platforms.ActiveCfg = Debug|Any CPU
		{87C11605-FDC7-444E-9C9D-4E1743182B6F}.DVD-5|Mixed Platforms.Build.0 = Debug|Any CPU
		{87C11605-FDC7-444E-9C9D-4E1743182B6F}.DVD-5|Win32.ActiveCfg = Debug|Any CPU
		{87C11605-FDC7-444E-9C9D-4E1743182B6F}.DVD-5|x86.ActiveCfg = Debug|Any CPU
		{87C11605-FDC7-444E-9C9D-4E1743182B6F}.Release|Any CPU.ActiveCfg = Release|Any CPU
		{87C11605-FDC7-444E-9C9D-4E1743182B6F}.Release|Any CPU.Build.0 = Release|Any CPU
		{87C11605-FDC7-444E-9C9D-4E1743182B6F}.Release|Mixed Platforms.ActiveCfg = Release|Any CPU
		{87C11605-FDC7-444E-9C9D-4E1743182B6F}.Release|Mixed Platforms.Build.0 = Release|Any CPU
		{87C11605-FDC7-444E-9C9D-4E1743182B6F}.Release|Win32.ActiveCfg = Release|Any CPU
		{87C11605-FDC7-444E-9C9D-4E1743182B6F}.Release|x86.ActiveCfg = Release|Any CPU
		{87C11605-FDC7-444E-9C9D-4E1743182B6F}.SingleImage|Any CPU.ActiveCfg = Release|Any CPU
		{87C11605-FDC7-444E-9C9D-4E1743182B6F}.SingleImage|Any CPU.Build.0 = Release|Any CPU
		{87C11605-FDC7-444E-9C9D-4E1743182B6F}.SingleImage|Mixed Platforms.ActiveCfg = Release|Any CPU
		{87C11605-FDC7-444E-9C9D-4E1743182B6F}.SingleImage|Mixed Platforms.Build.0 = Release|Any CPU
		{87C11605-FDC7-444E-9C9D-4E1743182B6F}.SingleImage|Win32.ActiveCfg = Release|Any CPU
		{87C11605-FDC7-444E-9C9D-4E1743182B6F}.SingleImage|x86.ActiveCfg = Release|Any CPU
		{F28E6912-415E-4808-B973-F0E19B31EEB6}.CD_ROM|Any CPU.ActiveCfg = Release|x86
		{F28E6912-415E-4808-B973-F0E19B31EEB6}.CD_ROM|Mixed Platforms.ActiveCfg = Release|x86
		{F28E6912-415E-4808-B973-F0E19B31EEB6}.CD_ROM|Mixed Platforms.Build.0 = Release|x86
		{F28E6912-415E-4808-B973-F0E19B31EEB6}.CD_ROM|Win32.ActiveCfg = Release|x86
		{F28E6912-415E-4808-B973-F0E19B31EEB6}.CD_ROM|x86.ActiveCfg = Release|x86
		{F28E6912-415E-4808-B973-F0E19B31EEB6}.CD_ROM|x86.Build.0 = Release|x86
		{F28E6912-415E-4808-B973-F0E19B31EEB6}.Debug|Any CPU.ActiveCfg = Debug|x86
		{F28E6912-415E-4808-B973-F0E19B31EEB6}.Debug|Mixed Platforms.ActiveCfg = Debug|x86
		{F28E6912-415E-4808-B973-F0E19B31EEB6}.Debug|Mixed Platforms.Build.0 = Debug|x86
		{F28E6912-415E-4808-B973-F0E19B31EEB6}.Debug|Win32.ActiveCfg = Debug|x86
		{F28E6912-415E-4808-B973-F0E19B31EEB6}.Debug|x86.ActiveCfg = Debug|x86
		{F28E6912-415E-4808-B973-F0E19B31EEB6}.Debug|x86.Build.0 = Debug|x86
		{F28E6912-415E-4808-B973-F0E19B31EEB6}.DVD-5|Any CPU.ActiveCfg = Debug|x86
		{F28E6912-415E-4808-B973-F0E19B31EEB6}.DVD-5|Mixed Platforms.ActiveCfg = Debug|x86
		{F28E6912-415E-4808-B973-F0E19B31EEB6}.DVD-5|Mixed Platforms.Build.0 = Debug|x86
		{F28E6912-415E-4808-B973-F0E19B31EEB6}.DVD-5|Win32.ActiveCfg = Debug|x86
		{F28E6912-415E-4808-B973-F0E19B31EEB6}.DVD-5|x86.ActiveCfg = Debug|x86
		{F28E6912-415E-4808-B973-F0E19B31EEB6}.DVD-5|x86.Build.0 = Debug|x86
		{F28E6912-415E-4808-B973-F0E19B31EEB6}.Release|Any CPU.ActiveCfg = Release|x86
		{F28E6912-415E-4808-B973-F0E19B31EEB6}.Release|Mixed Platforms.ActiveCfg = Release|x86
		{F28E6912-415E-4808-B973-F0E19B31EEB6}.Release|Mixed Platforms.Build.0 = Release|x86
		{F28E6912-415E-4808-B973-F0E19B31EEB6}.Release|Win32.ActiveCfg = Release|x86
		{F28E6912-415E-4808-B973-F0E19B31EEB6}.Release|x86.ActiveCfg = Release|x86
		{F28E6912-415E-4808-B973-F0E19B31EEB6}.Release|x86.Build.0 = Release|x86
		{F28E6912-415E-4808-B973-F0E19B31EEB6}.SingleImage|Any CPU.ActiveCfg = Release|x86
		{F28E6912-415E-4808-B973-F0E19B31EEB6}.SingleImage|Mixed Platforms.ActiveCfg = Release|x86
		{F28E6912-415E-4808-B973-F0E19B31EEB6}.SingleImage|Mixed Platforms.Build.0 = Release|x86
		{F28E6912-415E-4808-B973-F0E19B31EEB6}.SingleImage|Win32.ActiveCfg = Release|x86
		{F28E6912-415E-4808-B973-F0E19B31EEB6}.SingleImage|x86.ActiveCfg = Release|x86
		{F28E6912-415E-4808-B973-F0E19B31EEB6}.SingleImage|x86.Build.0 = Release|x86
		{CD587988-F28E-45CE-8619-86804A6C79D7}.CD_ROM|Any CPU.ActiveCfg = Release|Any CPU
		{CD587988-F28E-45CE-8619-86804A6C79D7}.CD_ROM|Any CPU.Build.0 = Release|Any CPU
		{CD587988-F28E-45CE-8619-86804A6C79D7}.CD_ROM|Mixed Platforms.ActiveCfg = Release|Any CPU
		{CD587988-F28E-45CE-8619-86804A6C79D7}.CD_ROM|Mixed Platforms.Build.0 = Release|Any CPU
		{CD587988-F28E-45CE-8619-86804A6C79D7}.CD_ROM|Win32.ActiveCfg = Release|Any CPU
		{CD587988-F28E-45CE-8619-86804A6C79D7}.CD_ROM|x86.ActiveCfg = Release|Any CPU
		{CD587988-F28E-45CE-8619-86804A6C79D7}.Debug|Any CPU.ActiveCfg = Debug|Any CPU
		{CD587988-F28E-45CE-8619-86804A6C79D7}.Debug|Any CPU.Build.0 = Debug|Any CPU
		{CD587988-F28E-45CE-8619-86804A6C79D7}.Debug|Mixed Platforms.ActiveCfg = Debug|Any CPU
		{CD587988-F28E-45CE-8619-86804A6C79D7}.Debug|Mixed Platforms.Build.0 = Debug|Any CPU
		{CD587988-F28E-45CE-8619-86804A6C79D7}.Debug|Win32.ActiveCfg = Debug|Any CPU
		{CD587988-F28E-45CE-8619-86804A6C79D7}.Debug|x86.ActiveCfg = Debug|Any CPU
		{CD587988-F28E-45CE-8619-86804A6C79D7}.DVD-5|Any CPU.ActiveCfg = Debug|Any CPU
		{CD587988-F28E-45CE-8619-86804A6C79D7}.DVD-5|Any CPU.Build.0 = Debug|Any CPU
		{CD587988-F28E-45CE-8619-86804A6C79D7}.DVD-5|Mixed Platforms.ActiveCfg = Debug|Any CPU
		{CD587988-F28E-45CE-8619-86804A6C79D7}.DVD-5|Mixed Platforms.Build.0 = Debug|Any CPU
		{CD587988-F28E-45CE-8619-86804A6C79D7}.DVD-5|Win32.ActiveCfg = Debug|Any CPU
		{CD587988-F28E-45CE-8619-86804A6C79D7}.DVD-5|x86.ActiveCfg = Debug|Any CPU
		{CD587988-F28E-45CE-8619-86804A6C79D7}.Release|Any CPU.ActiveCfg = Release|Any CPU
		{CD587988-F28E-45CE-8619-86804A6C79D7}.Release|Any CPU.Build.0 = Release|Any CPU
		{CD587988-F28E-45CE-8619-86804A6C79D7}.Release|Mixed Platforms.ActiveCfg = Release|Any CPU
		{CD587988-F28E-45CE-8619-86804A6C79D7}.Release|Mixed Platforms.Build.0 = Release|Any CPU
		{CD587988-F28E-45CE-8619-86804A6C79D7}.Release|Win32.ActiveCfg = Release|Any CPU
		{CD587988-F28E-45CE-8619-86804A6C79D7}.Release|x86.ActiveCfg = Release|Any CPU
		{CD587988-F28E-45CE-8619-86804A6C79D7}.SingleImage|Any CPU.ActiveCfg = Release|Any CPU
		{CD587988-F28E-45CE-8619-86804A6C79D7}.SingleImage|Any CPU.Build.0 = Release|Any CPU
		{CD587988-F28E-45CE-8619-86804A6C79D7}.SingleImage|Mixed Platforms.ActiveCfg = Release|Any CPU
		{CD587988-F28E-45CE-8619-86804A6C79D7}.SingleImage|Mixed Platforms.Build.0 = Release|Any CPU
		{CD587988-F28E-45CE-8619-86804A6C79D7}.SingleImage|Win32.ActiveCfg = Release|Any CPU
		{CD587988-F28E-45CE-8619-86804A6C79D7}.SingleImage|x86.ActiveCfg = Release|Any CPU
		{16EBC016-5750-4D60-951C-FFB38E30C566}.CD_ROM|Any CPU.ActiveCfg = Release|x86
		{16EBC016-5750-4D60-951C-FFB38E30C566}.CD_ROM|Mixed Platforms.ActiveCfg = Release|x86
		{16EBC016-5750-4D60-951C-FFB38E30C566}.CD_ROM|Mixed Platforms.Build.0 = Release|x86
		{16EBC016-5750-4D60-951C-FFB38E30C566}.CD_ROM|Win32.ActiveCfg = Release|x86
		{16EBC016-5750-4D60-951C-FFB38E30C566}.CD_ROM|x86.ActiveCfg = Release|x86
		{16EBC016-5750-4D60-951C-FFB38E30C566}.CD_ROM|x86.Build.0 = Release|x86
		{16EBC016-5750-4D60-951C-FFB38E30C566}.Debug|Any CPU.ActiveCfg = Debug|x86
		{16EBC016-5750-4D60-951C-FFB38E30C566}.Debug|Mixed Platforms.ActiveCfg = Debug|x86
		{16EBC016-5750-4D60-951C-FFB38E30C566}.Debug|Mixed Platforms.Build.0 = Debug|x86
		{16EBC016-5750-4D60-951C-FFB38E30C566}.Debug|Win32.ActiveCfg = Debug|x86
		{16EBC016-5750-4D60-951C-FFB38E30C566}.Debug|x86.ActiveCfg = Debug|x86
		{16EBC016-5750-4D60-951C-FFB38E30C566}.Debug|x86.Build.0 = Debug|x86
		{16EBC016-5750-4D60-951C-FFB38E30C566}.DVD-5|Any CPU.ActiveCfg = Debug|x86
		{16EBC016-5750-4D60-951C-FFB38E30C566}.DVD-5|Mixed Platforms.ActiveCfg = Debug|x86
		{16EBC016-5750-4D60-951C-FFB38E30C566}.DVD-5|Mixed Platforms.Build.0 = Debug|x86
		{16EBC016-5750-4D60-951C-FFB38E30C566}.DVD-5|Win32.ActiveCfg = Debug|x86
		{16EBC016-5750-4D60-951C-FFB38E30C566}.DVD-5|x86.ActiveCfg = Debug|x86
		{16EBC016-5750-4D60-951C-FFB38E30C566}.DVD-5|x86.Build.0 = Debug|x86
		{16EBC016-5750-4D60-951C-FFB38E30C566}.Release|Any CPU.ActiveCfg = Release|x86
		{16EBC016-5750-4D60-951C-FFB38E30C566}.Release|Mixed Platforms.ActiveCfg = Release|x86
		{16EBC016-5750-4D60-951C-FFB38E30C566}.Release|Mixed Platforms.Build.0 = Release|x86
		{16EBC016-5750-4D60-951C-FFB38E30C566}.Release|Win32.ActiveCfg = Release|x86
		{16EBC016-5750-4D60-951C-FFB38E30C566}.Release|x86.ActiveCfg = Release|x86
		{16EBC016-5750-4D60-951C-FFB38E30C566}.Release|x86.Build.0 = Release|x86
		{16EBC016-5750-4D60-951C-FFB38E30C566}.SingleImage|Any CPU.ActiveCfg = Release|x86
		{16EBC016-5750-4D60-951C-FFB38E30C566}.SingleImage|Mixed Platforms.ActiveCfg = Release|x86
		{16EBC016-5750-4D60-951C-FFB38E30C566}.SingleImage|Mixed Platforms.Build.0 = Release|x86
		{16EBC016-5750-4D60-951C-FFB38E30C566}.SingleImage|Win32.ActiveCfg = Release|x86
		{16EBC016-5750-4D60-951C-FFB38E30C566}.SingleImage|x86.ActiveCfg = Release|x86
		{16EBC016-5750-4D60-951C-FFB38E30C566}.SingleImage|x86.Build.0 = Release|x86
		{7A467A6A-7037-4C65-80FE-3462B820221B}.CD_ROM|Any CPU.ActiveCfg = Release|x86
		{7A467A6A-7037-4C65-80FE-3462B820221B}.CD_ROM|Mixed Platforms.ActiveCfg = Release|x86
		{7A467A6A-7037-4C65-80FE-3462B820221B}.CD_ROM|Mixed Platforms.Build.0 = Release|x86
		{7A467A6A-7037-4C65-80FE-3462B820221B}.CD_ROM|Win32.ActiveCfg = Release|x86
		{7A467A6A-7037-4C65-80FE-3462B820221B}.CD_ROM|x86.ActiveCfg = Release|x86
		{7A467A6A-7037-4C65-80FE-3462B820221B}.CD_ROM|x86.Build.0 = Release|x86
		{7A467A6A-7037-4C65-80FE-3462B820221B}.Debug|Any CPU.ActiveCfg = Debug|x86
		{7A467A6A-7037-4C65-80FE-3462B820221B}.Debug|Mixed Platforms.ActiveCfg = Debug|x86
		{7A467A6A-7037-4C65-80FE-3462B820221B}.Debug|Mixed Platforms.Build.0 = Debug|x86
		{7A467A6A-7037-4C65-80FE-3462B820221B}.Debug|Win32.ActiveCfg = Debug|x86
		{7A467A6A-7037-4C65-80FE-3462B820221B}.Debug|x86.ActiveCfg = Debug|x86
		{7A467A6A-7037-4C65-80FE-3462B820221B}.Debug|x86.Build.0 = Debug|x86
		{7A467A6A-7037-4C65-80FE-3462B820221B}.DVD-5|Any CPU.ActiveCfg = Debug|x86
		{7A467A6A-7037-4C65-80FE-3462B820221B}.DVD-5|Mixed Platforms.ActiveCfg = Debug|x86
		{7A467A6A-7037-4C65-80FE-3462B820221B}.DVD-5|Mixed Platforms.Build.0 = Debug|x86
		{7A467A6A-7037-4C65-80FE-3462B820221B}.DVD-5|Win32.ActiveCfg = Debug|x86
		{7A467A6A-7037-4C65-80FE-3462B820221B}.DVD-5|x86.ActiveCfg = Debug|x86
		{7A467A6A-7037-4C65-80FE-3462B820221B}.DVD-5|x86.Build.0 = Debug|x86
		{7A467A6A-7037-4C65-80FE-3462B820221B}.Release|Any CPU.ActiveCfg = Release|x86
		{7A467A6A-7037-4C65-80FE-3462B820221B}.Release|Mixed Platforms.ActiveCfg = Release|x86
		{7A467A6A-7037-4C65-80FE-3462B820221B}.Release|Mixed Platforms.Build.0 = Release|x86
		{7A467A6A-7037-4C65-80FE-3462B820221B}.Release|Win32.ActiveCfg = Release|x86
		{7A467A6A-7037-4C65-80FE-3462B820221B}.Release|x86.ActiveCfg = Release|x86
		{7A467A6A-7037-4C65-80FE-3462B820221B}.Release|x86.Build.0 = Release|x86
		{7A467A6A-7037-4C65-80FE-3462B820221B}.SingleImage|Any CPU.ActiveCfg = Release|x86
		{7A467A6A-7037-4C65-80FE-3462B820221B}.SingleImage|Mixed Platforms.ActiveCfg = Release|x86
		{7A467A6A-7037-4C65-80FE-3462B820221B}.SingleImage|Mixed Platforms.Build.0 = Release|x86
		{7A467A6A-7037-4C65-80FE-3462B820221B}.SingleImage|Win32.ActiveCfg = Release|x86
		{7A467A6A-7037-4C65-80FE-3462B820221B}.SingleImage|x86.ActiveCfg = Release|x86
		{7A467A6A-7037-4C65-80FE-3462B820221B}.SingleImage|x86.Build.0 = Release|x86
		{91022CC7-3D0A-43C1-A3E4-C660071FC588}.CD_ROM|Any CPU.ActiveCfg = Release|x86
		{91022CC7-3D0A-43C1-A3E4-C660071FC588}.CD_ROM|Mixed Platforms.ActiveCfg = Release|x86
		{91022CC7-3D0A-43C1-A3E4-C660071FC588}.CD_ROM|Mixed Platforms.Build.0 = Release|x86
		{91022CC7-3D0A-43C1-A3E4-C660071FC588}.CD_ROM|Win32.ActiveCfg = Release|x86
		{91022CC7-3D0A-43C1-A3E4-C660071FC588}.CD_ROM|x86.ActiveCfg = Release|x86
		{91022CC7-3D0A-43C1-A3E4-C660071FC588}.CD_ROM|x86.Build.0 = Release|x86
		{91022CC7-3D0A-43C1-A3E4-C660071FC588}.Debug|Any CPU.ActiveCfg = Debug|x86
		{91022CC7-3D0A-43C1-A3E4-C660071FC588}.Debug|Mixed Platforms.ActiveCfg = Debug|x86
		{91022CC7-3D0A-43C1-A3E4-C660071FC588}.Debug|Mixed Platforms.Build.0 = Debug|x86
		{91022CC7-3D0A-43C1-A3E4-C660071FC588}.Debug|Win32.ActiveCfg = Debug|x86
		{91022CC7-3D0A-43C1-A3E4-C660071FC588}.Debug|x86.ActiveCfg = Debug|x86
		{91022CC7-3D0A-43C1-A3E4-C660071FC588}.Debug|x86.Build.0 = Debug|x86
		{91022CC7-3D0A-43C1-A3E4-C660071FC588}.DVD-5|Any CPU.ActiveCfg = Debug|x86
		{91022CC7-3D0A-43C1-A3E4-C660071FC588}.DVD-5|Mixed Platforms.ActiveCfg = Debug|x86
		{91022CC7-3D0A-43C1-A3E4-C660071FC588}.DVD-5|Mixed Platforms.Build.0 = Debug|x86
		{91022CC7-3D0A-43C1-A3E4-C660071FC588}.DVD-5|Win32.ActiveCfg = Debug|x86
		{91022CC7-3D0A-43C1-A3E4-C660071FC588}.DVD-5|x86.ActiveCfg = Debug|x86
		{91022CC7-3D0A-43C1-A3E4-C660071FC588}.DVD-5|x86.Build.0 = Debug|x86
		{91022CC7-3D0A-43C1-A3E4-C660071FC588}.Release|Any CPU.ActiveCfg = Release|x86
		{91022CC7-3D0A-43C1-A3E4-C660071FC588}.Release|Mixed Platforms.ActiveCfg = Release|x86
		{91022CC7-3D0A-43C1-A3E4-C660071FC588}.Release|Mixed Platforms.Build.0 = Release|x86
		{91022CC7-3D0A-43C1-A3E4-C660071FC588}.Release|Win32.ActiveCfg = Release|x86
		{91022CC7-3D0A-43C1-A3E4-C660071FC588}.Release|x86.ActiveCfg = Release|x86
		{91022CC7-3D0A-43C1-A3E4-C660071FC588}.Release|x86.Build.0 = Release|x86
		{91022CC7-3D0A-43C1-A3E4-C660071FC588}.SingleImage|Any CPU.ActiveCfg = Release|x86
		{91022CC7-3D0A-43C1-A3E4-C660071FC588}.SingleImage|Mixed Platforms.ActiveCfg = Release|x86
		{91022CC7-3D0A-43C1-A3E4-C660071FC588}.SingleImage|Mixed Platforms.Build.0 = Release|x86
		{91022CC7-3D0A-43C1-A3E4-C660071FC588}.SingleImage|Win32.ActiveCfg = Release|x86
		{91022CC7-3D0A-43C1-A3E4-C660071FC588}.SingleImage|x86.ActiveCfg = Release|x86
		{91022CC7-3D0A-43C1-A3E4-C660071FC588}.SingleImage|x86.Build.0 = Release|x86
		{38C6E1F7-C0F0-4513-AAF5-B075E5F420B9}.CD_ROM|Any CPU.ActiveCfg = Release|x86
		{38C6E1F7-C0F0-4513-AAF5-B075E5F420B9}.CD_ROM|Mixed Platforms.ActiveCfg = Release|x86
		{38C6E1F7-C0F0-4513-AAF5-B075E5F420B9}.CD_ROM|Mixed Platforms.Build.0 = Release|x86
		{38C6E1F7-C0F0-4513-AAF5-B075E5F420B9}.CD_ROM|Win32.ActiveCfg = Release|x86
		{38C6E1F7-C0F0-4513-AAF5-B075E5F420B9}.CD_ROM|x86.ActiveCfg = Release|x86
		{38C6E1F7-C0F0-4513-AAF5-B075E5F420B9}.CD_ROM|x86.Build.0 = Release|x86
		{38C6E1F7-C0F0-4513-AAF5-B075E5F420B9}.Debug|Any CPU.ActiveCfg = Debug|x86
		{38C6E1F7-C0F0-4513-AAF5-B075E5F420B9}.Debug|Mixed Platforms.ActiveCfg = Debug|x86
		{38C6E1F7-C0F0-4513-AAF5-B075E5F420B9}.Debug|Mixed Platforms.Build.0 = Debug|x86
		{38C6E1F7-C0F0-4513-AAF5-B075E5F420B9}.Debug|Win32.ActiveCfg = Debug|x86
		{38C6E1F7-C0F0-4513-AAF5-B075E5F420B9}.Debug|x86.ActiveCfg = Debug|x86
		{38C6E1F7-C0F0-4513-AAF5-B075E5F420B9}.Debug|x86.Build.0 = Debug|x86
		{38C6E1F7-C0F0-4513-AAF5-B075E5F420B9}.DVD-5|Any CPU.ActiveCfg = Debug|x86
		{38C6E1F7-C0F0-4513-AAF5-B075E5F420B9}.DVD-5|Mixed Platforms.ActiveCfg = Debug|x86
		{38C6E1F7-C0F0-4513-AAF5-B075E5F420B9}.DVD-5|Mixed Platforms.Build.0 = Debug|x86
		{38C6E1F7-C0F0-4513-AAF5-B075E5F420B9}.DVD-5|Win32.ActiveCfg = Debug|x86
		{38C6E1F7-C0F0-4513-AAF5-B075E5F420B9}.DVD-5|x86.ActiveCfg = Debug|x86
		{38C6E1F7-C0F0-4513-AAF5-B075E5F420B9}.DVD-5|x86.Build.0 = Debug|x86
		{38C6E1F7-C0F0-4513-AAF5-B075E5F420B9}.Release|Any CPU.ActiveCfg = Release|x86
		{38C6E1F7-C0F0-4513-AAF5-B075E5F420B9}.Release|Mixed Platforms.ActiveCfg = Release|x86
		{38C6E1F7-C0F0-4513-AAF5-B075E5F420B9}.Release|Mixed Platforms.Build.0 = Release|x86
		{38C6E1F7-C0F0-4513-AAF5-B075E5F420B9}.Release|Win32.ActiveCfg = Release|x86
		{38C6E1F7-C0F0-4513-AAF5-B075E5F420B9}.Release|x86.ActiveCfg = Release|x86
		{38C6E1F7-C0F0-4513-AAF5-B075E5F420B9}.Release|x86.Build.0 = Release|x86
		{38C6E1F7-C0F0-4513-AAF5-B075E5F420B9}.SingleImage|Any CPU.ActiveCfg = Release|x86
		{38C6E1F7-C0F0-4513-AAF5-B075E5F420B9}.SingleImage|Mixed Platforms.ActiveCfg = Release|x86
		{38C6E1F7-C0F0-4513-AAF5-B075E5F420B9}.SingleImage|Mixed Platforms.Build.0 = Release|x86
		{38C6E1F7-C0F0-4513-AAF5-B075E5F420B9}.SingleImage|Win32.ActiveCfg = Release|x86
		{38C6E1F7-C0F0-4513-AAF5-B075E5F420B9}.SingleImage|x86.ActiveCfg = Release|x86
		{38C6E1F7-C0F0-4513-AAF5-B075E5F420B9}.SingleImage|x86.Build.0 = Release|x86
	EndGlobalSection
	GlobalSection(SolutionProperties) = preSolution
		HideSolutionNode = FALSE
	EndGlobalSection
	GlobalSection(NestedProjects) = preSolution
		{C7B8A613-B0D8-49B4-B232-54A222E0095C} = {B7B3F6C7-0019-4EAA-9A3A-00BC0997D6A6}
		{B57BA18E-AFAF-4CCE-A71C-A2B2D0BD27AA} = {B7B3F6C7-0019-4EAA-9A3A-00BC0997D6A6}
		{87C11605-FDC7-444E-9C9D-4E1743182B6F} = {B7B3F6C7-0019-4EAA-9A3A-00BC0997D6A6}
		{16EBC016-5750-4D60-951C-FFB38E30C566} = {B7B3F6C7-0019-4EAA-9A3A-00BC0997D6A6}
		{7A467A6A-7037-4C65-80FE-3462B820221B} = {B7B3F6C7-0019-4EAA-9A3A-00BC0997D6A6}
		{91022CC7-3D0A-43C1-A3E4-C660071FC588} = {B7B3F6C7-0019-4EAA-9A3A-00BC0997D6A6}
		{38C6E1F7-C0F0-4513-AAF5-B075E5F420B9} = {B7B3F6C7-0019-4EAA-9A3A-00BC0997D6A6}
		{2CFFCA13-B00A-4605-B6A4-D49A616CFCB4} = {ACCFEFD0-E8B2-42FC-8DA6-CADBCCB9B0F7}
		{DAE8EDAE-A615-4C45-BA67-6D32454938CD} = {ACCFEFD0-E8B2-42FC-8DA6-CADBCCB9B0F7}
		{5873DE0F-6853-4C8E-91A4-7A6861069A9A} = {ACCFEFD0-E8B2-42FC-8DA6-CADBCCB9B0F7}
		{F28E6912-415E-4808-B973-F0E19B31EEB6} = {ACCFEFD0-E8B2-42FC-8DA6-CADBCCB9B0F7}
		{CD587988-F28E-45CE-8619-86804A6C79D7} = {ACCFEFD0-E8B2-42FC-8DA6-CADBCCB9B0F7}
		{973E45FC-0ABC-4438-8181-DF93FB683429} = {D0C07C12-52E8-4171-83D5-66660A089341}
		{B41B2A00-165A-45B6-9DD2-CDB0F22A4782} = {D0C07C12-52E8-4171-83D5-66660A089341}
		{AE08C46E-B542-43D1-BBF5-2D555ED9C1B2} = {D0C07C12-52E8-4171-83D5-66660A089341}
		{59FA1002-03AE-4DDA-B625-267576FA629A} = {D0C07C12-52E8-4171-83D5-66660A089341}
		{881346D4-D910-4A6D-8B52-98B7D9759A85} = {D0C07C12-52E8-4171-83D5-66660A089341}
		{192BFACE-1568-4AEC-BFB9-1423D7783036} = {D0C07C12-52E8-4171-83D5-66660A089341}
	EndGlobalSection
EndGlobal
