Microsoft Visual Studio Solution File, Format Version 8.00
Project("{FAE04EC0-301F-11D3-BF4B-00C04F79EFBC}") = "XPExplorerBarDemo", "XPExplorerBarDemo.csproj", "{9D441A8F-700A-4873-AD39-4366135ABE7F}"
	ProjectSection(ProjectDependencies) = postProject
	EndProjectSection
EndProject
Global
	GlobalSection(SolutionConfiguration) = preSolution
		Debug = Debug
		Release = Release
	EndGlobalSection
	GlobalSection(ProjectConfiguration) = postSolution
		{9D441A8F-700A-4873-AD39-4366135ABE7F}.Debug.ActiveCfg = Debug|.NET
		{9D441A8F-700A-4873-AD39-4366135ABE7F}.Debug.Build.0 = Debug|.NET
		{9D441A8F-700A-4873-AD39-4366135ABE7F}.Release.ActiveCfg = Release|.NET
		{9D441A8F-700A-4873-AD39-4366135ABE7F}.Release.Build.0 = Release|.NET
	EndGlobalSection
	GlobalSection(ExtensibilityGlobals) = postSolution
	EndGlobalSection
	GlobalSection(ExtensibilityAddIns) = postSolution
	EndGlobalSection
EndGlobal
