Microsoft Visual Studio Solution File, Format Version 11.00
# Visual Studio 2010
Project("{2150E333-8FDC-42A3-9474-1A3956D46DE8}") = "Station", "Station", "{B7B3F6C7-0019-4EAA-9A3A-00BC0997D6A6}"
EndProject
Project("{2150E333-8FDC-42A3-9474-1A3956D46DE8}") = "Client", "Client", "{ACCFEFD0-E8B2-42FC-8DA6-CADBCCB9B0F7}"
EndProject
Project("{2150E333-8FDC-42A3-9474-1A3956D46DE8}") = "Setup", "Setup", "{D0C07C12-52E8-4171-83D5-66660A089341}"
EndProject
Project("{FAE04EC0-301F-11D3-BF4B-00C04F79EFBC}") = "Assembler", "Setup\Assembler\Assembler.csproj", "{973E45FC-0ABC-4438-8181-DF93FB683429}"
	ProjectSection(ProjectDependencies) = postProject
		{B41B2A00-165A-45B6-9DD2-CDB0F22A4782} = {B41B2A00-165A-45B6-9DD2-CDB0F22A4782}
		{59FA1002-03AE-4DDA-B625-267576FA629A} = {59FA1002-03AE-4DDA-B625-267576FA629A}
		{AE08C46E-B542-43D1-BBF5-2D555ED9C1B2} = {AE08C46E-B542-43D1-BBF5-2D555ED9C1B2}
		{881346D4-D910-4A6D-8B52-98B7D9759A85} = {881346D4-D910-4A6D-8B52-98B7D9759A85}
	EndProjectSection
EndProject
Project("{FAE04EC0-301F-11D3-BF4B-00C04F79EFBC}") = "Gui", "Setup\Gui\Gui.csproj", "{B41B2A00-165A-45B6-9DD2-CDB0F22A4782}"
	ProjectSection(ProjectDependencies) = postProject
		{881346D4-D910-4A6D-8B52-98B7D9759A85} = {881346D4-D910-4A6D-8B52-98B7D9759A85}
	EndProjectSection
EndProject
Project("{8BC9CEB8-8B4A-11D0-8D11-00A0C91BC942}") = "IntermediateBootstrapper", "Setup\IntermediateBootstrapper\IntermediateBootstrapper.vcxproj", "{AE08C46E-B542-43D1-BBF5-2D555ED9C1B2}"
EndProject
Project("{930C7802-8A8C-48F9-8165-68863BCCD9DD}") = "Package", "Setup\Package\Package.wixproj", "{59FA1002-03AE-4DDA-B625-267576FA629A}"
	ProjectSection(ProjectDependencies) = postProject
		{B41B2A00-165A-45B6-9DD2-CDB0F22A4782} = {B41B2A00-165A-45B6-9DD2-CDB0F22A4782}
		{D8EBEB43-6E6D-4B23-A2B9-BA390C962171} = {D8EBEB43-6E6D-4B23-A2B9-BA390C962171}
		{B1D9FC7C-BA18-4247-9401-47EAEC7E31E5} = {B1D9FC7C-BA18-4247-9401-47EAEC7E31E5}
		{30611A98-4CE2-42B2-A10C-17765BF5D8F4} = {30611A98-4CE2-42B2-A10C-17765BF5D8F4}
		{881346D4-D910-4A6D-8B52-98B7D9759A85} = {881346D4-D910-4A6D-8B52-98B7D9759A85}
	EndProjectSection
EndProject
Project("{FAE04EC0-301F-11D3-BF4B-00C04F79EFBC}") = "Translation", "Setup\Translation\Translation.csproj", "{881346D4-D910-4A6D-8B52-98B7D9759A85}"
EndProject
Project("{FAE04EC0-301F-11D3-BF4B-00C04F79EFBC}") = "InstallHelper", "Setup\InstallHelper\InstallHelper.csproj", "{192BFACE-1568-4AEC-BFB9-1423D7783036}"
EndProject
Project("{FAE04EC0-301F-11D3-BF4B-00C04F79EFBC}") = "CommonLibs", "Common\Localizer\CommonLibs.csproj", "{CD587988-F28E-45CE-8619-86804A6C79D7}"
EndProject
Project("{2150E333-8FDC-42A3-9474-1A3956D46DE8}") = "Common", "Common", "{82E503A6-489F-479A-A1E6-F9F6B1467164}"
EndProject
Project("{FAE04EC0-301F-11D3-BF4B-00C04F79EFBC}") = "Wammer.Station.Service", "Wammer.Station.Service\Wammer.Station.Service.csproj", "{C7B8A613-B0D8-49B4-B232-54A222E0095C}"
EndProject
Project("{FAE04EC0-301F-11D3-BF4B-00C04F79EFBC}") = "UT_WammerStation", "UT_WammerStation\UT_WammerStation.csproj", "{B57BA18E-AFAF-4CCE-A71C-A2B2D0BD27AA}"
EndProject
Project("{FAE04EC0-301F-11D3-BF4B-00C04F79EFBC}") = "Waveface.Stream.ClientFramework", "Waveface.Stream.ClientFramework\Waveface.Stream.ClientFramework.csproj", "{6C951229-0A01-47B7-89B5-9317B025415B}"
EndProject
Project("{FAE04EC0-301F-11D3-BF4B-00C04F79EFBC}") = "Waveface.Stream.ClientFramework.Test", "Waveface.Stream.ClientFramework.Test\Waveface.Stream.ClientFramework.Test.csproj", "{EC628C72-28E2-4CB4-8DA9-04B3E8A80098}"
EndProject
Project("{FAE04EC0-301F-11D3-BF4B-00C04F79EFBC}") = "Waveface.Stream.Model", "Waveface.Stream.Model\Waveface.Stream.Model.csproj", "{990AE10D-E77A-4742-BCAA-A52A9B7D1AF9}"
EndProject
Project("{FAE04EC0-301F-11D3-BF4B-00C04F79EFBC}") = "Waveface.Stream.WindowsClient", "Waveface.Stream.WindowsClient\Waveface.Stream.WindowsClient.csproj", "{C1A28328-3DEC-4867-BB04-8AF251D8FC0B}"
EndProject
Project("{2150E333-8FDC-42A3-9474-1A3956D46DE8}") = "Solution Items", "Solution Items", "{A81D69FD-8922-45C4-8BF1-C5A3D6BC9CB5}"
	ProjectSection(SolutionItems) = preProject
		TestSettings1.testsettings = TestSettings1.testsettings
		Waveface.Stream_2010.vsmdi = Waveface.Stream_2010.vsmdi
	EndProjectSection
EndProject
Project("{FAE04EC0-301F-11D3-BF4B-00C04F79EFBC}") = "Waveface.Stream.Datx", "Waveface.Stream.Datx\Waveface.Stream.Datx.csproj", "{B1D9FC7C-BA18-4247-9401-47EAEC7E31E5}"
EndProject
Project("{FAE04EC0-301F-11D3-BF4B-00C04F79EFBC}") = "Waveface.Stream.Serializer", "Waveface.Stream.Serializer\Waveface.Stream.Serializer.csproj", "{30611A98-4CE2-42B2-A10C-17765BF5D8F4}"
EndProject
Project("{FAE04EC0-301F-11D3-BF4B-00C04F79EFBC}") = "Waveface.Stream.Compression", "Waveface.Stream.Compression\Waveface.Stream.Compression.csproj", "{D8EBEB43-6E6D-4B23-A2B9-BA390C962171}"
EndProject
Project("{FAE04EC0-301F-11D3-BF4B-00C04F79EFBC}") = "Waveface.Stream.Core", "Waveface.Stream.Core\Waveface.Stream.Core.csproj", "{2E32611C-38BB-4FF7-94E7-EEAF6D9C26DF}"
EndProject
Global
	GlobalSection(TestCaseManagementSettings) = postSolution
		CategoryFile = Waveface.Stream_2010.vsmdi
	EndGlobalSection
	GlobalSection(SolutionConfigurationPlatforms) = preSolution
		CD_ROM|Any CPU = CD_ROM|Any CPU
		CD_ROM|Mixed Platforms = CD_ROM|Mixed Platforms
		CD_ROM|Win32 = CD_ROM|Win32
		CD_ROM|x86 = CD_ROM|x86
		Debug Designer|Any CPU = Debug Designer|Any CPU
		Debug Designer|Mixed Platforms = Debug Designer|Mixed Platforms
		Debug Designer|Win32 = Debug Designer|Win32
		Debug Designer|x86 = Debug Designer|x86
		Debug|Any CPU = Debug|Any CPU
		Debug|Mixed Platforms = Debug|Mixed Platforms
		Debug|Win32 = Debug|Win32
		Debug|x86 = Debug|x86
		DVD-5|Any CPU = DVD-5|Any CPU
		DVD-5|Mixed Platforms = DVD-5|Mixed Platforms
		DVD-5|Win32 = DVD-5|Win32
		DVD-5|x86 = DVD-5|x86
		Release without WIC|Any CPU = Release without WIC|Any CPU
		Release without WIC|Mixed Platforms = Release without WIC|Mixed Platforms
		Release without WIC|Win32 = Release without WIC|Win32
		Release without WIC|x86 = Release without WIC|x86
		Release|Any CPU = Release|Any CPU
		Release|Mixed Platforms = Release|Mixed Platforms
		Release|Win32 = Release|Win32
		Release|x86 = Release|x86
		SingleImage|Any CPU = SingleImage|Any CPU
		SingleImage|Mixed Platforms = SingleImage|Mixed Platforms
		SingleImage|Win32 = SingleImage|Win32
		SingleImage|x86 = SingleImage|x86
	EndGlobalSection
	GlobalSection(ProjectConfigurationPlatforms) = postSolution
		{973E45FC-0ABC-4438-8181-DF93FB683429}.CD_ROM|Any CPU.ActiveCfg = Debug|Any CPU
		{973E45FC-0ABC-4438-8181-DF93FB683429}.CD_ROM|Any CPU.Build.0 = Debug|Any CPU
		{973E45FC-0ABC-4438-8181-DF93FB683429}.CD_ROM|Mixed Platforms.ActiveCfg = Debug|Any CPU
		{973E45FC-0ABC-4438-8181-DF93FB683429}.CD_ROM|Mixed Platforms.Build.0 = Debug|Any CPU
		{973E45FC-0ABC-4438-8181-DF93FB683429}.CD_ROM|Win32.ActiveCfg = Debug|Any CPU
		{973E45FC-0ABC-4438-8181-DF93FB683429}.CD_ROM|x86.ActiveCfg = Debug|Any CPU
		{973E45FC-0ABC-4438-8181-DF93FB683429}.Debug Designer|Any CPU.ActiveCfg = Debug|Any CPU
		{973E45FC-0ABC-4438-8181-DF93FB683429}.Debug Designer|Any CPU.Build.0 = Debug|Any CPU
		{973E45FC-0ABC-4438-8181-DF93FB683429}.Debug Designer|Mixed Platforms.ActiveCfg = Debug|Any CPU
		{973E45FC-0ABC-4438-8181-DF93FB683429}.Debug Designer|Mixed Platforms.Build.0 = Debug|Any CPU
		{973E45FC-0ABC-4438-8181-DF93FB683429}.Debug Designer|Win32.ActiveCfg = Debug|Any CPU
		{973E45FC-0ABC-4438-8181-DF93FB683429}.Debug Designer|x86.ActiveCfg = Debug|Any CPU
		{973E45FC-0ABC-4438-8181-DF93FB683429}.Debug|Any CPU.ActiveCfg = Debug|Any CPU
		{973E45FC-0ABC-4438-8181-DF93FB683429}.Debug|Any CPU.Build.0 = Debug|Any CPU
		{973E45FC-0ABC-4438-8181-DF93FB683429}.Debug|Mixed Platforms.ActiveCfg = Debug|Any CPU
		{973E45FC-0ABC-4438-8181-DF93FB683429}.Debug|Win32.ActiveCfg = Debug|Any CPU
		{973E45FC-0ABC-4438-8181-DF93FB683429}.Debug|x86.ActiveCfg = Debug|Any CPU
		{973E45FC-0ABC-4438-8181-DF93FB683429}.DVD-5|Any CPU.ActiveCfg = Debug|Any CPU
		{973E45FC-0ABC-4438-8181-DF93FB683429}.DVD-5|Any CPU.Build.0 = Debug|Any CPU
		{973E45FC-0ABC-4438-8181-DF93FB683429}.DVD-5|Mixed Platforms.ActiveCfg = Debug|Any CPU
		{973E45FC-0ABC-4438-8181-DF93FB683429}.DVD-5|Mixed Platforms.Build.0 = Debug|Any CPU
		{973E45FC-0ABC-4438-8181-DF93FB683429}.DVD-5|Win32.ActiveCfg = Debug|Any CPU
		{973E45FC-0ABC-4438-8181-DF93FB683429}.DVD-5|x86.ActiveCfg = Debug|Any CPU
		{973E45FC-0ABC-4438-8181-DF93FB683429}.Release without WIC|Any CPU.ActiveCfg = Release|Any CPU
		{973E45FC-0ABC-4438-8181-DF93FB683429}.Release without WIC|Any CPU.Build.0 = Release|Any CPU
		{973E45FC-0ABC-4438-8181-DF93FB683429}.Release without WIC|Mixed Platforms.ActiveCfg = Release|Any CPU
		{973E45FC-0ABC-4438-8181-DF93FB683429}.Release without WIC|Mixed Platforms.Build.0 = Release|Any CPU
		{973E45FC-0ABC-4438-8181-DF93FB683429}.Release without WIC|Win32.ActiveCfg = Release|Any CPU
		{973E45FC-0ABC-4438-8181-DF93FB683429}.Release without WIC|x86.ActiveCfg = Release|Any CPU
		{973E45FC-0ABC-4438-8181-DF93FB683429}.Release|Any CPU.ActiveCfg = Release|Any CPU
		{973E45FC-0ABC-4438-8181-DF93FB683429}.Release|Any CPU.Build.0 = Release|Any CPU
		{973E45FC-0ABC-4438-8181-DF93FB683429}.Release|Mixed Platforms.ActiveCfg = Release|Any CPU
		{973E45FC-0ABC-4438-8181-DF93FB683429}.Release|Mixed Platforms.Build.0 = Release|Any CPU
		{973E45FC-0ABC-4438-8181-DF93FB683429}.Release|Win32.ActiveCfg = Release|Any CPU
		{973E45FC-0ABC-4438-8181-DF93FB683429}.Release|x86.ActiveCfg = Release|Any CPU
		{973E45FC-0ABC-4438-8181-DF93FB683429}.SingleImage|Any CPU.ActiveCfg = Debug|Any CPU
		{973E45FC-0ABC-4438-8181-DF93FB683429}.SingleImage|Any CPU.Build.0 = Debug|Any CPU
		{973E45FC-0ABC-4438-8181-DF93FB683429}.SingleImage|Mixed Platforms.ActiveCfg = Debug|Any CPU
		{973E45FC-0ABC-4438-8181-DF93FB683429}.SingleImage|Mixed Platforms.Build.0 = Debug|Any CPU
		{973E45FC-0ABC-4438-8181-DF93FB683429}.SingleImage|Win32.ActiveCfg = Debug|Any CPU
		{973E45FC-0ABC-4438-8181-DF93FB683429}.SingleImage|x86.ActiveCfg = Debug|Any CPU
		{B41B2A00-165A-45B6-9DD2-CDB0F22A4782}.CD_ROM|Any CPU.ActiveCfg = Release|x86
		{B41B2A00-165A-45B6-9DD2-CDB0F22A4782}.CD_ROM|Mixed Platforms.ActiveCfg = Release|x86
		{B41B2A00-165A-45B6-9DD2-CDB0F22A4782}.CD_ROM|Mixed Platforms.Build.0 = Release|x86
		{B41B2A00-165A-45B6-9DD2-CDB0F22A4782}.CD_ROM|Win32.ActiveCfg = Release|x86
		{B41B2A00-165A-45B6-9DD2-CDB0F22A4782}.CD_ROM|x86.ActiveCfg = Release|x86
		{B41B2A00-165A-45B6-9DD2-CDB0F22A4782}.CD_ROM|x86.Build.0 = Release|x86
		{B41B2A00-165A-45B6-9DD2-CDB0F22A4782}.Debug Designer|Any CPU.ActiveCfg = Debug|x86
		{B41B2A00-165A-45B6-9DD2-CDB0F22A4782}.Debug Designer|Mixed Platforms.ActiveCfg = Debug|x86
		{B41B2A00-165A-45B6-9DD2-CDB0F22A4782}.Debug Designer|Mixed Platforms.Build.0 = Debug|x86
		{B41B2A00-165A-45B6-9DD2-CDB0F22A4782}.Debug Designer|Win32.ActiveCfg = Debug|x86
		{B41B2A00-165A-45B6-9DD2-CDB0F22A4782}.Debug Designer|x86.ActiveCfg = Debug|x86
		{B41B2A00-165A-45B6-9DD2-CDB0F22A4782}.Debug Designer|x86.Build.0 = Debug|x86
		{B41B2A00-165A-45B6-9DD2-CDB0F22A4782}.Debug|Any CPU.ActiveCfg = Debug|x86
		{B41B2A00-165A-45B6-9DD2-CDB0F22A4782}.Debug|Mixed Platforms.ActiveCfg = Debug|x86
		{B41B2A00-165A-45B6-9DD2-CDB0F22A4782}.Debug|Mixed Platforms.Build.0 = Debug|x86
		{B41B2A00-165A-45B6-9DD2-CDB0F22A4782}.Debug|Win32.ActiveCfg = Debug|x86
		{B41B2A00-165A-45B6-9DD2-CDB0F22A4782}.Debug|x86.ActiveCfg = Debug|x86
		{B41B2A00-165A-45B6-9DD2-CDB0F22A4782}.Debug|x86.Build.0 = Debug|x86
		{B41B2A00-165A-45B6-9DD2-CDB0F22A4782}.DVD-5|Any CPU.ActiveCfg = Debug|x86
		{B41B2A00-165A-45B6-9DD2-CDB0F22A4782}.DVD-5|Mixed Platforms.ActiveCfg = Debug|x86
		{B41B2A00-165A-45B6-9DD2-CDB0F22A4782}.DVD-5|Mixed Platforms.Build.0 = Debug|x86
		{B41B2A00-165A-45B6-9DD2-CDB0F22A4782}.DVD-5|Win32.ActiveCfg = Debug|x86
		{B41B2A00-165A-45B6-9DD2-CDB0F22A4782}.DVD-5|x86.ActiveCfg = Debug|x86
		{B41B2A00-165A-45B6-9DD2-CDB0F22A4782}.DVD-5|x86.Build.0 = Debug|x86
		{B41B2A00-165A-45B6-9DD2-CDB0F22A4782}.Release without WIC|Any CPU.ActiveCfg = Release|x86
		{B41B2A00-165A-45B6-9DD2-CDB0F22A4782}.Release without WIC|Mixed Platforms.ActiveCfg = Release|x86
		{B41B2A00-165A-45B6-9DD2-CDB0F22A4782}.Release without WIC|Mixed Platforms.Build.0 = Release|x86
		{B41B2A00-165A-45B6-9DD2-CDB0F22A4782}.Release without WIC|Win32.ActiveCfg = Release|x86
		{B41B2A00-165A-45B6-9DD2-CDB0F22A4782}.Release without WIC|x86.ActiveCfg = Release|x86
		{B41B2A00-165A-45B6-9DD2-CDB0F22A4782}.Release without WIC|x86.Build.0 = Release|x86
		{B41B2A00-165A-45B6-9DD2-CDB0F22A4782}.Release|Any CPU.ActiveCfg = Release|x86
		{B41B2A00-165A-45B6-9DD2-CDB0F22A4782}.Release|Mixed Platforms.ActiveCfg = Release|x86
		{B41B2A00-165A-45B6-9DD2-CDB0F22A4782}.Release|Mixed Platforms.Build.0 = Release|x86
		{B41B2A00-165A-45B6-9DD2-CDB0F22A4782}.Release|Win32.ActiveCfg = Release|x86
		{B41B2A00-165A-45B6-9DD2-CDB0F22A4782}.Release|x86.ActiveCfg = Release|x86
		{B41B2A00-165A-45B6-9DD2-CDB0F22A4782}.Release|x86.Build.0 = Release|x86
		{B41B2A00-165A-45B6-9DD2-CDB0F22A4782}.SingleImage|Any CPU.ActiveCfg = Release|x86
		{B41B2A00-165A-45B6-9DD2-CDB0F22A4782}.SingleImage|Mixed Platforms.ActiveCfg = Release|x86
		{B41B2A00-165A-45B6-9DD2-CDB0F22A4782}.SingleImage|Mixed Platforms.Build.0 = Release|x86
		{B41B2A00-165A-45B6-9DD2-CDB0F22A4782}.SingleImage|Win32.ActiveCfg = Release|x86
		{B41B2A00-165A-45B6-9DD2-CDB0F22A4782}.SingleImage|x86.ActiveCfg = Release|x86
		{B41B2A00-165A-45B6-9DD2-CDB0F22A4782}.SingleImage|x86.Build.0 = Release|x86
		{AE08C46E-B542-43D1-BBF5-2D555ED9C1B2}.CD_ROM|Any CPU.ActiveCfg = Release|Win32
		{AE08C46E-B542-43D1-BBF5-2D555ED9C1B2}.CD_ROM|Mixed Platforms.ActiveCfg = Release|Win32
		{AE08C46E-B542-43D1-BBF5-2D555ED9C1B2}.CD_ROM|Mixed Platforms.Build.0 = Release|Win32
		{AE08C46E-B542-43D1-BBF5-2D555ED9C1B2}.CD_ROM|Win32.ActiveCfg = Release|Win32
		{AE08C46E-B542-43D1-BBF5-2D555ED9C1B2}.CD_ROM|Win32.Build.0 = Release|Win32
		{AE08C46E-B542-43D1-BBF5-2D555ED9C1B2}.CD_ROM|x86.ActiveCfg = Release|Win32
		{AE08C46E-B542-43D1-BBF5-2D555ED9C1B2}.Debug Designer|Any CPU.ActiveCfg = Debug|Win32
		{AE08C46E-B542-43D1-BBF5-2D555ED9C1B2}.Debug Designer|Mixed Platforms.ActiveCfg = Debug|Win32
		{AE08C46E-B542-43D1-BBF5-2D555ED9C1B2}.Debug Designer|Mixed Platforms.Build.0 = Debug|Win32
		{AE08C46E-B542-43D1-BBF5-2D555ED9C1B2}.Debug Designer|Win32.ActiveCfg = Debug|Win32
		{AE08C46E-B542-43D1-BBF5-2D555ED9C1B2}.Debug Designer|Win32.Build.0 = Debug|Win32
		{AE08C46E-B542-43D1-BBF5-2D555ED9C1B2}.Debug Designer|x86.ActiveCfg = Debug|Win32
		{AE08C46E-B542-43D1-BBF5-2D555ED9C1B2}.Debug|Any CPU.ActiveCfg = Debug|Win32
		{AE08C46E-B542-43D1-BBF5-2D555ED9C1B2}.Debug|Mixed Platforms.ActiveCfg = Debug|Win32
		{AE08C46E-B542-43D1-BBF5-2D555ED9C1B2}.Debug|Mixed Platforms.Build.0 = Debug|Win32
		{AE08C46E-B542-43D1-BBF5-2D555ED9C1B2}.Debug|Win32.ActiveCfg = Debug|Win32
		{AE08C46E-B542-43D1-BBF5-2D555ED9C1B2}.Debug|Win32.Build.0 = Debug|Win32
		{AE08C46E-B542-43D1-BBF5-2D555ED9C1B2}.Debug|x86.ActiveCfg = Debug|Win32
		{AE08C46E-B542-43D1-BBF5-2D555ED9C1B2}.DVD-5|Any CPU.ActiveCfg = Debug|Win32
		{AE08C46E-B542-43D1-BBF5-2D555ED9C1B2}.DVD-5|Mixed Platforms.ActiveCfg = Debug|Win32
		{AE08C46E-B542-43D1-BBF5-2D555ED9C1B2}.DVD-5|Mixed Platforms.Build.0 = Debug|Win32
		{AE08C46E-B542-43D1-BBF5-2D555ED9C1B2}.DVD-5|Win32.ActiveCfg = Debug|Win32
		{AE08C46E-B542-43D1-BBF5-2D555ED9C1B2}.DVD-5|Win32.Build.0 = Debug|Win32
		{AE08C46E-B542-43D1-BBF5-2D555ED9C1B2}.DVD-5|x86.ActiveCfg = Debug|Win32
		{AE08C46E-B542-43D1-BBF5-2D555ED9C1B2}.Release without WIC|Any CPU.ActiveCfg = Release|Win32
		{AE08C46E-B542-43D1-BBF5-2D555ED9C1B2}.Release without WIC|Mixed Platforms.ActiveCfg = Release|Win32
		{AE08C46E-B542-43D1-BBF5-2D555ED9C1B2}.Release without WIC|Mixed Platforms.Build.0 = Release|Win32
		{AE08C46E-B542-43D1-BBF5-2D555ED9C1B2}.Release without WIC|Win32.ActiveCfg = Release|Win32
		{AE08C46E-B542-43D1-BBF5-2D555ED9C1B2}.Release without WIC|Win32.Build.0 = Release|Win32
		{AE08C46E-B542-43D1-BBF5-2D555ED9C1B2}.Release without WIC|x86.ActiveCfg = Release|Win32
		{AE08C46E-B542-43D1-BBF5-2D555ED9C1B2}.Release|Any CPU.ActiveCfg = Release|Win32
		{AE08C46E-B542-43D1-BBF5-2D555ED9C1B2}.Release|Mixed Platforms.ActiveCfg = Release|Win32
		{AE08C46E-B542-43D1-BBF5-2D555ED9C1B2}.Release|Mixed Platforms.Build.0 = Release|Win32
		{AE08C46E-B542-43D1-BBF5-2D555ED9C1B2}.Release|Win32.ActiveCfg = Release|Win32
		{AE08C46E-B542-43D1-BBF5-2D555ED9C1B2}.Release|Win32.Build.0 = Release|Win32
		{AE08C46E-B542-43D1-BBF5-2D555ED9C1B2}.Release|x86.ActiveCfg = Release|Win32
		{AE08C46E-B542-43D1-BBF5-2D555ED9C1B2}.SingleImage|Any CPU.ActiveCfg = Release|Win32
		{AE08C46E-B542-43D1-BBF5-2D555ED9C1B2}.SingleImage|Mixed Platforms.ActiveCfg = Release|Win32
		{AE08C46E-B542-43D1-BBF5-2D555ED9C1B2}.SingleImage|Mixed Platforms.Build.0 = Release|Win32
		{AE08C46E-B542-43D1-BBF5-2D555ED9C1B2}.SingleImage|Win32.ActiveCfg = Release|Win32
		{AE08C46E-B542-43D1-BBF5-2D555ED9C1B2}.SingleImage|Win32.Build.0 = Release|Win32
		{AE08C46E-B542-43D1-BBF5-2D555ED9C1B2}.SingleImage|x86.ActiveCfg = Release|Win32
		{59FA1002-03AE-4DDA-B625-267576FA629A}.CD_ROM|Any CPU.ActiveCfg = Release|x86
		{59FA1002-03AE-4DDA-B625-267576FA629A}.CD_ROM|Mixed Platforms.ActiveCfg = Release|x86
		{59FA1002-03AE-4DDA-B625-267576FA629A}.CD_ROM|Mixed Platforms.Build.0 = Release|x86
		{59FA1002-03AE-4DDA-B625-267576FA629A}.CD_ROM|Win32.ActiveCfg = Release|x86
		{59FA1002-03AE-4DDA-B625-267576FA629A}.CD_ROM|x86.ActiveCfg = Release|x86
		{59FA1002-03AE-4DDA-B625-267576FA629A}.CD_ROM|x86.Build.0 = Release|x86
		{59FA1002-03AE-4DDA-B625-267576FA629A}.Debug Designer|Any CPU.ActiveCfg = Debug|x86
		{59FA1002-03AE-4DDA-B625-267576FA629A}.Debug Designer|Mixed Platforms.ActiveCfg = Debug|x86
		{59FA1002-03AE-4DDA-B625-267576FA629A}.Debug Designer|Mixed Platforms.Build.0 = Debug|x86
		{59FA1002-03AE-4DDA-B625-267576FA629A}.Debug Designer|Win32.ActiveCfg = Debug|x86
		{59FA1002-03AE-4DDA-B625-267576FA629A}.Debug Designer|x86.ActiveCfg = Debug|x86
		{59FA1002-03AE-4DDA-B625-267576FA629A}.Debug Designer|x86.Build.0 = Debug|x86
		{59FA1002-03AE-4DDA-B625-267576FA629A}.Debug|Any CPU.ActiveCfg = Debug|x86
		{59FA1002-03AE-4DDA-B625-267576FA629A}.Debug|Mixed Platforms.ActiveCfg = Debug|x86
		{59FA1002-03AE-4DDA-B625-267576FA629A}.Debug|Win32.ActiveCfg = Debug|x86
		{59FA1002-03AE-4DDA-B625-267576FA629A}.Debug|x86.ActiveCfg = Debug|x86
		{59FA1002-03AE-4DDA-B625-267576FA629A}.Debug|x86.Build.0 = Debug|x86
		{59FA1002-03AE-4DDA-B625-267576FA629A}.DVD-5|Any CPU.ActiveCfg = Debug|x86
		{59FA1002-03AE-4DDA-B625-267576FA629A}.DVD-5|Mixed Platforms.ActiveCfg = Debug|x86
		{59FA1002-03AE-4DDA-B625-267576FA629A}.DVD-5|Mixed Platforms.Build.0 = Debug|x86
		{59FA1002-03AE-4DDA-B625-267576FA629A}.DVD-5|Win32.ActiveCfg = Debug|x86
		{59FA1002-03AE-4DDA-B625-267576FA629A}.DVD-5|x86.ActiveCfg = Debug|x86
		{59FA1002-03AE-4DDA-B625-267576FA629A}.DVD-5|x86.Build.0 = Debug|x86
		{59FA1002-03AE-4DDA-B625-267576FA629A}.Release without WIC|Any CPU.ActiveCfg = Release|x86
		{59FA1002-03AE-4DDA-B625-267576FA629A}.Release without WIC|Mixed Platforms.ActiveCfg = Release|x86
		{59FA1002-03AE-4DDA-B625-267576FA629A}.Release without WIC|Mixed Platforms.Build.0 = Release|x86
		{59FA1002-03AE-4DDA-B625-267576FA629A}.Release without WIC|Win32.ActiveCfg = Release|x86
		{59FA1002-03AE-4DDA-B625-267576FA629A}.Release without WIC|x86.ActiveCfg = Release|x86
		{59FA1002-03AE-4DDA-B625-267576FA629A}.Release without WIC|x86.Build.0 = Release|x86
		{59FA1002-03AE-4DDA-B625-267576FA629A}.Release|Any CPU.ActiveCfg = Release|x86
		{59FA1002-03AE-4DDA-B625-267576FA629A}.Release|Mixed Platforms.ActiveCfg = Release|x86
		{59FA1002-03AE-4DDA-B625-267576FA629A}.Release|Mixed Platforms.Build.0 = Release|x86
		{59FA1002-03AE-4DDA-B625-267576FA629A}.Release|Win32.ActiveCfg = Release|x86
		{59FA1002-03AE-4DDA-B625-267576FA629A}.Release|x86.ActiveCfg = Release|x86
		{59FA1002-03AE-4DDA-B625-267576FA629A}.Release|x86.Build.0 = Release|x86
		{59FA1002-03AE-4DDA-B625-267576FA629A}.SingleImage|Any CPU.ActiveCfg = Release|x86
		{59FA1002-03AE-4DDA-B625-267576FA629A}.SingleImage|Mixed Platforms.ActiveCfg = Release|x86
		{59FA1002-03AE-4DDA-B625-267576FA629A}.SingleImage|Mixed Platforms.Build.0 = Release|x86
		{59FA1002-03AE-4DDA-B625-267576FA629A}.SingleImage|Win32.ActiveCfg = Release|x86
		{59FA1002-03AE-4DDA-B625-267576FA629A}.SingleImage|x86.ActiveCfg = Release|x86
		{59FA1002-03AE-4DDA-B625-267576FA629A}.SingleImage|x86.Build.0 = Release|x86
		{881346D4-D910-4A6D-8B52-98B7D9759A85}.CD_ROM|Any CPU.ActiveCfg = Debug|Any CPU
		{881346D4-D910-4A6D-8B52-98B7D9759A85}.CD_ROM|Any CPU.Build.0 = Debug|Any CPU
		{881346D4-D910-4A6D-8B52-98B7D9759A85}.CD_ROM|Mixed Platforms.ActiveCfg = Debug|Any CPU
		{881346D4-D910-4A6D-8B52-98B7D9759A85}.CD_ROM|Mixed Platforms.Build.0 = Debug|Any CPU
		{881346D4-D910-4A6D-8B52-98B7D9759A85}.CD_ROM|Win32.ActiveCfg = Debug|Any CPU
		{881346D4-D910-4A6D-8B52-98B7D9759A85}.CD_ROM|x86.ActiveCfg = Debug|Any CPU
		{881346D4-D910-4A6D-8B52-98B7D9759A85}.Debug Designer|Any CPU.ActiveCfg = Debug|Any CPU
		{881346D4-D910-4A6D-8B52-98B7D9759A85}.Debug Designer|Any CPU.Build.0 = Debug|Any CPU
		{881346D4-D910-4A6D-8B52-98B7D9759A85}.Debug Designer|Mixed Platforms.ActiveCfg = Debug|Any CPU
		{881346D4-D910-4A6D-8B52-98B7D9759A85}.Debug Designer|Mixed Platforms.Build.0 = Debug|Any CPU
		{881346D4-D910-4A6D-8B52-98B7D9759A85}.Debug Designer|Win32.ActiveCfg = Debug|Any CPU
		{881346D4-D910-4A6D-8B52-98B7D9759A85}.Debug Designer|x86.ActiveCfg = Debug|Any CPU
		{881346D4-D910-4A6D-8B52-98B7D9759A85}.Debug|Any CPU.ActiveCfg = Debug|Any CPU
		{881346D4-D910-4A6D-8B52-98B7D9759A85}.Debug|Any CPU.Build.0 = Debug|Any CPU
		{881346D4-D910-4A6D-8B52-98B7D9759A85}.Debug|Mixed Platforms.ActiveCfg = Debug|Any CPU
		{881346D4-D910-4A6D-8B52-98B7D9759A85}.Debug|Mixed Platforms.Build.0 = Debug|Any CPU
		{881346D4-D910-4A6D-8B52-98B7D9759A85}.Debug|Win32.ActiveCfg = Debug|Any CPU
		{881346D4-D910-4A6D-8B52-98B7D9759A85}.Debug|x86.ActiveCfg = Debug|Any CPU
		{881346D4-D910-4A6D-8B52-98B7D9759A85}.DVD-5|Any CPU.ActiveCfg = Debug|Any CPU
		{881346D4-D910-4A6D-8B52-98B7D9759A85}.DVD-5|Any CPU.Build.0 = Debug|Any CPU
		{881346D4-D910-4A6D-8B52-98B7D9759A85}.DVD-5|Mixed Platforms.ActiveCfg = Debug|Any CPU
		{881346D4-D910-4A6D-8B52-98B7D9759A85}.DVD-5|Mixed Platforms.Build.0 = Debug|Any CPU
		{881346D4-D910-4A6D-8B52-98B7D9759A85}.DVD-5|Win32.ActiveCfg = Debug|Any CPU
		{881346D4-D910-4A6D-8B52-98B7D9759A85}.DVD-5|x86.ActiveCfg = Debug|Any CPU
		{881346D4-D910-4A6D-8B52-98B7D9759A85}.Release without WIC|Any CPU.ActiveCfg = Release|Any CPU
		{881346D4-D910-4A6D-8B52-98B7D9759A85}.Release without WIC|Any CPU.Build.0 = Release|Any CPU
		{881346D4-D910-4A6D-8B52-98B7D9759A85}.Release without WIC|Mixed Platforms.ActiveCfg = Release|Any CPU
		{881346D4-D910-4A6D-8B52-98B7D9759A85}.Release without WIC|Mixed Platforms.Build.0 = Release|Any CPU
		{881346D4-D910-4A6D-8B52-98B7D9759A85}.Release without WIC|Win32.ActiveCfg = Release|Any CPU
		{881346D4-D910-4A6D-8B52-98B7D9759A85}.Release without WIC|x86.ActiveCfg = Release|Any CPU
		{881346D4-D910-4A6D-8B52-98B7D9759A85}.Release|Any CPU.ActiveCfg = Release|Any CPU
		{881346D4-D910-4A6D-8B52-98B7D9759A85}.Release|Any CPU.Build.0 = Release|Any CPU
		{881346D4-D910-4A6D-8B52-98B7D9759A85}.Release|Mixed Platforms.ActiveCfg = Release|Any CPU
		{881346D4-D910-4A6D-8B52-98B7D9759A85}.Release|Mixed Platforms.Build.0 = Release|Any CPU
		{881346D4-D910-4A6D-8B52-98B7D9759A85}.Release|Win32.ActiveCfg = Release|Any CPU
		{881346D4-D910-4A6D-8B52-98B7D9759A85}.Release|x86.ActiveCfg = Release|Any CPU
		{881346D4-D910-4A6D-8B52-98B7D9759A85}.SingleImage|Any CPU.ActiveCfg = Debug|Any CPU
		{881346D4-D910-4A6D-8B52-98B7D9759A85}.SingleImage|Any CPU.Build.0 = Debug|Any CPU
		{881346D4-D910-4A6D-8B52-98B7D9759A85}.SingleImage|Mixed Platforms.ActiveCfg = Debug|Any CPU
		{881346D4-D910-4A6D-8B52-98B7D9759A85}.SingleImage|Mixed Platforms.Build.0 = Debug|Any CPU
		{881346D4-D910-4A6D-8B52-98B7D9759A85}.SingleImage|Win32.ActiveCfg = Debug|Any CPU
		{881346D4-D910-4A6D-8B52-98B7D9759A85}.SingleImage|x86.ActiveCfg = Debug|Any CPU
		{192BFACE-1568-4AEC-BFB9-1423D7783036}.CD_ROM|Any CPU.ActiveCfg = Release|Any CPU
		{192BFACE-1568-4AEC-BFB9-1423D7783036}.CD_ROM|Any CPU.Build.0 = Release|Any CPU
		{192BFACE-1568-4AEC-BFB9-1423D7783036}.CD_ROM|Mixed Platforms.ActiveCfg = Release|Any CPU
		{192BFACE-1568-4AEC-BFB9-1423D7783036}.CD_ROM|Mixed Platforms.Build.0 = Release|Any CPU
		{192BFACE-1568-4AEC-BFB9-1423D7783036}.CD_ROM|Win32.ActiveCfg = Release|Any CPU
		{192BFACE-1568-4AEC-BFB9-1423D7783036}.CD_ROM|x86.ActiveCfg = Release|Any CPU
		{192BFACE-1568-4AEC-BFB9-1423D7783036}.Debug Designer|Any CPU.ActiveCfg = Debug|Any CPU
		{192BFACE-1568-4AEC-BFB9-1423D7783036}.Debug Designer|Any CPU.Build.0 = Debug|Any CPU
		{192BFACE-1568-4AEC-BFB9-1423D7783036}.Debug Designer|Mixed Platforms.ActiveCfg = Debug|Any CPU
		{192BFACE-1568-4AEC-BFB9-1423D7783036}.Debug Designer|Mixed Platforms.Build.0 = Debug|Any CPU
		{192BFACE-1568-4AEC-BFB9-1423D7783036}.Debug Designer|Win32.ActiveCfg = Debug|Any CPU
		{192BFACE-1568-4AEC-BFB9-1423D7783036}.Debug Designer|x86.ActiveCfg = Debug|Any CPU
		{192BFACE-1568-4AEC-BFB9-1423D7783036}.Debug|Any CPU.ActiveCfg = Debug|Any CPU
		{192BFACE-1568-4AEC-BFB9-1423D7783036}.Debug|Any CPU.Build.0 = Debug|Any CPU
		{192BFACE-1568-4AEC-BFB9-1423D7783036}.Debug|Mixed Platforms.ActiveCfg = Debug|Any CPU
		{192BFACE-1568-4AEC-BFB9-1423D7783036}.Debug|Mixed Platforms.Build.0 = Debug|Any CPU
		{192BFACE-1568-4AEC-BFB9-1423D7783036}.Debug|Win32.ActiveCfg = Debug|Any CPU
		{192BFACE-1568-4AEC-BFB9-1423D7783036}.Debug|x86.ActiveCfg = Debug|Any CPU
		{192BFACE-1568-4AEC-BFB9-1423D7783036}.DVD-5|Any CPU.ActiveCfg = Debug|Any CPU
		{192BFACE-1568-4AEC-BFB9-1423D7783036}.DVD-5|Any CPU.Build.0 = Debug|Any CPU
		{192BFACE-1568-4AEC-BFB9-1423D7783036}.DVD-5|Mixed Platforms.ActiveCfg = Debug|Any CPU
		{192BFACE-1568-4AEC-BFB9-1423D7783036}.DVD-5|Mixed Platforms.Build.0 = Debug|Any CPU
		{192BFACE-1568-4AEC-BFB9-1423D7783036}.DVD-5|Win32.ActiveCfg = Debug|Any CPU
		{192BFACE-1568-4AEC-BFB9-1423D7783036}.DVD-5|x86.ActiveCfg = Debug|Any CPU
		{192BFACE-1568-4AEC-BFB9-1423D7783036}.Release without WIC|Any CPU.ActiveCfg = Release|Any CPU
		{192BFACE-1568-4AEC-BFB9-1423D7783036}.Release without WIC|Any CPU.Build.0 = Release|Any CPU
		{192BFACE-1568-4AEC-BFB9-1423D7783036}.Release without WIC|Mixed Platforms.ActiveCfg = Release|Any CPU
		{192BFACE-1568-4AEC-BFB9-1423D7783036}.Release without WIC|Mixed Platforms.Build.0 = Release|Any CPU
		{192BFACE-1568-4AEC-BFB9-1423D7783036}.Release without WIC|Win32.ActiveCfg = Release|Any CPU
		{192BFACE-1568-4AEC-BFB9-1423D7783036}.Release without WIC|x86.ActiveCfg = Release|Any CPU
		{192BFACE-1568-4AEC-BFB9-1423D7783036}.Release|Any CPU.ActiveCfg = Release|Any CPU
		{192BFACE-1568-4AEC-BFB9-1423D7783036}.Release|Any CPU.Build.0 = Release|Any CPU
		{192BFACE-1568-4AEC-BFB9-1423D7783036}.Release|Mixed Platforms.ActiveCfg = Release|Any CPU
		{192BFACE-1568-4AEC-BFB9-1423D7783036}.Release|Mixed Platforms.Build.0 = Release|Any CPU
		{192BFACE-1568-4AEC-BFB9-1423D7783036}.Release|Win32.ActiveCfg = Release|Any CPU
		{192BFACE-1568-4AEC-BFB9-1423D7783036}.Release|x86.ActiveCfg = Release|Any CPU
		{192BFACE-1568-4AEC-BFB9-1423D7783036}.SingleImage|Any CPU.ActiveCfg = Release|Any CPU
		{192BFACE-1568-4AEC-BFB9-1423D7783036}.SingleImage|Any CPU.Build.0 = Release|Any CPU
		{192BFACE-1568-4AEC-BFB9-1423D7783036}.SingleImage|Mixed Platforms.ActiveCfg = Release|Any CPU
		{192BFACE-1568-4AEC-BFB9-1423D7783036}.SingleImage|Mixed Platforms.Build.0 = Release|Any CPU
		{192BFACE-1568-4AEC-BFB9-1423D7783036}.SingleImage|Win32.ActiveCfg = Release|Any CPU
		{192BFACE-1568-4AEC-BFB9-1423D7783036}.SingleImage|x86.ActiveCfg = Release|Any CPU
		{CD587988-F28E-45CE-8619-86804A6C79D7}.CD_ROM|Any CPU.ActiveCfg = Release|Any CPU
		{CD587988-F28E-45CE-8619-86804A6C79D7}.CD_ROM|Any CPU.Build.0 = Release|Any CPU
		{CD587988-F28E-45CE-8619-86804A6C79D7}.CD_ROM|Mixed Platforms.ActiveCfg = Release|Any CPU
		{CD587988-F28E-45CE-8619-86804A6C79D7}.CD_ROM|Mixed Platforms.Build.0 = Release|Any CPU
		{CD587988-F28E-45CE-8619-86804A6C79D7}.CD_ROM|Win32.ActiveCfg = Release|Any CPU
		{CD587988-F28E-45CE-8619-86804A6C79D7}.CD_ROM|x86.ActiveCfg = Release|Any CPU
		{CD587988-F28E-45CE-8619-86804A6C79D7}.Debug Designer|Any CPU.ActiveCfg = Debug|Any CPU
		{CD587988-F28E-45CE-8619-86804A6C79D7}.Debug Designer|Any CPU.Build.0 = Debug|Any CPU
		{CD587988-F28E-45CE-8619-86804A6C79D7}.Debug Designer|Mixed Platforms.ActiveCfg = Debug|Any CPU
		{CD587988-F28E-45CE-8619-86804A6C79D7}.Debug Designer|Mixed Platforms.Build.0 = Debug|Any CPU
		{CD587988-F28E-45CE-8619-86804A6C79D7}.Debug Designer|Win32.ActiveCfg = Debug|Any CPU
		{CD587988-F28E-45CE-8619-86804A6C79D7}.Debug Designer|x86.ActiveCfg = Debug|Any CPU
		{CD587988-F28E-45CE-8619-86804A6C79D7}.Debug|Any CPU.ActiveCfg = Debug|Any CPU
		{CD587988-F28E-45CE-8619-86804A6C79D7}.Debug|Any CPU.Build.0 = Debug|Any CPU
		{CD587988-F28E-45CE-8619-86804A6C79D7}.Debug|Mixed Platforms.ActiveCfg = Debug|Any CPU
		{CD587988-F28E-45CE-8619-86804A6C79D7}.Debug|Mixed Platforms.Build.0 = Debug|Any CPU
		{CD587988-F28E-45CE-8619-86804A6C79D7}.Debug|Win32.ActiveCfg = Debug|Any CPU
		{CD587988-F28E-45CE-8619-86804A6C79D7}.Debug|x86.ActiveCfg = Debug|Any CPU
		{CD587988-F28E-45CE-8619-86804A6C79D7}.DVD-5|Any CPU.ActiveCfg = Debug|Any CPU
		{CD587988-F28E-45CE-8619-86804A6C79D7}.DVD-5|Any CPU.Build.0 = Debug|Any CPU
		{CD587988-F28E-45CE-8619-86804A6C79D7}.DVD-5|Mixed Platforms.ActiveCfg = Debug|Any CPU
		{CD587988-F28E-45CE-8619-86804A6C79D7}.DVD-5|Mixed Platforms.Build.0 = Debug|Any CPU
		{CD587988-F28E-45CE-8619-86804A6C79D7}.DVD-5|Win32.ActiveCfg = Debug|Any CPU
		{CD587988-F28E-45CE-8619-86804A6C79D7}.DVD-5|x86.ActiveCfg = Debug|Any CPU
		{CD587988-F28E-45CE-8619-86804A6C79D7}.Release without WIC|Any CPU.ActiveCfg = Release|Any CPU
		{CD587988-F28E-45CE-8619-86804A6C79D7}.Release without WIC|Any CPU.Build.0 = Release|Any CPU
		{CD587988-F28E-45CE-8619-86804A6C79D7}.Release without WIC|Mixed Platforms.ActiveCfg = Release|Any CPU
		{CD587988-F28E-45CE-8619-86804A6C79D7}.Release without WIC|Mixed Platforms.Build.0 = Release|Any CPU
		{CD587988-F28E-45CE-8619-86804A6C79D7}.Release without WIC|Win32.ActiveCfg = Release|Any CPU
		{CD587988-F28E-45CE-8619-86804A6C79D7}.Release without WIC|x86.ActiveCfg = Release|Any CPU
		{CD587988-F28E-45CE-8619-86804A6C79D7}.Release|Any CPU.ActiveCfg = Release|Any CPU
		{CD587988-F28E-45CE-8619-86804A6C79D7}.Release|Any CPU.Build.0 = Release|Any CPU
		{CD587988-F28E-45CE-8619-86804A6C79D7}.Release|Mixed Platforms.ActiveCfg = Release|Any CPU
		{CD587988-F28E-45CE-8619-86804A6C79D7}.Release|Mixed Platforms.Build.0 = Release|Any CPU
		{CD587988-F28E-45CE-8619-86804A6C79D7}.Release|Win32.ActiveCfg = Release|Any CPU
		{CD587988-F28E-45CE-8619-86804A6C79D7}.Release|x86.ActiveCfg = Release|Any CPU
		{CD587988-F28E-45CE-8619-86804A6C79D7}.SingleImage|Any CPU.ActiveCfg = Release|Any CPU
		{CD587988-F28E-45CE-8619-86804A6C79D7}.SingleImage|Any CPU.Build.0 = Release|Any CPU
		{CD587988-F28E-45CE-8619-86804A6C79D7}.SingleImage|Mixed Platforms.ActiveCfg = Release|Any CPU
		{CD587988-F28E-45CE-8619-86804A6C79D7}.SingleImage|Mixed Platforms.Build.0 = Release|Any CPU
		{CD587988-F28E-45CE-8619-86804A6C79D7}.SingleImage|Win32.ActiveCfg = Release|Any CPU
		{CD587988-F28E-45CE-8619-86804A6C79D7}.SingleImage|x86.ActiveCfg = Release|Any CPU
		{C7B8A613-B0D8-49B4-B232-54A222E0095C}.CD_ROM|Any CPU.ActiveCfg = Release|Any CPU
		{C7B8A613-B0D8-49B4-B232-54A222E0095C}.CD_ROM|Any CPU.Build.0 = Release|Any CPU
		{C7B8A613-B0D8-49B4-B232-54A222E0095C}.CD_ROM|Mixed Platforms.ActiveCfg = Release|x86
		{C7B8A613-B0D8-49B4-B232-54A222E0095C}.CD_ROM|Mixed Platforms.Build.0 = Release|x86
		{C7B8A613-B0D8-49B4-B232-54A222E0095C}.CD_ROM|Win32.ActiveCfg = Release|x86
		{C7B8A613-B0D8-49B4-B232-54A222E0095C}.CD_ROM|Win32.Build.0 = Release|x86
		{C7B8A613-B0D8-49B4-B232-54A222E0095C}.CD_ROM|x86.ActiveCfg = Release|x86
		{C7B8A613-B0D8-49B4-B232-54A222E0095C}.CD_ROM|x86.Build.0 = Release|x86
		{C7B8A613-B0D8-49B4-B232-54A222E0095C}.Debug Designer|Any CPU.ActiveCfg = Debug|Any CPU
		{C7B8A613-B0D8-49B4-B232-54A222E0095C}.Debug Designer|Any CPU.Build.0 = Debug|Any CPU
		{C7B8A613-B0D8-49B4-B232-54A222E0095C}.Debug Designer|Mixed Platforms.ActiveCfg = Debug|x86
		{C7B8A613-B0D8-49B4-B232-54A222E0095C}.Debug Designer|Mixed Platforms.Build.0 = Debug|x86
		{C7B8A613-B0D8-49B4-B232-54A222E0095C}.Debug Designer|Win32.ActiveCfg = Debug|x86
		{C7B8A613-B0D8-49B4-B232-54A222E0095C}.Debug Designer|Win32.Build.0 = Debug|x86
		{C7B8A613-B0D8-49B4-B232-54A222E0095C}.Debug Designer|x86.ActiveCfg = Debug|x86
		{C7B8A613-B0D8-49B4-B232-54A222E0095C}.Debug Designer|x86.Build.0 = Debug|x86
		{C7B8A613-B0D8-49B4-B232-54A222E0095C}.Debug|Any CPU.ActiveCfg = Debug|Any CPU
		{C7B8A613-B0D8-49B4-B232-54A222E0095C}.Debug|Any CPU.Build.0 = Debug|Any CPU
		{C7B8A613-B0D8-49B4-B232-54A222E0095C}.Debug|Mixed Platforms.ActiveCfg = Debug|x86
		{C7B8A613-B0D8-49B4-B232-54A222E0095C}.Debug|Mixed Platforms.Build.0 = Debug|x86
		{C7B8A613-B0D8-49B4-B232-54A222E0095C}.Debug|Win32.ActiveCfg = Debug|x86
		{C7B8A613-B0D8-49B4-B232-54A222E0095C}.Debug|Win32.Build.0 = Debug|x86
		{C7B8A613-B0D8-49B4-B232-54A222E0095C}.Debug|x86.ActiveCfg = Debug|x86
		{C7B8A613-B0D8-49B4-B232-54A222E0095C}.Debug|x86.Build.0 = Debug|x86
		{C7B8A613-B0D8-49B4-B232-54A222E0095C}.DVD-5|Any CPU.ActiveCfg = Debug|Any CPU
		{C7B8A613-B0D8-49B4-B232-54A222E0095C}.DVD-5|Any CPU.Build.0 = Debug|Any CPU
		{C7B8A613-B0D8-49B4-B232-54A222E0095C}.DVD-5|Mixed Platforms.ActiveCfg = Debug|x86
		{C7B8A613-B0D8-49B4-B232-54A222E0095C}.DVD-5|Mixed Platforms.Build.0 = Debug|x86
		{C7B8A613-B0D8-49B4-B232-54A222E0095C}.DVD-5|Win32.ActiveCfg = Debug|x86
		{C7B8A613-B0D8-49B4-B232-54A222E0095C}.DVD-5|Win32.Build.0 = Debug|x86
		{C7B8A613-B0D8-49B4-B232-54A222E0095C}.DVD-5|x86.ActiveCfg = Debug|x86
		{C7B8A613-B0D8-49B4-B232-54A222E0095C}.DVD-5|x86.Build.0 = Debug|x86
		{C7B8A613-B0D8-49B4-B232-54A222E0095C}.Release without WIC|Any CPU.ActiveCfg = Release|Any CPU
		{C7B8A613-B0D8-49B4-B232-54A222E0095C}.Release without WIC|Any CPU.Build.0 = Release|Any CPU
		{C7B8A613-B0D8-49B4-B232-54A222E0095C}.Release without WIC|Mixed Platforms.ActiveCfg = Release|x86
		{C7B8A613-B0D8-49B4-B232-54A222E0095C}.Release without WIC|Mixed Platforms.Build.0 = Release|x86
		{C7B8A613-B0D8-49B4-B232-54A222E0095C}.Release without WIC|Win32.ActiveCfg = Release|x86
		{C7B8A613-B0D8-49B4-B232-54A222E0095C}.Release without WIC|Win32.Build.0 = Release|x86
		{C7B8A613-B0D8-49B4-B232-54A222E0095C}.Release without WIC|x86.ActiveCfg = Release|x86
		{C7B8A613-B0D8-49B4-B232-54A222E0095C}.Release without WIC|x86.Build.0 = Release|x86
		{C7B8A613-B0D8-49B4-B232-54A222E0095C}.Release|Any CPU.ActiveCfg = Release|Any CPU
		{C7B8A613-B0D8-49B4-B232-54A222E0095C}.Release|Any CPU.Build.0 = Release|Any CPU
		{C7B8A613-B0D8-49B4-B232-54A222E0095C}.Release|Mixed Platforms.ActiveCfg = Release|x86
		{C7B8A613-B0D8-49B4-B232-54A222E0095C}.Release|Mixed Platforms.Build.0 = Release|x86
		{C7B8A613-B0D8-49B4-B232-54A222E0095C}.Release|Win32.ActiveCfg = Release|x86
		{C7B8A613-B0D8-49B4-B232-54A222E0095C}.Release|Win32.Build.0 = Release|x86
		{C7B8A613-B0D8-49B4-B232-54A222E0095C}.Release|x86.ActiveCfg = Release|x86
		{C7B8A613-B0D8-49B4-B232-54A222E0095C}.Release|x86.Build.0 = Release|x86
		{C7B8A613-B0D8-49B4-B232-54A222E0095C}.SingleImage|Any CPU.ActiveCfg = Release|Any CPU
		{C7B8A613-B0D8-49B4-B232-54A222E0095C}.SingleImage|Any CPU.Build.0 = Release|Any CPU
		{C7B8A613-B0D8-49B4-B232-54A222E0095C}.SingleImage|Mixed Platforms.ActiveCfg = Release|x86
		{C7B8A613-B0D8-49B4-B232-54A222E0095C}.SingleImage|Mixed Platforms.Build.0 = Release|x86
		{C7B8A613-B0D8-49B4-B232-54A222E0095C}.SingleImage|Win32.ActiveCfg = Release|x86
		{C7B8A613-B0D8-49B4-B232-54A222E0095C}.SingleImage|Win32.Build.0 = Release|x86
		{C7B8A613-B0D8-49B4-B232-54A222E0095C}.SingleImage|x86.ActiveCfg = Release|x86
		{C7B8A613-B0D8-49B4-B232-54A222E0095C}.SingleImage|x86.Build.0 = Release|x86
		{B57BA18E-AFAF-4CCE-A71C-A2B2D0BD27AA}.CD_ROM|Any CPU.ActiveCfg = Release|Any CPU
		{B57BA18E-AFAF-4CCE-A71C-A2B2D0BD27AA}.CD_ROM|Any CPU.Build.0 = Release|Any CPU
		{B57BA18E-AFAF-4CCE-A71C-A2B2D0BD27AA}.CD_ROM|Mixed Platforms.ActiveCfg = Release|Any CPU
		{B57BA18E-AFAF-4CCE-A71C-A2B2D0BD27AA}.CD_ROM|Mixed Platforms.Build.0 = Release|Any CPU
		{B57BA18E-AFAF-4CCE-A71C-A2B2D0BD27AA}.CD_ROM|Win32.ActiveCfg = Release|Any CPU
		{B57BA18E-AFAF-4CCE-A71C-A2B2D0BD27AA}.CD_ROM|x86.ActiveCfg = Release|Any CPU
		{B57BA18E-AFAF-4CCE-A71C-A2B2D0BD27AA}.Debug Designer|Any CPU.ActiveCfg = Debug|Any CPU
		{B57BA18E-AFAF-4CCE-A71C-A2B2D0BD27AA}.Debug Designer|Any CPU.Build.0 = Debug|Any CPU
		{B57BA18E-AFAF-4CCE-A71C-A2B2D0BD27AA}.Debug Designer|Mixed Platforms.ActiveCfg = Debug|Any CPU
		{B57BA18E-AFAF-4CCE-A71C-A2B2D0BD27AA}.Debug Designer|Mixed Platforms.Build.0 = Debug|Any CPU
		{B57BA18E-AFAF-4CCE-A71C-A2B2D0BD27AA}.Debug Designer|Win32.ActiveCfg = Debug|Any CPU
		{B57BA18E-AFAF-4CCE-A71C-A2B2D0BD27AA}.Debug Designer|x86.ActiveCfg = Debug|Any CPU
		{B57BA18E-AFAF-4CCE-A71C-A2B2D0BD27AA}.Debug|Any CPU.ActiveCfg = Debug|Any CPU
		{B57BA18E-AFAF-4CCE-A71C-A2B2D0BD27AA}.Debug|Any CPU.Build.0 = Debug|Any CPU
		{B57BA18E-AFAF-4CCE-A71C-A2B2D0BD27AA}.Debug|Mixed Platforms.ActiveCfg = Debug|Any CPU
		{B57BA18E-AFAF-4CCE-A71C-A2B2D0BD27AA}.Debug|Mixed Platforms.Build.0 = Debug|Any CPU
		{B57BA18E-AFAF-4CCE-A71C-A2B2D0BD27AA}.Debug|Win32.ActiveCfg = Debug|Any CPU
		{B57BA18E-AFAF-4CCE-A71C-A2B2D0BD27AA}.Debug|x86.ActiveCfg = Debug|Any CPU
		{B57BA18E-AFAF-4CCE-A71C-A2B2D0BD27AA}.DVD-5|Any CPU.ActiveCfg = Debug|Any CPU
		{B57BA18E-AFAF-4CCE-A71C-A2B2D0BD27AA}.DVD-5|Any CPU.Build.0 = Debug|Any CPU
		{B57BA18E-AFAF-4CCE-A71C-A2B2D0BD27AA}.DVD-5|Mixed Platforms.ActiveCfg = Debug|Any CPU
		{B57BA18E-AFAF-4CCE-A71C-A2B2D0BD27AA}.DVD-5|Mixed Platforms.Build.0 = Debug|Any CPU
		{B57BA18E-AFAF-4CCE-A71C-A2B2D0BD27AA}.DVD-5|Win32.ActiveCfg = Debug|Any CPU
		{B57BA18E-AFAF-4CCE-A71C-A2B2D0BD27AA}.DVD-5|x86.ActiveCfg = Debug|Any CPU
		{B57BA18E-AFAF-4CCE-A71C-A2B2D0BD27AA}.Release without WIC|Any CPU.ActiveCfg = Release|Any CPU
		{B57BA18E-AFAF-4CCE-A71C-A2B2D0BD27AA}.Release without WIC|Any CPU.Build.0 = Release|Any CPU
		{B57BA18E-AFAF-4CCE-A71C-A2B2D0BD27AA}.Release without WIC|Mixed Platforms.ActiveCfg = Release|Any CPU
		{B57BA18E-AFAF-4CCE-A71C-A2B2D0BD27AA}.Release without WIC|Mixed Platforms.Build.0 = Release|Any CPU
		{B57BA18E-AFAF-4CCE-A71C-A2B2D0BD27AA}.Release without WIC|Win32.ActiveCfg = Release|Any CPU
		{B57BA18E-AFAF-4CCE-A71C-A2B2D0BD27AA}.Release without WIC|x86.ActiveCfg = Release|Any CPU
		{B57BA18E-AFAF-4CCE-A71C-A2B2D0BD27AA}.Release|Any CPU.ActiveCfg = Release|Any CPU
		{B57BA18E-AFAF-4CCE-A71C-A2B2D0BD27AA}.Release|Any CPU.Build.0 = Release|Any CPU
		{B57BA18E-AFAF-4CCE-A71C-A2B2D0BD27AA}.Release|Mixed Platforms.ActiveCfg = Release|Any CPU
		{B57BA18E-AFAF-4CCE-A71C-A2B2D0BD27AA}.Release|Win32.ActiveCfg = Release|Any CPU
		{B57BA18E-AFAF-4CCE-A71C-A2B2D0BD27AA}.Release|x86.ActiveCfg = Release|Any CPU
		{B57BA18E-AFAF-4CCE-A71C-A2B2D0BD27AA}.SingleImage|Any CPU.ActiveCfg = Release|Any CPU
		{B57BA18E-AFAF-4CCE-A71C-A2B2D0BD27AA}.SingleImage|Any CPU.Build.0 = Release|Any CPU
		{B57BA18E-AFAF-4CCE-A71C-A2B2D0BD27AA}.SingleImage|Mixed Platforms.ActiveCfg = Release|Any CPU
		{B57BA18E-AFAF-4CCE-A71C-A2B2D0BD27AA}.SingleImage|Mixed Platforms.Build.0 = Release|Any CPU
		{B57BA18E-AFAF-4CCE-A71C-A2B2D0BD27AA}.SingleImage|Win32.ActiveCfg = Release|Any CPU
		{B57BA18E-AFAF-4CCE-A71C-A2B2D0BD27AA}.SingleImage|x86.ActiveCfg = Release|Any CPU
		{6C951229-0A01-47B7-89B5-9317B025415B}.CD_ROM|Any CPU.ActiveCfg = Release|Any CPU
		{6C951229-0A01-47B7-89B5-9317B025415B}.CD_ROM|Any CPU.Build.0 = Release|Any CPU
		{6C951229-0A01-47B7-89B5-9317B025415B}.CD_ROM|Mixed Platforms.ActiveCfg = Release|Any CPU
		{6C951229-0A01-47B7-89B5-9317B025415B}.CD_ROM|Mixed Platforms.Build.0 = Release|Any CPU
		{6C951229-0A01-47B7-89B5-9317B025415B}.CD_ROM|Win32.ActiveCfg = Release|Any CPU
		{6C951229-0A01-47B7-89B5-9317B025415B}.CD_ROM|x86.ActiveCfg = Release|Any CPU
		{6C951229-0A01-47B7-89B5-9317B025415B}.Debug Designer|Any CPU.ActiveCfg = Debug|Any CPU
		{6C951229-0A01-47B7-89B5-9317B025415B}.Debug Designer|Any CPU.Build.0 = Debug|Any CPU
		{6C951229-0A01-47B7-89B5-9317B025415B}.Debug Designer|Mixed Platforms.ActiveCfg = Debug|Any CPU
		{6C951229-0A01-47B7-89B5-9317B025415B}.Debug Designer|Mixed Platforms.Build.0 = Debug|Any CPU
		{6C951229-0A01-47B7-89B5-9317B025415B}.Debug Designer|Win32.ActiveCfg = Debug|Any CPU
		{6C951229-0A01-47B7-89B5-9317B025415B}.Debug Designer|x86.ActiveCfg = Debug|Any CPU
		{6C951229-0A01-47B7-89B5-9317B025415B}.Debug|Any CPU.ActiveCfg = Debug|Any CPU
		{6C951229-0A01-47B7-89B5-9317B025415B}.Debug|Any CPU.Build.0 = Debug|Any CPU
		{6C951229-0A01-47B7-89B5-9317B025415B}.Debug|Mixed Platforms.ActiveCfg = Debug|Any CPU
		{6C951229-0A01-47B7-89B5-9317B025415B}.Debug|Mixed Platforms.Build.0 = Debug|Any CPU
		{6C951229-0A01-47B7-89B5-9317B025415B}.Debug|Win32.ActiveCfg = Debug|Any CPU
		{6C951229-0A01-47B7-89B5-9317B025415B}.Debug|x86.ActiveCfg = Debug|Any CPU
		{6C951229-0A01-47B7-89B5-9317B025415B}.DVD-5|Any CPU.ActiveCfg = Debug|Any CPU
		{6C951229-0A01-47B7-89B5-9317B025415B}.DVD-5|Any CPU.Build.0 = Debug|Any CPU
		{6C951229-0A01-47B7-89B5-9317B025415B}.DVD-5|Mixed Platforms.ActiveCfg = Debug|Any CPU
		{6C951229-0A01-47B7-89B5-9317B025415B}.DVD-5|Mixed Platforms.Build.0 = Debug|Any CPU
		{6C951229-0A01-47B7-89B5-9317B025415B}.DVD-5|Win32.ActiveCfg = Debug|Any CPU
		{6C951229-0A01-47B7-89B5-9317B025415B}.DVD-5|x86.ActiveCfg = Debug|Any CPU
		{6C951229-0A01-47B7-89B5-9317B025415B}.Release without WIC|Any CPU.ActiveCfg = Release|Any CPU
		{6C951229-0A01-47B7-89B5-9317B025415B}.Release without WIC|Any CPU.Build.0 = Release|Any CPU
		{6C951229-0A01-47B7-89B5-9317B025415B}.Release without WIC|Mixed Platforms.ActiveCfg = Release|Any CPU
		{6C951229-0A01-47B7-89B5-9317B025415B}.Release without WIC|Mixed Platforms.Build.0 = Release|Any CPU
		{6C951229-0A01-47B7-89B5-9317B025415B}.Release without WIC|Win32.ActiveCfg = Release|Any CPU
		{6C951229-0A01-47B7-89B5-9317B025415B}.Release without WIC|x86.ActiveCfg = Release|Any CPU
		{6C951229-0A01-47B7-89B5-9317B025415B}.Release|Any CPU.ActiveCfg = Release|Any CPU
		{6C951229-0A01-47B7-89B5-9317B025415B}.Release|Any CPU.Build.0 = Release|Any CPU
		{6C951229-0A01-47B7-89B5-9317B025415B}.Release|Mixed Platforms.ActiveCfg = Release|Any CPU
		{6C951229-0A01-47B7-89B5-9317B025415B}.Release|Mixed Platforms.Build.0 = Release|Any CPU
		{6C951229-0A01-47B7-89B5-9317B025415B}.Release|Win32.ActiveCfg = Release|Any CPU
		{6C951229-0A01-47B7-89B5-9317B025415B}.Release|x86.ActiveCfg = Release|Any CPU
		{6C951229-0A01-47B7-89B5-9317B025415B}.SingleImage|Any CPU.ActiveCfg = Release|Any CPU
		{6C951229-0A01-47B7-89B5-9317B025415B}.SingleImage|Any CPU.Build.0 = Release|Any CPU
		{6C951229-0A01-47B7-89B5-9317B025415B}.SingleImage|Mixed Platforms.ActiveCfg = Release|Any CPU
		{6C951229-0A01-47B7-89B5-9317B025415B}.SingleImage|Mixed Platforms.Build.0 = Release|Any CPU
		{6C951229-0A01-47B7-89B5-9317B025415B}.SingleImage|Win32.ActiveCfg = Release|Any CPU
		{6C951229-0A01-47B7-89B5-9317B025415B}.SingleImage|x86.ActiveCfg = Release|Any CPU
		{EC628C72-28E2-4CB4-8DA9-04B3E8A80098}.CD_ROM|Any CPU.ActiveCfg = Release|Any CPU
		{EC628C72-28E2-4CB4-8DA9-04B3E8A80098}.CD_ROM|Any CPU.Build.0 = Release|Any CPU
		{EC628C72-28E2-4CB4-8DA9-04B3E8A80098}.CD_ROM|Mixed Platforms.ActiveCfg = Release|Any CPU
		{EC628C72-28E2-4CB4-8DA9-04B3E8A80098}.CD_ROM|Mixed Platforms.Build.0 = Release|Any CPU
		{EC628C72-28E2-4CB4-8DA9-04B3E8A80098}.CD_ROM|Win32.ActiveCfg = Release|Any CPU
		{EC628C72-28E2-4CB4-8DA9-04B3E8A80098}.CD_ROM|x86.ActiveCfg = Release|Any CPU
		{EC628C72-28E2-4CB4-8DA9-04B3E8A80098}.Debug Designer|Any CPU.ActiveCfg = Debug|Any CPU
		{EC628C72-28E2-4CB4-8DA9-04B3E8A80098}.Debug Designer|Any CPU.Build.0 = Debug|Any CPU
		{EC628C72-28E2-4CB4-8DA9-04B3E8A80098}.Debug Designer|Mixed Platforms.ActiveCfg = Debug|Any CPU
		{EC628C72-28E2-4CB4-8DA9-04B3E8A80098}.Debug Designer|Mixed Platforms.Build.0 = Debug|Any CPU
		{EC628C72-28E2-4CB4-8DA9-04B3E8A80098}.Debug Designer|Win32.ActiveCfg = Debug|Any CPU
		{EC628C72-28E2-4CB4-8DA9-04B3E8A80098}.Debug Designer|x86.ActiveCfg = Debug|Any CPU
		{EC628C72-28E2-4CB4-8DA9-04B3E8A80098}.Debug|Any CPU.ActiveCfg = Debug|Any CPU
		{EC628C72-28E2-4CB4-8DA9-04B3E8A80098}.Debug|Any CPU.Build.0 = Debug|Any CPU
		{EC628C72-28E2-4CB4-8DA9-04B3E8A80098}.Debug|Mixed Platforms.ActiveCfg = Debug|Any CPU
		{EC628C72-28E2-4CB4-8DA9-04B3E8A80098}.Debug|Mixed Platforms.Build.0 = Debug|Any CPU
		{EC628C72-28E2-4CB4-8DA9-04B3E8A80098}.Debug|Win32.ActiveCfg = Debug|Any CPU
		{EC628C72-28E2-4CB4-8DA9-04B3E8A80098}.Debug|x86.ActiveCfg = Debug|Any CPU
		{EC628C72-28E2-4CB4-8DA9-04B3E8A80098}.DVD-5|Any CPU.ActiveCfg = Debug|Any CPU
		{EC628C72-28E2-4CB4-8DA9-04B3E8A80098}.DVD-5|Any CPU.Build.0 = Debug|Any CPU
		{EC628C72-28E2-4CB4-8DA9-04B3E8A80098}.DVD-5|Mixed Platforms.ActiveCfg = Debug|Any CPU
		{EC628C72-28E2-4CB4-8DA9-04B3E8A80098}.DVD-5|Mixed Platforms.Build.0 = Debug|Any CPU
		{EC628C72-28E2-4CB4-8DA9-04B3E8A80098}.DVD-5|Win32.ActiveCfg = Debug|Any CPU
		{EC628C72-28E2-4CB4-8DA9-04B3E8A80098}.DVD-5|x86.ActiveCfg = Debug|Any CPU
		{EC628C72-28E2-4CB4-8DA9-04B3E8A80098}.Release without WIC|Any CPU.ActiveCfg = Release|Any CPU
		{EC628C72-28E2-4CB4-8DA9-04B3E8A80098}.Release without WIC|Any CPU.Build.0 = Release|Any CPU
		{EC628C72-28E2-4CB4-8DA9-04B3E8A80098}.Release without WIC|Mixed Platforms.ActiveCfg = Release|Any CPU
		{EC628C72-28E2-4CB4-8DA9-04B3E8A80098}.Release without WIC|Mixed Platforms.Build.0 = Release|Any CPU
		{EC628C72-28E2-4CB4-8DA9-04B3E8A80098}.Release without WIC|Win32.ActiveCfg = Release|Any CPU
		{EC628C72-28E2-4CB4-8DA9-04B3E8A80098}.Release without WIC|x86.ActiveCfg = Release|Any CPU
		{EC628C72-28E2-4CB4-8DA9-04B3E8A80098}.Release|Any CPU.ActiveCfg = Release|Any CPU
		{EC628C72-28E2-4CB4-8DA9-04B3E8A80098}.Release|Any CPU.Build.0 = Release|Any CPU
		{EC628C72-28E2-4CB4-8DA9-04B3E8A80098}.Release|Mixed Platforms.ActiveCfg = Release|Any CPU
		{EC628C72-28E2-4CB4-8DA9-04B3E8A80098}.Release|Win32.ActiveCfg = Release|Any CPU
		{EC628C72-28E2-4CB4-8DA9-04B3E8A80098}.Release|x86.ActiveCfg = Release|Any CPU
		{EC628C72-28E2-4CB4-8DA9-04B3E8A80098}.SingleImage|Any CPU.ActiveCfg = Release|Any CPU
		{EC628C72-28E2-4CB4-8DA9-04B3E8A80098}.SingleImage|Any CPU.Build.0 = Release|Any CPU
		{EC628C72-28E2-4CB4-8DA9-04B3E8A80098}.SingleImage|Mixed Platforms.ActiveCfg = Release|Any CPU
		{EC628C72-28E2-4CB4-8DA9-04B3E8A80098}.SingleImage|Mixed Platforms.Build.0 = Release|Any CPU
		{EC628C72-28E2-4CB4-8DA9-04B3E8A80098}.SingleImage|Win32.ActiveCfg = Release|Any CPU
		{EC628C72-28E2-4CB4-8DA9-04B3E8A80098}.SingleImage|x86.ActiveCfg = Release|Any CPU
		{990AE10D-E77A-4742-BCAA-A52A9B7D1AF9}.CD_ROM|Any CPU.ActiveCfg = Release|x86
		{990AE10D-E77A-4742-BCAA-A52A9B7D1AF9}.CD_ROM|Mixed Platforms.ActiveCfg = Release|x86
		{990AE10D-E77A-4742-BCAA-A52A9B7D1AF9}.CD_ROM|Mixed Platforms.Build.0 = Release|x86
		{990AE10D-E77A-4742-BCAA-A52A9B7D1AF9}.CD_ROM|Win32.ActiveCfg = Release|x86
		{990AE10D-E77A-4742-BCAA-A52A9B7D1AF9}.CD_ROM|Win32.Build.0 = Release|x86
		{990AE10D-E77A-4742-BCAA-A52A9B7D1AF9}.CD_ROM|x86.ActiveCfg = Release|x86
		{990AE10D-E77A-4742-BCAA-A52A9B7D1AF9}.CD_ROM|x86.Build.0 = Release|x86
		{990AE10D-E77A-4742-BCAA-A52A9B7D1AF9}.Debug Designer|Any CPU.ActiveCfg = Debug|x86
		{990AE10D-E77A-4742-BCAA-A52A9B7D1AF9}.Debug Designer|Mixed Platforms.ActiveCfg = Debug|x86
		{990AE10D-E77A-4742-BCAA-A52A9B7D1AF9}.Debug Designer|Mixed Platforms.Build.0 = Debug|x86
		{990AE10D-E77A-4742-BCAA-A52A9B7D1AF9}.Debug Designer|Win32.ActiveCfg = Debug|x86
		{990AE10D-E77A-4742-BCAA-A52A9B7D1AF9}.Debug Designer|Win32.Build.0 = Debug|x86
		{990AE10D-E77A-4742-BCAA-A52A9B7D1AF9}.Debug Designer|x86.ActiveCfg = Debug|x86
		{990AE10D-E77A-4742-BCAA-A52A9B7D1AF9}.Debug Designer|x86.Build.0 = Debug|x86
		{990AE10D-E77A-4742-BCAA-A52A9B7D1AF9}.Debug|Any CPU.ActiveCfg = Debug|x86
		{990AE10D-E77A-4742-BCAA-A52A9B7D1AF9}.Debug|Mixed Platforms.ActiveCfg = Debug|x86
		{990AE10D-E77A-4742-BCAA-A52A9B7D1AF9}.Debug|Mixed Platforms.Build.0 = Debug|x86
		{990AE10D-E77A-4742-BCAA-A52A9B7D1AF9}.Debug|Win32.ActiveCfg = Debug|x86
		{990AE10D-E77A-4742-BCAA-A52A9B7D1AF9}.Debug|Win32.Build.0 = Debug|x86
		{990AE10D-E77A-4742-BCAA-A52A9B7D1AF9}.Debug|x86.ActiveCfg = Debug|x86
		{990AE10D-E77A-4742-BCAA-A52A9B7D1AF9}.Debug|x86.Build.0 = Debug|x86
		{990AE10D-E77A-4742-BCAA-A52A9B7D1AF9}.DVD-5|Any CPU.ActiveCfg = Debug|x86
		{990AE10D-E77A-4742-BCAA-A52A9B7D1AF9}.DVD-5|Mixed Platforms.ActiveCfg = Debug|x86
		{990AE10D-E77A-4742-BCAA-A52A9B7D1AF9}.DVD-5|Mixed Platforms.Build.0 = Debug|x86
		{990AE10D-E77A-4742-BCAA-A52A9B7D1AF9}.DVD-5|Win32.ActiveCfg = Debug|x86
		{990AE10D-E77A-4742-BCAA-A52A9B7D1AF9}.DVD-5|Win32.Build.0 = Debug|x86
		{990AE10D-E77A-4742-BCAA-A52A9B7D1AF9}.DVD-5|x86.ActiveCfg = Debug|x86
		{990AE10D-E77A-4742-BCAA-A52A9B7D1AF9}.DVD-5|x86.Build.0 = Debug|x86
		{990AE10D-E77A-4742-BCAA-A52A9B7D1AF9}.Release without WIC|Any CPU.ActiveCfg = Release|x86
		{990AE10D-E77A-4742-BCAA-A52A9B7D1AF9}.Release without WIC|Mixed Platforms.ActiveCfg = Release|x86
		{990AE10D-E77A-4742-BCAA-A52A9B7D1AF9}.Release without WIC|Mixed Platforms.Build.0 = Release|x86
		{990AE10D-E77A-4742-BCAA-A52A9B7D1AF9}.Release without WIC|Win32.ActiveCfg = Release|x86
		{990AE10D-E77A-4742-BCAA-A52A9B7D1AF9}.Release without WIC|Win32.Build.0 = Release|x86
		{990AE10D-E77A-4742-BCAA-A52A9B7D1AF9}.Release without WIC|x86.ActiveCfg = Release|x86
		{990AE10D-E77A-4742-BCAA-A52A9B7D1AF9}.Release without WIC|x86.Build.0 = Release|x86
		{990AE10D-E77A-4742-BCAA-A52A9B7D1AF9}.Release|Any CPU.ActiveCfg = Release|x86
		{990AE10D-E77A-4742-BCAA-A52A9B7D1AF9}.Release|Mixed Platforms.ActiveCfg = Release|x86
		{990AE10D-E77A-4742-BCAA-A52A9B7D1AF9}.Release|Mixed Platforms.Build.0 = Release|x86
		{990AE10D-E77A-4742-BCAA-A52A9B7D1AF9}.Release|Win32.ActiveCfg = Release|x86
		{990AE10D-E77A-4742-BCAA-A52A9B7D1AF9}.Release|Win32.Build.0 = Release|x86
		{990AE10D-E77A-4742-BCAA-A52A9B7D1AF9}.Release|x86.ActiveCfg = Release|x86
		{990AE10D-E77A-4742-BCAA-A52A9B7D1AF9}.Release|x86.Build.0 = Release|x86
		{990AE10D-E77A-4742-BCAA-A52A9B7D1AF9}.SingleImage|Any CPU.ActiveCfg = Release|x86
		{990AE10D-E77A-4742-BCAA-A52A9B7D1AF9}.SingleImage|Mixed Platforms.ActiveCfg = Release|x86
		{990AE10D-E77A-4742-BCAA-A52A9B7D1AF9}.SingleImage|Mixed Platforms.Build.0 = Release|x86
		{990AE10D-E77A-4742-BCAA-A52A9B7D1AF9}.SingleImage|Win32.ActiveCfg = Release|x86
		{990AE10D-E77A-4742-BCAA-A52A9B7D1AF9}.SingleImage|Win32.Build.0 = Release|x86
		{990AE10D-E77A-4742-BCAA-A52A9B7D1AF9}.SingleImage|x86.ActiveCfg = Release|x86
		{990AE10D-E77A-4742-BCAA-A52A9B7D1AF9}.SingleImage|x86.Build.0 = Release|x86
		{C1A28328-3DEC-4867-BB04-8AF251D8FC0B}.CD_ROM|Any CPU.ActiveCfg = Release|x86
		{C1A28328-3DEC-4867-BB04-8AF251D8FC0B}.CD_ROM|Mixed Platforms.ActiveCfg = Release|x86
		{C1A28328-3DEC-4867-BB04-8AF251D8FC0B}.CD_ROM|Mixed Platforms.Build.0 = Release|x86
		{C1A28328-3DEC-4867-BB04-8AF251D8FC0B}.CD_ROM|Win32.ActiveCfg = Release|x86
		{C1A28328-3DEC-4867-BB04-8AF251D8FC0B}.CD_ROM|Win32.Build.0 = Release|x86
		{C1A28328-3DEC-4867-BB04-8AF251D8FC0B}.CD_ROM|x86.ActiveCfg = Release|x86
		{C1A28328-3DEC-4867-BB04-8AF251D8FC0B}.CD_ROM|x86.Build.0 = Release|x86
		{C1A28328-3DEC-4867-BB04-8AF251D8FC0B}.Debug Designer|Any CPU.ActiveCfg = Debug|x86
		{C1A28328-3DEC-4867-BB04-8AF251D8FC0B}.Debug Designer|Mixed Platforms.ActiveCfg = Debug|x86
		{C1A28328-3DEC-4867-BB04-8AF251D8FC0B}.Debug Designer|Mixed Platforms.Build.0 = Debug|x86
		{C1A28328-3DEC-4867-BB04-8AF251D8FC0B}.Debug Designer|Win32.ActiveCfg = Debug|x86
		{C1A28328-3DEC-4867-BB04-8AF251D8FC0B}.Debug Designer|Win32.Build.0 = Debug|x86
		{C1A28328-3DEC-4867-BB04-8AF251D8FC0B}.Debug Designer|x86.ActiveCfg = Debug|x86
		{C1A28328-3DEC-4867-BB04-8AF251D8FC0B}.Debug Designer|x86.Build.0 = Debug|x86
		{C1A28328-3DEC-4867-BB04-8AF251D8FC0B}.Debug|Any CPU.ActiveCfg = Debug|x86
		{C1A28328-3DEC-4867-BB04-8AF251D8FC0B}.Debug|Mixed Platforms.ActiveCfg = Debug|x86
		{C1A28328-3DEC-4867-BB04-8AF251D8FC0B}.Debug|Mixed Platforms.Build.0 = Debug|x86
		{C1A28328-3DEC-4867-BB04-8AF251D8FC0B}.Debug|Win32.ActiveCfg = Debug|x86
		{C1A28328-3DEC-4867-BB04-8AF251D8FC0B}.Debug|Win32.Build.0 = Debug|x86
		{C1A28328-3DEC-4867-BB04-8AF251D8FC0B}.Debug|x86.ActiveCfg = Debug|x86
		{C1A28328-3DEC-4867-BB04-8AF251D8FC0B}.Debug|x86.Build.0 = Debug|x86
		{C1A28328-3DEC-4867-BB04-8AF251D8FC0B}.DVD-5|Any CPU.ActiveCfg = Debug|x86
		{C1A28328-3DEC-4867-BB04-8AF251D8FC0B}.DVD-5|Mixed Platforms.ActiveCfg = Debug|x86
		{C1A28328-3DEC-4867-BB04-8AF251D8FC0B}.DVD-5|Mixed Platforms.Build.0 = Debug|x86
		{C1A28328-3DEC-4867-BB04-8AF251D8FC0B}.DVD-5|Win32.ActiveCfg = Debug|x86
		{C1A28328-3DEC-4867-BB04-8AF251D8FC0B}.DVD-5|Win32.Build.0 = Debug|x86
		{C1A28328-3DEC-4867-BB04-8AF251D8FC0B}.DVD-5|x86.ActiveCfg = Debug|x86
		{C1A28328-3DEC-4867-BB04-8AF251D8FC0B}.DVD-5|x86.Build.0 = Debug|x86
		{C1A28328-3DEC-4867-BB04-8AF251D8FC0B}.Release without WIC|Any CPU.ActiveCfg = Release|x86
		{C1A28328-3DEC-4867-BB04-8AF251D8FC0B}.Release without WIC|Mixed Platforms.ActiveCfg = Release|x86
		{C1A28328-3DEC-4867-BB04-8AF251D8FC0B}.Release without WIC|Mixed Platforms.Build.0 = Release|x86
		{C1A28328-3DEC-4867-BB04-8AF251D8FC0B}.Release without WIC|Win32.ActiveCfg = Release|x86
		{C1A28328-3DEC-4867-BB04-8AF251D8FC0B}.Release without WIC|Win32.Build.0 = Release|x86
		{C1A28328-3DEC-4867-BB04-8AF251D8FC0B}.Release without WIC|x86.ActiveCfg = Release|x86
		{C1A28328-3DEC-4867-BB04-8AF251D8FC0B}.Release without WIC|x86.Build.0 = Release|x86
		{C1A28328-3DEC-4867-BB04-8AF251D8FC0B}.Release|Any CPU.ActiveCfg = Release|x86
		{C1A28328-3DEC-4867-BB04-8AF251D8FC0B}.Release|Mixed Platforms.ActiveCfg = Release|x86
		{C1A28328-3DEC-4867-BB04-8AF251D8FC0B}.Release|Mixed Platforms.Build.0 = Release|x86
		{C1A28328-3DEC-4867-BB04-8AF251D8FC0B}.Release|Win32.ActiveCfg = Release|x86
		{C1A28328-3DEC-4867-BB04-8AF251D8FC0B}.Release|Win32.Build.0 = Release|x86
		{C1A28328-3DEC-4867-BB04-8AF251D8FC0B}.Release|x86.ActiveCfg = Release|x86
		{C1A28328-3DEC-4867-BB04-8AF251D8FC0B}.Release|x86.Build.0 = Release|x86
		{C1A28328-3DEC-4867-BB04-8AF251D8FC0B}.SingleImage|Any CPU.ActiveCfg = Release|x86
		{C1A28328-3DEC-4867-BB04-8AF251D8FC0B}.SingleImage|Mixed Platforms.ActiveCfg = Release|x86
		{C1A28328-3DEC-4867-BB04-8AF251D8FC0B}.SingleImage|Mixed Platforms.Build.0 = Release|x86
		{C1A28328-3DEC-4867-BB04-8AF251D8FC0B}.SingleImage|Win32.ActiveCfg = Release|x86
		{C1A28328-3DEC-4867-BB04-8AF251D8FC0B}.SingleImage|Win32.Build.0 = Release|x86
		{C1A28328-3DEC-4867-BB04-8AF251D8FC0B}.SingleImage|x86.ActiveCfg = Release|x86
		{C1A28328-3DEC-4867-BB04-8AF251D8FC0B}.SingleImage|x86.Build.0 = Release|x86
		{B1D9FC7C-BA18-4247-9401-47EAEC7E31E5}.CD_ROM|Any CPU.ActiveCfg = Release|Any CPU
		{B1D9FC7C-BA18-4247-9401-47EAEC7E31E5}.CD_ROM|Any CPU.Build.0 = Release|Any CPU
		{B1D9FC7C-BA18-4247-9401-47EAEC7E31E5}.CD_ROM|Mixed Platforms.ActiveCfg = Release|Any CPU
		{B1D9FC7C-BA18-4247-9401-47EAEC7E31E5}.CD_ROM|Mixed Platforms.Build.0 = Release|Any CPU
		{B1D9FC7C-BA18-4247-9401-47EAEC7E31E5}.CD_ROM|Win32.ActiveCfg = Release|Any CPU
		{B1D9FC7C-BA18-4247-9401-47EAEC7E31E5}.CD_ROM|x86.ActiveCfg = Release|Any CPU
		{B1D9FC7C-BA18-4247-9401-47EAEC7E31E5}.Debug Designer|Any CPU.ActiveCfg = Debug|Any CPU
		{B1D9FC7C-BA18-4247-9401-47EAEC7E31E5}.Debug Designer|Any CPU.Build.0 = Debug|Any CPU
		{B1D9FC7C-BA18-4247-9401-47EAEC7E31E5}.Debug Designer|Mixed Platforms.ActiveCfg = Debug|Any CPU
		{B1D9FC7C-BA18-4247-9401-47EAEC7E31E5}.Debug Designer|Mixed Platforms.Build.0 = Debug|Any CPU
		{B1D9FC7C-BA18-4247-9401-47EAEC7E31E5}.Debug Designer|Win32.ActiveCfg = Debug|Any CPU
		{B1D9FC7C-BA18-4247-9401-47EAEC7E31E5}.Debug Designer|x86.ActiveCfg = Debug|Any CPU
		{B1D9FC7C-BA18-4247-9401-47EAEC7E31E5}.Debug|Any CPU.ActiveCfg = Debug|Any CPU
		{B1D9FC7C-BA18-4247-9401-47EAEC7E31E5}.Debug|Any CPU.Build.0 = Debug|Any CPU
		{B1D9FC7C-BA18-4247-9401-47EAEC7E31E5}.Debug|Mixed Platforms.ActiveCfg = Debug|Any CPU
		{B1D9FC7C-BA18-4247-9401-47EAEC7E31E5}.Debug|Mixed Platforms.Build.0 = Debug|Any CPU
		{B1D9FC7C-BA18-4247-9401-47EAEC7E31E5}.Debug|Win32.ActiveCfg = Debug|Any CPU
		{B1D9FC7C-BA18-4247-9401-47EAEC7E31E5}.Debug|x86.ActiveCfg = Debug|Any CPU
		{B1D9FC7C-BA18-4247-9401-47EAEC7E31E5}.DVD-5|Any CPU.ActiveCfg = Debug|Any CPU
		{B1D9FC7C-BA18-4247-9401-47EAEC7E31E5}.DVD-5|Any CPU.Build.0 = Debug|Any CPU
		{B1D9FC7C-BA18-4247-9401-47EAEC7E31E5}.DVD-5|Mixed Platforms.ActiveCfg = Debug|Any CPU
		{B1D9FC7C-BA18-4247-9401-47EAEC7E31E5}.DVD-5|Mixed Platforms.Build.0 = Debug|Any CPU
		{B1D9FC7C-BA18-4247-9401-47EAEC7E31E5}.DVD-5|Win32.ActiveCfg = Debug|Any CPU
		{B1D9FC7C-BA18-4247-9401-47EAEC7E31E5}.DVD-5|x86.ActiveCfg = Debug|Any CPU
		{B1D9FC7C-BA18-4247-9401-47EAEC7E31E5}.Release without WIC|Any CPU.ActiveCfg = Release|Any CPU
		{B1D9FC7C-BA18-4247-9401-47EAEC7E31E5}.Release without WIC|Any CPU.Build.0 = Release|Any CPU
		{B1D9FC7C-BA18-4247-9401-47EAEC7E31E5}.Release without WIC|Mixed Platforms.ActiveCfg = Release|Any CPU
		{B1D9FC7C-BA18-4247-9401-47EAEC7E31E5}.Release without WIC|Mixed Platforms.Build.0 = Release|Any CPU
		{B1D9FC7C-BA18-4247-9401-47EAEC7E31E5}.Release without WIC|Win32.ActiveCfg = Release|Any CPU
		{B1D9FC7C-BA18-4247-9401-47EAEC7E31E5}.Release without WIC|x86.ActiveCfg = Release|Any CPU
		{B1D9FC7C-BA18-4247-9401-47EAEC7E31E5}.Release|Any CPU.ActiveCfg = Release|Any CPU
		{B1D9FC7C-BA18-4247-9401-47EAEC7E31E5}.Release|Any CPU.Build.0 = Release|Any CPU
		{B1D9FC7C-BA18-4247-9401-47EAEC7E31E5}.Release|Mixed Platforms.ActiveCfg = Release|Any CPU
		{B1D9FC7C-BA18-4247-9401-47EAEC7E31E5}.Release|Mixed Platforms.Build.0 = Release|Any CPU
		{B1D9FC7C-BA18-4247-9401-47EAEC7E31E5}.Release|Win32.ActiveCfg = Release|Any CPU
		{B1D9FC7C-BA18-4247-9401-47EAEC7E31E5}.Release|x86.ActiveCfg = Release|Any CPU
		{B1D9FC7C-BA18-4247-9401-47EAEC7E31E5}.SingleImage|Any CPU.ActiveCfg = Release|Any CPU
		{B1D9FC7C-BA18-4247-9401-47EAEC7E31E5}.SingleImage|Any CPU.Build.0 = Release|Any CPU
		{B1D9FC7C-BA18-4247-9401-47EAEC7E31E5}.SingleImage|Mixed Platforms.ActiveCfg = Release|Any CPU
		{B1D9FC7C-BA18-4247-9401-47EAEC7E31E5}.SingleImage|Mixed Platforms.Build.0 = Release|Any CPU
		{B1D9FC7C-BA18-4247-9401-47EAEC7E31E5}.SingleImage|Win32.ActiveCfg = Release|Any CPU
		{B1D9FC7C-BA18-4247-9401-47EAEC7E31E5}.SingleImage|x86.ActiveCfg = Release|Any CPU
		{30611A98-4CE2-42B2-A10C-17765BF5D8F4}.CD_ROM|Any CPU.ActiveCfg = Release|Any CPU
		{30611A98-4CE2-42B2-A10C-17765BF5D8F4}.CD_ROM|Any CPU.Build.0 = Release|Any CPU
		{30611A98-4CE2-42B2-A10C-17765BF5D8F4}.CD_ROM|Mixed Platforms.ActiveCfg = Release|Any CPU
		{30611A98-4CE2-42B2-A10C-17765BF5D8F4}.CD_ROM|Mixed Platforms.Build.0 = Release|Any CPU
		{30611A98-4CE2-42B2-A10C-17765BF5D8F4}.CD_ROM|Win32.ActiveCfg = Release|Any CPU
		{30611A98-4CE2-42B2-A10C-17765BF5D8F4}.CD_ROM|x86.ActiveCfg = Release|Any CPU
		{30611A98-4CE2-42B2-A10C-17765BF5D8F4}.Debug Designer|Any CPU.ActiveCfg = Debug|Any CPU
		{30611A98-4CE2-42B2-A10C-17765BF5D8F4}.Debug Designer|Any CPU.Build.0 = Debug|Any CPU
		{30611A98-4CE2-42B2-A10C-17765BF5D8F4}.Debug Designer|Mixed Platforms.ActiveCfg = Debug|Any CPU
		{30611A98-4CE2-42B2-A10C-17765BF5D8F4}.Debug Designer|Mixed Platforms.Build.0 = Debug|Any CPU
		{30611A98-4CE2-42B2-A10C-17765BF5D8F4}.Debug Designer|Win32.ActiveCfg = Debug|Any CPU
		{30611A98-4CE2-42B2-A10C-17765BF5D8F4}.Debug Designer|x86.ActiveCfg = Debug|Any CPU
		{30611A98-4CE2-42B2-A10C-17765BF5D8F4}.Debug|Any CPU.ActiveCfg = Debug|Any CPU
		{30611A98-4CE2-42B2-A10C-17765BF5D8F4}.Debug|Any CPU.Build.0 = Debug|Any CPU
		{30611A98-4CE2-42B2-A10C-17765BF5D8F4}.Debug|Mixed Platforms.ActiveCfg = Debug|Any CPU
		{30611A98-4CE2-42B2-A10C-17765BF5D8F4}.Debug|Mixed Platforms.Build.0 = Debug|Any CPU
		{30611A98-4CE2-42B2-A10C-17765BF5D8F4}.Debug|Win32.ActiveCfg = Debug|Any CPU
		{30611A98-4CE2-42B2-A10C-17765BF5D8F4}.Debug|x86.ActiveCfg = Debug|Any CPU
		{30611A98-4CE2-42B2-A10C-17765BF5D8F4}.DVD-5|Any CPU.ActiveCfg = Debug|Any CPU
		{30611A98-4CE2-42B2-A10C-17765BF5D8F4}.DVD-5|Any CPU.Build.0 = Debug|Any CPU
		{30611A98-4CE2-42B2-A10C-17765BF5D8F4}.DVD-5|Mixed Platforms.ActiveCfg = Debug|Any CPU
		{30611A98-4CE2-42B2-A10C-17765BF5D8F4}.DVD-5|Mixed Platforms.Build.0 = Debug|Any CPU
		{30611A98-4CE2-42B2-A10C-17765BF5D8F4}.DVD-5|Win32.ActiveCfg = Debug|Any CPU
		{30611A98-4CE2-42B2-A10C-17765BF5D8F4}.DVD-5|x86.ActiveCfg = Debug|Any CPU
		{30611A98-4CE2-42B2-A10C-17765BF5D8F4}.Release without WIC|Any CPU.ActiveCfg = Release|Any CPU
		{30611A98-4CE2-42B2-A10C-17765BF5D8F4}.Release without WIC|Any CPU.Build.0 = Release|Any CPU
		{30611A98-4CE2-42B2-A10C-17765BF5D8F4}.Release without WIC|Mixed Platforms.ActiveCfg = Release|Any CPU
		{30611A98-4CE2-42B2-A10C-17765BF5D8F4}.Release without WIC|Mixed Platforms.Build.0 = Release|Any CPU
		{30611A98-4CE2-42B2-A10C-17765BF5D8F4}.Release without WIC|Win32.ActiveCfg = Release|Any CPU
		{30611A98-4CE2-42B2-A10C-17765BF5D8F4}.Release without WIC|x86.ActiveCfg = Release|Any CPU
		{30611A98-4CE2-42B2-A10C-17765BF5D8F4}.Release|Any CPU.ActiveCfg = Release|Any CPU
		{30611A98-4CE2-42B2-A10C-17765BF5D8F4}.Release|Any CPU.Build.0 = Release|Any CPU
		{30611A98-4CE2-42B2-A10C-17765BF5D8F4}.Release|Mixed Platforms.ActiveCfg = Release|Any CPU
		{30611A98-4CE2-42B2-A10C-17765BF5D8F4}.Release|Mixed Platforms.Build.0 = Release|Any CPU
		{30611A98-4CE2-42B2-A10C-17765BF5D8F4}.Release|Win32.ActiveCfg = Release|Any CPU
		{30611A98-4CE2-42B2-A10C-17765BF5D8F4}.Release|x86.ActiveCfg = Release|Any CPU
		{30611A98-4CE2-42B2-A10C-17765BF5D8F4}.SingleImage|Any CPU.ActiveCfg = Release|Any CPU
		{30611A98-4CE2-42B2-A10C-17765BF5D8F4}.SingleImage|Any CPU.Build.0 = Release|Any CPU
		{30611A98-4CE2-42B2-A10C-17765BF5D8F4}.SingleImage|Mixed Platforms.ActiveCfg = Release|Any CPU
		{30611A98-4CE2-42B2-A10C-17765BF5D8F4}.SingleImage|Mixed Platforms.Build.0 = Release|Any CPU
		{30611A98-4CE2-42B2-A10C-17765BF5D8F4}.SingleImage|Win32.ActiveCfg = Release|Any CPU
		{30611A98-4CE2-42B2-A10C-17765BF5D8F4}.SingleImage|x86.ActiveCfg = Release|Any CPU
		{D8EBEB43-6E6D-4B23-A2B9-BA390C962171}.CD_ROM|Any CPU.ActiveCfg = Release|Any CPU
		{D8EBEB43-6E6D-4B23-A2B9-BA390C962171}.CD_ROM|Any CPU.Build.0 = Release|Any CPU
		{D8EBEB43-6E6D-4B23-A2B9-BA390C962171}.CD_ROM|Mixed Platforms.ActiveCfg = Release|Any CPU
		{D8EBEB43-6E6D-4B23-A2B9-BA390C962171}.CD_ROM|Mixed Platforms.Build.0 = Release|Any CPU
		{D8EBEB43-6E6D-4B23-A2B9-BA390C962171}.CD_ROM|Win32.ActiveCfg = Release|Any CPU
		{D8EBEB43-6E6D-4B23-A2B9-BA390C962171}.CD_ROM|x86.ActiveCfg = Release|Any CPU
		{D8EBEB43-6E6D-4B23-A2B9-BA390C962171}.Debug Designer|Any CPU.ActiveCfg = Debug|Any CPU
		{D8EBEB43-6E6D-4B23-A2B9-BA390C962171}.Debug Designer|Any CPU.Build.0 = Debug|Any CPU
		{D8EBEB43-6E6D-4B23-A2B9-BA390C962171}.Debug Designer|Mixed Platforms.ActiveCfg = Debug|Any CPU
		{D8EBEB43-6E6D-4B23-A2B9-BA390C962171}.Debug Designer|Mixed Platforms.Build.0 = Debug|Any CPU
		{D8EBEB43-6E6D-4B23-A2B9-BA390C962171}.Debug Designer|Win32.ActiveCfg = Debug|Any CPU
		{D8EBEB43-6E6D-4B23-A2B9-BA390C962171}.Debug Designer|x86.ActiveCfg = Debug|Any CPU
		{D8EBEB43-6E6D-4B23-A2B9-BA390C962171}.Debug|Any CPU.ActiveCfg = Debug|Any CPU
		{D8EBEB43-6E6D-4B23-A2B9-BA390C962171}.Debug|Any CPU.Build.0 = Debug|Any CPU
		{D8EBEB43-6E6D-4B23-A2B9-BA390C962171}.Debug|Mixed Platforms.ActiveCfg = Debug|Any CPU
		{D8EBEB43-6E6D-4B23-A2B9-BA390C962171}.Debug|Mixed Platforms.Build.0 = Debug|Any CPU
		{D8EBEB43-6E6D-4B23-A2B9-BA390C962171}.Debug|Win32.ActiveCfg = Debug|Any CPU
		{D8EBEB43-6E6D-4B23-A2B9-BA390C962171}.Debug|x86.ActiveCfg = Debug|Any CPU
		{D8EBEB43-6E6D-4B23-A2B9-BA390C962171}.DVD-5|Any CPU.ActiveCfg = Debug|Any CPU
		{D8EBEB43-6E6D-4B23-A2B9-BA390C962171}.DVD-5|Any CPU.Build.0 = Debug|Any CPU
		{D8EBEB43-6E6D-4B23-A2B9-BA390C962171}.DVD-5|Mixed Platforms.ActiveCfg = Debug|Any CPU
		{D8EBEB43-6E6D-4B23-A2B9-BA390C962171}.DVD-5|Mixed Platforms.Build.0 = Debug|Any CPU
		{D8EBEB43-6E6D-4B23-A2B9-BA390C962171}.DVD-5|Win32.ActiveCfg = Debug|Any CPU
		{D8EBEB43-6E6D-4B23-A2B9-BA390C962171}.DVD-5|x86.ActiveCfg = Debug|Any CPU
		{D8EBEB43-6E6D-4B23-A2B9-BA390C962171}.Release without WIC|Any CPU.ActiveCfg = Release|Any CPU
		{D8EBEB43-6E6D-4B23-A2B9-BA390C962171}.Release without WIC|Any CPU.Build.0 = Release|Any CPU
		{D8EBEB43-6E6D-4B23-A2B9-BA390C962171}.Release without WIC|Mixed Platforms.ActiveCfg = Release|Any CPU
		{D8EBEB43-6E6D-4B23-A2B9-BA390C962171}.Release without WIC|Mixed Platforms.Build.0 = Release|Any CPU
		{D8EBEB43-6E6D-4B23-A2B9-BA390C962171}.Release without WIC|Win32.ActiveCfg = Release|Any CPU
		{D8EBEB43-6E6D-4B23-A2B9-BA390C962171}.Release without WIC|x86.ActiveCfg = Release|Any CPU
		{D8EBEB43-6E6D-4B23-A2B9-BA390C962171}.Release|Any CPU.ActiveCfg = Release|Any CPU
		{D8EBEB43-6E6D-4B23-A2B9-BA390C962171}.Release|Any CPU.Build.0 = Release|Any CPU
		{D8EBEB43-6E6D-4B23-A2B9-BA390C962171}.Release|Mixed Platforms.ActiveCfg = Release|Any CPU
		{D8EBEB43-6E6D-4B23-A2B9-BA390C962171}.Release|Mixed Platforms.Build.0 = Release|Any CPU
		{D8EBEB43-6E6D-4B23-A2B9-BA390C962171}.Release|Win32.ActiveCfg = Release|Any CPU
		{D8EBEB43-6E6D-4B23-A2B9-BA390C962171}.Release|x86.ActiveCfg = Release|Any CPU
		{D8EBEB43-6E6D-4B23-A2B9-BA390C962171}.SingleImage|Any CPU.ActiveCfg = Release|Any CPU
		{D8EBEB43-6E6D-4B23-A2B9-BA390C962171}.SingleImage|Any CPU.Build.0 = Release|Any CPU
		{D8EBEB43-6E6D-4B23-A2B9-BA390C962171}.SingleImage|Mixed Platforms.ActiveCfg = Release|Any CPU
		{D8EBEB43-6E6D-4B23-A2B9-BA390C962171}.SingleImage|Mixed Platforms.Build.0 = Release|Any CPU
		{D8EBEB43-6E6D-4B23-A2B9-BA390C962171}.SingleImage|Win32.ActiveCfg = Release|Any CPU
		{D8EBEB43-6E6D-4B23-A2B9-BA390C962171}.SingleImage|x86.ActiveCfg = Release|Any CPU
		{2E32611C-38BB-4FF7-94E7-EEAF6D9C26DF}.CD_ROM|Any CPU.ActiveCfg = Release|Any CPU
		{2E32611C-38BB-4FF7-94E7-EEAF6D9C26DF}.CD_ROM|Any CPU.Build.0 = Release|Any CPU
		{2E32611C-38BB-4FF7-94E7-EEAF6D9C26DF}.CD_ROM|Mixed Platforms.ActiveCfg = Release|Any CPU
		{2E32611C-38BB-4FF7-94E7-EEAF6D9C26DF}.CD_ROM|Mixed Platforms.Build.0 = Release|Any CPU
		{2E32611C-38BB-4FF7-94E7-EEAF6D9C26DF}.CD_ROM|Win32.ActiveCfg = Release|Any CPU
		{2E32611C-38BB-4FF7-94E7-EEAF6D9C26DF}.CD_ROM|x86.ActiveCfg = Release|Any CPU
		{2E32611C-38BB-4FF7-94E7-EEAF6D9C26DF}.Debug Designer|Any CPU.ActiveCfg = Debug|Any CPU
		{2E32611C-38BB-4FF7-94E7-EEAF6D9C26DF}.Debug Designer|Any CPU.Build.0 = Debug|Any CPU
		{2E32611C-38BB-4FF7-94E7-EEAF6D9C26DF}.Debug Designer|Mixed Platforms.ActiveCfg = Debug|Any CPU
		{2E32611C-38BB-4FF7-94E7-EEAF6D9C26DF}.Debug Designer|Mixed Platforms.Build.0 = Debug|Any CPU
		{2E32611C-38BB-4FF7-94E7-EEAF6D9C26DF}.Debug Designer|Win32.ActiveCfg = Debug|Any CPU
		{2E32611C-38BB-4FF7-94E7-EEAF6D9C26DF}.Debug Designer|x86.ActiveCfg = Debug|Any CPU
		{2E32611C-38BB-4FF7-94E7-EEAF6D9C26DF}.Debug|Any CPU.ActiveCfg = Debug|Any CPU
		{2E32611C-38BB-4FF7-94E7-EEAF6D9C26DF}.Debug|Any CPU.Build.0 = Debug|Any CPU
		{2E32611C-38BB-4FF7-94E7-EEAF6D9C26DF}.Debug|Mixed Platforms.ActiveCfg = Debug|Any CPU
		{2E32611C-38BB-4FF7-94E7-EEAF6D9C26DF}.Debug|Mixed Platforms.Build.0 = Debug|Any CPU
		{2E32611C-38BB-4FF7-94E7-EEAF6D9C26DF}.Debug|Win32.ActiveCfg = Debug|Any CPU
		{2E32611C-38BB-4FF7-94E7-EEAF6D9C26DF}.Debug|x86.ActiveCfg = Debug|Any CPU
		{2E32611C-38BB-4FF7-94E7-EEAF6D9C26DF}.DVD-5|Any CPU.ActiveCfg = Debug|Any CPU
		{2E32611C-38BB-4FF7-94E7-EEAF6D9C26DF}.DVD-5|Any CPU.Build.0 = Debug|Any CPU
		{2E32611C-38BB-4FF7-94E7-EEAF6D9C26DF}.DVD-5|Mixed Platforms.ActiveCfg = Debug|Any CPU
		{2E32611C-38BB-4FF7-94E7-EEAF6D9C26DF}.DVD-5|Mixed Platforms.Build.0 = Debug|Any CPU
		{2E32611C-38BB-4FF7-94E7-EEAF6D9C26DF}.DVD-5|Win32.ActiveCfg = Debug|Any CPU
		{2E32611C-38BB-4FF7-94E7-EEAF6D9C26DF}.DVD-5|x86.ActiveCfg = Debug|Any CPU
		{2E32611C-38BB-4FF7-94E7-EEAF6D9C26DF}.Release without WIC|Any CPU.ActiveCfg = Release|Any CPU
		{2E32611C-38BB-4FF7-94E7-EEAF6D9C26DF}.Release without WIC|Any CPU.Build.0 = Release|Any CPU
		{2E32611C-38BB-4FF7-94E7-EEAF6D9C26DF}.Release without WIC|Mixed Platforms.ActiveCfg = Release|Any CPU
		{2E32611C-38BB-4FF7-94E7-EEAF6D9C26DF}.Release without WIC|Mixed Platforms.Build.0 = Release|Any CPU
		{2E32611C-38BB-4FF7-94E7-EEAF6D9C26DF}.Release without WIC|Win32.ActiveCfg = Release|Any CPU
		{2E32611C-38BB-4FF7-94E7-EEAF6D9C26DF}.Release without WIC|x86.ActiveCfg = Release|Any CPU
		{2E32611C-38BB-4FF7-94E7-EEAF6D9C26DF}.Release|Any CPU.ActiveCfg = Release|Any CPU
		{2E32611C-38BB-4FF7-94E7-EEAF6D9C26DF}.Release|Any CPU.Build.0 = Release|Any CPU
		{2E32611C-38BB-4FF7-94E7-EEAF6D9C26DF}.Release|Mixed Platforms.ActiveCfg = Release|Any CPU
		{2E32611C-38BB-4FF7-94E7-EEAF6D9C26DF}.Release|Mixed Platforms.Build.0 = Release|Any CPU
		{2E32611C-38BB-4FF7-94E7-EEAF6D9C26DF}.Release|Win32.ActiveCfg = Release|Any CPU
		{2E32611C-38BB-4FF7-94E7-EEAF6D9C26DF}.Release|x86.ActiveCfg = Release|Any CPU
		{2E32611C-38BB-4FF7-94E7-EEAF6D9C26DF}.SingleImage|Any CPU.ActiveCfg = Release|Any CPU
		{2E32611C-38BB-4FF7-94E7-EEAF6D9C26DF}.SingleImage|Any CPU.Build.0 = Release|Any CPU
		{2E32611C-38BB-4FF7-94E7-EEAF6D9C26DF}.SingleImage|Mixed Platforms.ActiveCfg = Release|Any CPU
		{2E32611C-38BB-4FF7-94E7-EEAF6D9C26DF}.SingleImage|Mixed Platforms.Build.0 = Release|Any CPU
		{2E32611C-38BB-4FF7-94E7-EEAF6D9C26DF}.SingleImage|Win32.ActiveCfg = Release|Any CPU
		{2E32611C-38BB-4FF7-94E7-EEAF6D9C26DF}.SingleImage|x86.ActiveCfg = Release|Any CPU
	EndGlobalSection
	GlobalSection(SolutionProperties) = preSolution
		HideSolutionNode = FALSE
	EndGlobalSection
	GlobalSection(NestedProjects) = preSolution
		{C7B8A613-B0D8-49B4-B232-54A222E0095C} = {B7B3F6C7-0019-4EAA-9A3A-00BC0997D6A6}
		{B57BA18E-AFAF-4CCE-A71C-A2B2D0BD27AA} = {B7B3F6C7-0019-4EAA-9A3A-00BC0997D6A6}
		{6C951229-0A01-47B7-89B5-9317B025415B} = {ACCFEFD0-E8B2-42FC-8DA6-CADBCCB9B0F7}
		{EC628C72-28E2-4CB4-8DA9-04B3E8A80098} = {ACCFEFD0-E8B2-42FC-8DA6-CADBCCB9B0F7}
		{990AE10D-E77A-4742-BCAA-A52A9B7D1AF9} = {ACCFEFD0-E8B2-42FC-8DA6-CADBCCB9B0F7}
		{C1A28328-3DEC-4867-BB04-8AF251D8FC0B} = {ACCFEFD0-E8B2-42FC-8DA6-CADBCCB9B0F7}
		{973E45FC-0ABC-4438-8181-DF93FB683429} = {D0C07C12-52E8-4171-83D5-66660A089341}
		{B41B2A00-165A-45B6-9DD2-CDB0F22A4782} = {D0C07C12-52E8-4171-83D5-66660A089341}
		{AE08C46E-B542-43D1-BBF5-2D555ED9C1B2} = {D0C07C12-52E8-4171-83D5-66660A089341}
		{59FA1002-03AE-4DDA-B625-267576FA629A} = {D0C07C12-52E8-4171-83D5-66660A089341}
		{881346D4-D910-4A6D-8B52-98B7D9759A85} = {D0C07C12-52E8-4171-83D5-66660A089341}
		{192BFACE-1568-4AEC-BFB9-1423D7783036} = {D0C07C12-52E8-4171-83D5-66660A089341}
		{CD587988-F28E-45CE-8619-86804A6C79D7} = {82E503A6-489F-479A-A1E6-F9F6B1467164}
		{B1D9FC7C-BA18-4247-9401-47EAEC7E31E5} = {82E503A6-489F-479A-A1E6-F9F6B1467164}
		{30611A98-4CE2-42B2-A10C-17765BF5D8F4} = {82E503A6-489F-479A-A1E6-F9F6B1467164}
		{D8EBEB43-6E6D-4B23-A2B9-BA390C962171} = {82E503A6-489F-479A-A1E6-F9F6B1467164}
		{2E32611C-38BB-4FF7-94E7-EEAF6D9C26DF} = {82E503A6-489F-479A-A1E6-F9F6B1467164}
	EndGlobalSection
EndGlobal
