
Microsoft Visual Studio Solution File, Format Version 11.00
# Visual Studio 2010
Project("{FAE04EC0-301F-11D3-BF4B-00C04F79EFBC}") = "StationSetup", "StationSetup\StationSetup.csproj", "{F28E6912-415E-4808-B973-F0E19B31EEB6}"
EndProject
Global
	GlobalSection(SolutionConfigurationPlatforms) = preSolution
		Debug|x86 = Debug|x86
		Release|x86 = Release|x86
	EndGlobalSection
	GlobalSection(ProjectConfigurationPlatforms) = postSolution
		{F28E6912-415E-4808-B973-F0E19B31EEB6}.Debug|x86.ActiveCfg = Debug|x86
		{F28E6912-415E-4808-B973-F0E19B31EEB6}.Debug|x86.Build.0 = Debug|x86
		{F28E6912-415E-4808-B973-F0E19B31EEB6}.Release|x86.ActiveCfg = Release|x86
		{F28E6912-415E-4808-B973-F0E19B31EEB6}.Release|x86.Build.0 = Release|x86
	EndGlobalSection
	GlobalSection(SolutionProperties) = preSolution
		HideSolutionNode = FALSE
	EndGlobalSection
EndGlobal
